// !$*UTF8*$!
{
	archiveVersion = 1;
	classes = {
	};
	objectVersion = 46;
	objects = {

/* Begin PBXBuildFile section */
		9E9EEC1875A034202F52C155 /* libPods-YH-IOS.a in Frameworks */ = {isa = PBXBuildFile; fileRef = 6A867606F7216FABE6624278 /* libPods-YH-IOS.a */; };
		C40D06B21C917BF80029D142 /* TFHpple.m in Sources */ = {isa = PBXBuildFile; fileRef = C40D06AD1C917BF80029D142 /* TFHpple.m */; };
		C40D06B31C917BF80029D142 /* TFHppleElement.m in Sources */ = {isa = PBXBuildFile; fileRef = C40D06AF1C917BF80029D142 /* TFHppleElement.m */; };
		C40D06B41C917BF80029D142 /* XPathQuery.m in Sources */ = {isa = PBXBuildFile; fileRef = C40D06B11C917BF80029D142 /* XPathQuery.m */; };
		C41E4FA61C0FE00A00E1B514 /* PgySDK.framework in Frameworks */ = {isa = PBXBuildFile; fileRef = C41E4FA41C0FE00A00E1B514 /* PgySDK.framework */; };
		C41E4FA71C0FE00A00E1B514 /* PgyUpdate.framework in Frameworks */ = {isa = PBXBuildFile; fileRef = C41E4FA51C0FE00A00E1B514 /* PgyUpdate.framework */; };
		C4272CC81C5C752B00E6971B /* README.md in Sources */ = {isa = PBXBuildFile; fileRef = C4272CC71C5C752A00E6971B /* README.md */; };
		C4272CCA1C5CBA4700E6971B /* loading.zip in Resources */ = {isa = PBXBuildFile; fileRef = C4272CC91C5CBA4700E6971B /* loading.zip */; };
		C4379B571C18232D0058257A /* User.m in Sources */ = {isa = PBXBuildFile; fileRef = C4379B561C18232D0058257A /* User.m */; };
		C4448C6C1C0AE3030053B431 /* HttpUtils.m in Sources */ = {isa = PBXBuildFile; fileRef = C4448C6B1C0AE3030053B431 /* HttpUtils.m */; };
		C45D27111C23FC490087C6F2 /* OpenUDID.m in Sources */ = {isa = PBXBuildFile; fileRef = C45D270F1C23FC490087C6F2 /* OpenUDID.m */; };
		C45D27121C23FC490087C6F2 /* README.md in Sources */ = {isa = PBXBuildFile; fileRef = C45D27101C23FC490087C6F2 /* README.md */; };
		C4771BA61C058A1800AAF44F /* libxml2.tbd in Frameworks */ = {isa = PBXBuildFile; fileRef = C4771BA51C058A1800AAF44F /* libxml2.tbd */; };
		C4771BA91C058A7B00AAF44F /* PgySDK.framework in Frameworks */ = {isa = PBXBuildFile; fileRef = C4771BA71C058A7B00AAF44F /* PgySDK.framework */; };
		C4771BAA1C058A7B00AAF44F /* PgyUpdate.framework in Frameworks */ = {isa = PBXBuildFile; fileRef = C4771BA81C058A7B00AAF44F /* PgyUpdate.framework */; };
		C4771BAC1C058C4400AAF44F /* SystemConfiguration.framework in Frameworks */ = {isa = PBXBuildFile; fileRef = C4771BAB1C058C4400AAF44F /* SystemConfiguration.framework */; };
		C4771BAE1C058C6600AAF44F /* AVFoundation.framework in Frameworks */ = {isa = PBXBuildFile; fileRef = C4771BAD1C058C6600AAF44F /* AVFoundation.framework */; };
		C4771BB01C058C6F00AAF44F /* AudioToolbox.framework in Frameworks */ = {isa = PBXBuildFile; fileRef = C4771BAF1C058C6F00AAF44F /* AudioToolbox.framework */; };
		C4771BB21C058C7C00AAF44F /* CoreMotion.framework in Frameworks */ = {isa = PBXBuildFile; fileRef = C4771BB11C058C7C00AAF44F /* CoreMotion.framework */; };
		C4771BB41C058C8400AAF44F /* OpenGLES.framework in Frameworks */ = {isa = PBXBuildFile; fileRef = C4771BB31C058C8400AAF44F /* OpenGLES.framework */; };
		C4771BB61C058C9000AAF44F /* CoreTelephony.framework in Frameworks */ = {isa = PBXBuildFile; fileRef = C4771BB51C058C9000AAF44F /* CoreTelephony.framework */; };
		C488E6A11C0ED9F600EB946D /* APIHelper.m in Sources */ = {isa = PBXBuildFile; fileRef = C488E6A01C0ED9F600EB946D /* APIHelper.m */; };
		C488E6A61C0F03C800EB946D /* BaseViewController.m in Sources */ = {isa = PBXBuildFile; fileRef = C488E6A51C0F03C800EB946D /* BaseViewController.m */; };
		C48C03CA1CABB27B000D9D22 /* libUMessage_Sdk_1.2.6.a in Frameworks */ = {isa = PBXBuildFile; fileRef = C48C03C81CABB27B000D9D22 /* libUMessage_Sdk_1.2.6.a */; };
		C48DC6FF1C1E8FDD00CECB95 /* Version.m in Sources */ = {isa = PBXBuildFile; fileRef = C48DC6FC1C1E8FDD00CECB95 /* Version.m */; };
		C499E8A31C3262240033BF6C /* ResetPasswordViewController.m in Sources */ = {isa = PBXBuildFile; fileRef = C499E8A21C3262240033BF6C /* ResetPasswordViewController.m */; };
		C49E1AB31C19632000CFFE3C /* SettingViewController.m in Sources */ = {isa = PBXBuildFile; fileRef = C49E1AB21C19632000CFFE3C /* SettingViewController.m */; };
		C49E1AB71C196B5400CFFE3C /* ViewUtils.m in Sources */ = {isa = PBXBuildFile; fileRef = C49E1AB61C196B5400CFFE3C /* ViewUtils.m */; };
		C4A564E31C2CECC10067516F /* NSData+MD5.m in Sources */ = {isa = PBXBuildFile; fileRef = C4A564DC1C2CECC10067516F /* NSData+MD5.m */; };
		C4A564E41C2CECC10067516F /* UIColor+Hex.m in Sources */ = {isa = PBXBuildFile; fileRef = C4A564DF1C2CECC10067516F /* UIColor+Hex.m */; };
		C4A564E51C2CECC10067516F /* UIWebView+Clean.m in Sources */ = {isa = PBXBuildFile; fileRef = C4A564E21C2CECC10067516F /* UIWebView+Clean.m */; };
		C4BA6EA41C7DB24A0059F101 /* FileUtils+Assets.m in Sources */ = {isa = PBXBuildFile; fileRef = C4BA6EA31C7DB24A0059F101 /* FileUtils+Assets.m */; };
		C4C628431C0C1ED6000AD5D8 /* SubjectViewController.m in Sources */ = {isa = PBXBuildFile; fileRef = C4C6283C1C0C1ED6000AD5D8 /* SubjectViewController.m */; };
		C4C628441C0C1ED6000AD5D8 /* DashboardViewController.m in Sources */ = {isa = PBXBuildFile; fileRef = C4C6283F1C0C1ED6000AD5D8 /* DashboardViewController.m */; };
		C4C628451C0C1ED6000AD5D8 /* LoginViewController.m in Sources */ = {isa = PBXBuildFile; fileRef = C4C628421C0C1ED6000AD5D8 /* LoginViewController.m */; };
		C4CF3B581C1AC75C00F58E1E /* CommentViewController.m in Sources */ = {isa = PBXBuildFile; fileRef = C4CF3B571C1AC75C00F58E1E /* CommentViewController.m */; };
		C4DB7D781C02EC0500DA534E /* main.m in Sources */ = {isa = PBXBuildFile; fileRef = C4DB7D771C02EC0500DA534E /* main.m */; };
		C4DB7D811C02EC0500DA534E /* Main.storyboard in Resources */ = {isa = PBXBuildFile; fileRef = C4DB7D7F1C02EC0500DA534E /* Main.storyboard */; };
		C4DB7D831C02EC0500DA534E /* Assets.xcassets in Resources */ = {isa = PBXBuildFile; fileRef = C4DB7D821C02EC0500DA534E /* Assets.xcassets */; };
		C4DB7D861C02EC0500DA534E /* LaunchScreen.storyboard in Resources */ = {isa = PBXBuildFile; fileRef = C4DB7D841C02EC0500DA534E /* LaunchScreen.storyboard */; };
		C4DB7D911C02EC0600DA534E /* YH_IOSTests.m in Sources */ = {isa = PBXBuildFile; fileRef = C4DB7D901C02EC0600DA534E /* YH_IOSTests.m */; };
		C4DB7D9C1C02EC0600DA534E /* YH_IOSUITests.m in Sources */ = {isa = PBXBuildFile; fileRef = C4DB7D9B1C02EC0600DA534E /* YH_IOSUITests.m */; };
		C4DB7DB01C02EC3D00DA534E /* AppDelegate.m in Sources */ = {isa = PBXBuildFile; fileRef = C4DB7DAE1C02EC3D00DA534E /* AppDelegate.m */; };
		C4DB7DC11C02EE3800DA534E /* DateUtils.m in Sources */ = {isa = PBXBuildFile; fileRef = C4DB7DB81C02EE3800DA534E /* DateUtils.m */; };
		C4DB7DC21C02EE3800DA534E /* ExtendNSLogFunctionality.m in Sources */ = {isa = PBXBuildFile; fileRef = C4DB7DBA1C02EE3800DA534E /* ExtendNSLogFunctionality.m */; };
		C4DB7DC31C02EE3800DA534E /* FileUtils.m in Sources */ = {isa = PBXBuildFile; fileRef = C4DB7DBD1C02EE3800DA534E /* FileUtils.m */; };
		C4DB7DCE1C02EE8E00DA534E /* BaseModel.m in Sources */ = {isa = PBXBuildFile; fileRef = C4DB7DCA1C02EE8E00DA534E /* BaseModel.m */; };
		C4DB7DCF1C02EE8E00DA534E /* HttpResponse.m in Sources */ = {isa = PBXBuildFile; fileRef = C4DB7DCD1C02EE8E00DA534E /* HttpResponse.m */; };
		C4ECB2801C3119E900F7947B /* NSString+MD5.m in Sources */ = {isa = PBXBuildFile; fileRef = C4ECB27F1C3119E900F7947B /* NSString+MD5.m */; };
		C4EFE4AF1C98F60A0009411A /* fonts.zip in Resources */ = {isa = PBXBuildFile; fileRef = C4EFE4AA1C98F60A0009411A /* fonts.zip */; };
		C4EFE4B01C98F60A0009411A /* stylesheets.zip in Resources */ = {isa = PBXBuildFile; fileRef = C4EFE4AB1C98F60A0009411A /* stylesheets.zip */; };
		C4EFE4B11C98F60A0009411A /* javascripts.zip in Resources */ = {isa = PBXBuildFile; fileRef = C4EFE4AC1C98F60A0009411A /* javascripts.zip */; };
		C4EFE4B21C98F60A0009411A /* images.zip in Resources */ = {isa = PBXBuildFile; fileRef = C4EFE4AD1C98F60A0009411A /* images.zip */; };
		C4EFE4B31C98F60A0009411A /* assets.zip in Resources */ = {isa = PBXBuildFile; fileRef = C4EFE4AE1C98F60A0009411A /* assets.zip */; };
		C4EFE4BC1C99812B0009411A /* WebViewJavascriptBridge.js.txt in Resources */ = {isa = PBXBuildFile; fileRef = C4EFE4B61C99812B0009411A /* WebViewJavascriptBridge.js.txt */; };
		C4EFE4BD1C99812B0009411A /* WebViewJavascriptBridge.m in Sources */ = {isa = PBXBuildFile; fileRef = C4EFE4B71C99812B0009411A /* WebViewJavascriptBridge.m */; };
		C4EFE4BE1C99812B0009411A /* WebViewJavascriptBridgeBase.m in Sources */ = {isa = PBXBuildFile; fileRef = C4EFE4B91C99812B0009411A /* WebViewJavascriptBridgeBase.m */; };
		C4EFE4BF1C99812B0009411A /* WKWebViewJavascriptBridge.m in Sources */ = {isa = PBXBuildFile; fileRef = C4EFE4BB1C99812B0009411A /* WKWebViewJavascriptBridge.m */; };
/* End PBXBuildFile section */

/* Begin PBXContainerItemProxy section */
		C4DB7D8D1C02EC0600DA534E /* PBXContainerItemProxy */ = {
			isa = PBXContainerItemProxy;
			containerPortal = C4DB7D6B1C02EC0500DA534E /* Project object */;
			proxyType = 1;
			remoteGlobalIDString = C4DB7D721C02EC0500DA534E;
			remoteInfo = "YH-IOS";
		};
		C4DB7D981C02EC0600DA534E /* PBXContainerItemProxy */ = {
			isa = PBXContainerItemProxy;
			containerPortal = C4DB7D6B1C02EC0500DA534E /* Project object */;
			proxyType = 1;
			remoteGlobalIDString = C4DB7D721C02EC0500DA534E;
			remoteInfo = "YH-IOS";
		};
/* End PBXContainerItemProxy section */

/* Begin PBXFileReference section */
		12271BD9C7ACC15E638BF692 /* Pods-YH-IOS.release.xcconfig */ = {isa = PBXFileReference; includeInIndex = 1; lastKnownFileType = text.xcconfig; name = "Pods-YH-IOS.release.xcconfig"; path = "Pods/Target Support Files/Pods-YH-IOS/Pods-YH-IOS.release.xcconfig"; sourceTree = "<group>"; };
		6A867606F7216FABE6624278 /* libPods-YH-IOS.a */ = {isa = PBXFileReference; explicitFileType = archive.ar; includeInIndex = 0; path = "libPods-YH-IOS.a"; sourceTree = BUILT_PRODUCTS_DIR; };
		766890D48B9541057B438511 /* Pods-YH-IOS.debug.xcconfig */ = {isa = PBXFileReference; includeInIndex = 1; lastKnownFileType = text.xcconfig; name = "Pods-YH-IOS.debug.xcconfig"; path = "Pods/Target Support Files/Pods-YH-IOS/Pods-YH-IOS.debug.xcconfig"; sourceTree = "<group>"; };
		C40D06AC1C917BF80029D142 /* TFHpple.h */ = {isa = PBXFileReference; fileEncoding = 4; lastKnownFileType = sourcecode.c.h; path = TFHpple.h; sourceTree = "<group>"; };
		C40D06AD1C917BF80029D142 /* TFHpple.m */ = {isa = PBXFileReference; fileEncoding = 4; lastKnownFileType = sourcecode.c.objc; path = TFHpple.m; sourceTree = "<group>"; };
		C40D06AE1C917BF80029D142 /* TFHppleElement.h */ = {isa = PBXFileReference; fileEncoding = 4; lastKnownFileType = sourcecode.c.h; path = TFHppleElement.h; sourceTree = "<group>"; };
		C40D06AF1C917BF80029D142 /* TFHppleElement.m */ = {isa = PBXFileReference; fileEncoding = 4; lastKnownFileType = sourcecode.c.objc; path = TFHppleElement.m; sourceTree = "<group>"; };
		C40D06B01C917BF80029D142 /* XPathQuery.h */ = {isa = PBXFileReference; fileEncoding = 4; lastKnownFileType = sourcecode.c.h; path = XPathQuery.h; sourceTree = "<group>"; };
		C40D06B11C917BF80029D142 /* XPathQuery.m */ = {isa = PBXFileReference; fileEncoding = 4; lastKnownFileType = sourcecode.c.objc; path = XPathQuery.m; sourceTree = "<group>"; };
		C41E4FA41C0FE00A00E1B514 /* PgySDK.framework */ = {isa = PBXFileReference; lastKnownFileType = wrapper.framework; name = PgySDK.framework; path = Frameworks/PgySDK.framework; sourceTree = "<group>"; };
		C41E4FA51C0FE00A00E1B514 /* PgyUpdate.framework */ = {isa = PBXFileReference; lastKnownFileType = wrapper.framework; name = PgyUpdate.framework; path = Frameworks/PgyUpdate.framework; sourceTree = "<group>"; };
		C4272CC71C5C752A00E6971B /* README.md */ = {isa = PBXFileReference; fileEncoding = 4; lastKnownFileType = net.daringfireball.markdown; path = README.md; sourceTree = "<group>"; };
		C4272CC91C5CBA4700E6971B /* loading.zip */ = {isa = PBXFileReference; lastKnownFileType = archive.zip; path = loading.zip; sourceTree = "<group>"; };
		C4379B551C18232D0058257A /* User.h */ = {isa = PBXFileReference; fileEncoding = 4; lastKnownFileType = sourcecode.c.h; path = User.h; sourceTree = "<group>"; };
		C4379B561C18232D0058257A /* User.m */ = {isa = PBXFileReference; fileEncoding = 4; lastKnownFileType = sourcecode.c.objc; path = User.m; sourceTree = "<group>"; };
		C4448C6B1C0AE3030053B431 /* HttpUtils.m */ = {isa = PBXFileReference; fileEncoding = 4; lastKnownFileType = sourcecode.c.objc; path = HttpUtils.m; sourceTree = "<group>"; };
		C45D270E1C23FC490087C6F2 /* OpenUDID.h */ = {isa = PBXFileReference; fileEncoding = 4; lastKnownFileType = sourcecode.c.h; path = OpenUDID.h; sourceTree = "<group>"; };
		C45D270F1C23FC490087C6F2 /* OpenUDID.m */ = {isa = PBXFileReference; fileEncoding = 4; lastKnownFileType = sourcecode.c.objc; path = OpenUDID.m; sourceTree = "<group>"; };
		C45D27101C23FC490087C6F2 /* README.md */ = {isa = PBXFileReference; fileEncoding = 4; lastKnownFileType = net.daringfireball.markdown; path = README.md; sourceTree = "<group>"; };
		C4771BA51C058A1800AAF44F /* libxml2.tbd */ = {isa = PBXFileReference; lastKnownFileType = "sourcecode.text-based-dylib-definition"; name = libxml2.tbd; path = usr/lib/libxml2.tbd; sourceTree = SDKROOT; };
		C4771BA71C058A7B00AAF44F /* PgySDK.framework */ = {isa = PBXFileReference; lastKnownFileType = wrapper.framework; path = PgySDK.framework; sourceTree = "<group>"; };
		C4771BA81C058A7B00AAF44F /* PgyUpdate.framework */ = {isa = PBXFileReference; lastKnownFileType = wrapper.framework; path = PgyUpdate.framework; sourceTree = "<group>"; };
		C4771BAB1C058C4400AAF44F /* SystemConfiguration.framework */ = {isa = PBXFileReference; lastKnownFileType = wrapper.framework; name = SystemConfiguration.framework; path = System/Library/Frameworks/SystemConfiguration.framework; sourceTree = SDKROOT; };
		C4771BAD1C058C6600AAF44F /* AVFoundation.framework */ = {isa = PBXFileReference; lastKnownFileType = wrapper.framework; name = AVFoundation.framework; path = System/Library/Frameworks/AVFoundation.framework; sourceTree = SDKROOT; };
		C4771BAF1C058C6F00AAF44F /* AudioToolbox.framework */ = {isa = PBXFileReference; lastKnownFileType = wrapper.framework; name = AudioToolbox.framework; path = System/Library/Frameworks/AudioToolbox.framework; sourceTree = SDKROOT; };
		C4771BB11C058C7C00AAF44F /* CoreMotion.framework */ = {isa = PBXFileReference; lastKnownFileType = wrapper.framework; name = CoreMotion.framework; path = System/Library/Frameworks/CoreMotion.framework; sourceTree = SDKROOT; };
		C4771BB31C058C8400AAF44F /* OpenGLES.framework */ = {isa = PBXFileReference; lastKnownFileType = wrapper.framework; name = OpenGLES.framework; path = System/Library/Frameworks/OpenGLES.framework; sourceTree = SDKROOT; };
		C4771BB51C058C9000AAF44F /* CoreTelephony.framework */ = {isa = PBXFileReference; lastKnownFileType = wrapper.framework; name = CoreTelephony.framework; path = System/Library/Frameworks/CoreTelephony.framework; sourceTree = SDKROOT; };
		C4771BB71C058D1700AAF44F /* libxml2.2.tbd */ = {isa = PBXFileReference; lastKnownFileType = "sourcecode.text-based-dylib-definition"; name = libxml2.2.tbd; path = usr/lib/libxml2.2.tbd; sourceTree = SDKROOT; };
		C488E69F1C0ED9F600EB946D /* APIHelper.h */ = {isa = PBXFileReference; fileEncoding = 4; lastKnownFileType = sourcecode.c.h; path = APIHelper.h; sourceTree = "<group>"; };
		C488E6A01C0ED9F600EB946D /* APIHelper.m */ = {isa = PBXFileReference; fileEncoding = 4; lastKnownFileType = sourcecode.c.objc; path = APIHelper.m; sourceTree = "<group>"; };
		C488E6A41C0F03C800EB946D /* BaseViewController.h */ = {isa = PBXFileReference; fileEncoding = 4; lastKnownFileType = sourcecode.c.h; path = BaseViewController.h; sourceTree = "<group>"; };
		C488E6A51C0F03C800EB946D /* BaseViewController.m */ = {isa = PBXFileReference; fileEncoding = 4; lastKnownFileType = sourcecode.c.objc; path = BaseViewController.m; sourceTree = "<group>"; };
		C48C03C81CABB27B000D9D22 /* libUMessage_Sdk_1.2.6.a */ = {isa = PBXFileReference; lastKnownFileType = archive.ar; path = libUMessage_Sdk_1.2.6.a; sourceTree = "<group>"; };
		C48C03C91CABB27B000D9D22 /* UMessage.h */ = {isa = PBXFileReference; fileEncoding = 4; lastKnownFileType = sourcecode.c.h; path = UMessage.h; sourceTree = "<group>"; };
		C48DC6FB1C1E8FDD00CECB95 /* Version.h */ = {isa = PBXFileReference; fileEncoding = 4; lastKnownFileType = sourcecode.c.h; path = Version.h; sourceTree = "<group>"; };
		C48DC6FC1C1E8FDD00CECB95 /* Version.m */ = {isa = PBXFileReference; fileEncoding = 4; lastKnownFileType = sourcecode.c.objc; path = Version.m; sourceTree = "<group>"; };
		C499E8A11C3262240033BF6C /* ResetPasswordViewController.h */ = {isa = PBXFileReference; fileEncoding = 4; lastKnownFileType = sourcecode.c.h; path = ResetPasswordViewController.h; sourceTree = "<group>"; };
		C499E8A21C3262240033BF6C /* ResetPasswordViewController.m */ = {isa = PBXFileReference; fileEncoding = 4; lastKnownFileType = sourcecode.c.objc; path = ResetPasswordViewController.m; sourceTree = "<group>"; };
		C49E1AB11C19632000CFFE3C /* SettingViewController.h */ = {isa = PBXFileReference; fileEncoding = 4; lastKnownFileType = sourcecode.c.h; path = SettingViewController.h; sourceTree = "<group>"; };
		C49E1AB21C19632000CFFE3C /* SettingViewController.m */ = {isa = PBXFileReference; fileEncoding = 4; lastKnownFileType = sourcecode.c.objc; path = SettingViewController.m; sourceTree = "<group>"; };
		C49E1AB51C196B5400CFFE3C /* ViewUtils.h */ = {isa = PBXFileReference; fileEncoding = 4; lastKnownFileType = sourcecode.c.h; path = ViewUtils.h; sourceTree = "<group>"; };
		C49E1AB61C196B5400CFFE3C /* ViewUtils.m */ = {isa = PBXFileReference; fileEncoding = 4; lastKnownFileType = sourcecode.c.objc; path = ViewUtils.m; sourceTree = "<group>"; };
		C4A564DB1C2CECC10067516F /* NSData+MD5.h */ = {isa = PBXFileReference; fileEncoding = 4; lastKnownFileType = sourcecode.c.h; path = "NSData+MD5.h"; sourceTree = "<group>"; };
		C4A564DC1C2CECC10067516F /* NSData+MD5.m */ = {isa = PBXFileReference; fileEncoding = 4; lastKnownFileType = sourcecode.c.objc; path = "NSData+MD5.m"; sourceTree = "<group>"; };
		C4A564DE1C2CECC10067516F /* UIColor+Hex.h */ = {isa = PBXFileReference; fileEncoding = 4; lastKnownFileType = sourcecode.c.h; path = "UIColor+Hex.h"; sourceTree = "<group>"; };
		C4A564DF1C2CECC10067516F /* UIColor+Hex.m */ = {isa = PBXFileReference; fileEncoding = 4; lastKnownFileType = sourcecode.c.objc; path = "UIColor+Hex.m"; sourceTree = "<group>"; };
		C4A564E11C2CECC10067516F /* UIWebView+Clean.h */ = {isa = PBXFileReference; fileEncoding = 4; lastKnownFileType = sourcecode.c.h; path = "UIWebView+Clean.h"; sourceTree = "<group>"; };
		C4A564E21C2CECC10067516F /* UIWebView+Clean.m */ = {isa = PBXFileReference; fileEncoding = 4; lastKnownFileType = sourcecode.c.objc; path = "UIWebView+Clean.m"; sourceTree = "<group>"; };
		C4A57AA61CB7859E004F9C3D /* constant_private.h */ = {isa = PBXFileReference; fileEncoding = 4; lastKnownFileType = sourcecode.c.h; path = constant_private.h; sourceTree = "<group>"; };
		C4BA6EA21C7DB24A0059F101 /* FileUtils+Assets.h */ = {isa = PBXFileReference; fileEncoding = 4; lastKnownFileType = sourcecode.c.h; path = "FileUtils+Assets.h"; sourceTree = "<group>"; };
		C4BA6EA31C7DB24A0059F101 /* FileUtils+Assets.m */ = {isa = PBXFileReference; fileEncoding = 4; lastKnownFileType = sourcecode.c.objc; path = "FileUtils+Assets.m"; sourceTree = "<group>"; };
		C4C6283B1C0C1ED6000AD5D8 /* SubjectViewController.h */ = {isa = PBXFileReference; fileEncoding = 4; lastKnownFileType = sourcecode.c.h; path = SubjectViewController.h; sourceTree = "<group>"; };
		C4C6283C1C0C1ED6000AD5D8 /* SubjectViewController.m */ = {isa = PBXFileReference; fileEncoding = 4; lastKnownFileType = sourcecode.c.objc; path = SubjectViewController.m; sourceTree = "<group>"; };
		C4C6283E1C0C1ED6000AD5D8 /* DashboardViewController.h */ = {isa = PBXFileReference; fileEncoding = 4; lastKnownFileType = sourcecode.c.h; path = DashboardViewController.h; sourceTree = "<group>"; };
		C4C6283F1C0C1ED6000AD5D8 /* DashboardViewController.m */ = {isa = PBXFileReference; fileEncoding = 4; lastKnownFileType = sourcecode.c.objc; path = DashboardViewController.m; sourceTree = "<group>"; };
		C4C628411C0C1ED6000AD5D8 /* LoginViewController.h */ = {isa = PBXFileReference; fileEncoding = 4; lastKnownFileType = sourcecode.c.h; path = LoginViewController.h; sourceTree = "<group>"; };
		C4C628421C0C1ED6000AD5D8 /* LoginViewController.m */ = {isa = PBXFileReference; fileEncoding = 4; lastKnownFileType = sourcecode.c.objc; path = LoginViewController.m; sourceTree = "<group>"; };
		C4CF3B561C1AC75C00F58E1E /* CommentViewController.h */ = {isa = PBXFileReference; fileEncoding = 4; lastKnownFileType = sourcecode.c.h; path = CommentViewController.h; sourceTree = "<group>"; };
		C4CF3B571C1AC75C00F58E1E /* CommentViewController.m */ = {isa = PBXFileReference; fileEncoding = 4; lastKnownFileType = sourcecode.c.objc; path = CommentViewController.m; sourceTree = "<group>"; };
		C4DB7D731C02EC0500DA534E /* YH-IOS.app */ = {isa = PBXFileReference; explicitFileType = wrapper.application; includeInIndex = 0; path = "YH-IOS.app"; sourceTree = BUILT_PRODUCTS_DIR; };
		C4DB7D771C02EC0500DA534E /* main.m */ = {isa = PBXFileReference; lastKnownFileType = sourcecode.c.objc; path = main.m; sourceTree = "<group>"; };
		C4DB7D801C02EC0500DA534E /* Base */ = {isa = PBXFileReference; lastKnownFileType = file.storyboard; name = Base; path = Base.lproj/Main.storyboard; sourceTree = "<group>"; };
		C4DB7D821C02EC0500DA534E /* Assets.xcassets */ = {isa = PBXFileReference; lastKnownFileType = folder.assetcatalog; path = Assets.xcassets; sourceTree = "<group>"; };
		C4DB7D851C02EC0500DA534E /* Base */ = {isa = PBXFileReference; lastKnownFileType = file.storyboard; name = Base; path = Base.lproj/LaunchScreen.storyboard; sourceTree = "<group>"; };
		C4DB7D871C02EC0500DA534E /* Info.plist */ = {isa = PBXFileReference; lastKnownFileType = text.plist.xml; path = Info.plist; sourceTree = "<group>"; };
		C4DB7D8C1C02EC0600DA534E /* YH-IOSTests.xctest */ = {isa = PBXFileReference; explicitFileType = wrapper.cfbundle; includeInIndex = 0; path = "YH-IOSTests.xctest"; sourceTree = BUILT_PRODUCTS_DIR; };
		C4DB7D901C02EC0600DA534E /* YH_IOSTests.m */ = {isa = PBXFileReference; lastKnownFileType = sourcecode.c.objc; path = YH_IOSTests.m; sourceTree = "<group>"; };
		C4DB7D921C02EC0600DA534E /* Info.plist */ = {isa = PBXFileReference; lastKnownFileType = text.plist.xml; path = Info.plist; sourceTree = "<group>"; };
		C4DB7D971C02EC0600DA534E /* YH-IOSUITests.xctest */ = {isa = PBXFileReference; explicitFileType = wrapper.cfbundle; includeInIndex = 0; path = "YH-IOSUITests.xctest"; sourceTree = BUILT_PRODUCTS_DIR; };
		C4DB7D9B1C02EC0600DA534E /* YH_IOSUITests.m */ = {isa = PBXFileReference; lastKnownFileType = sourcecode.c.objc; path = YH_IOSUITests.m; sourceTree = "<group>"; };
		C4DB7D9D1C02EC0600DA534E /* Info.plist */ = {isa = PBXFileReference; lastKnownFileType = text.plist.xml; path = Info.plist; sourceTree = "<group>"; };
		C4DB7DAD1C02EC3D00DA534E /* AppDelegate.h */ = {isa = PBXFileReference; fileEncoding = 4; lastKnownFileType = sourcecode.c.h; path = AppDelegate.h; sourceTree = "<group>"; };
		C4DB7DAE1C02EC3D00DA534E /* AppDelegate.m */ = {isa = PBXFileReference; fileEncoding = 4; lastKnownFileType = sourcecode.c.objc; path = AppDelegate.m; sourceTree = "<group>"; };
		C4DB7DB71C02EE3800DA534E /* DateUtils.h */ = {isa = PBXFileReference; fileEncoding = 4; lastKnownFileType = sourcecode.c.h; path = DateUtils.h; sourceTree = "<group>"; };
		C4DB7DB81C02EE3800DA534E /* DateUtils.m */ = {isa = PBXFileReference; fileEncoding = 4; lastKnownFileType = sourcecode.c.objc; path = DateUtils.m; sourceTree = "<group>"; };
		C4DB7DB91C02EE3800DA534E /* ExtendNSLogFunctionality.h */ = {isa = PBXFileReference; fileEncoding = 4; lastKnownFileType = sourcecode.c.h; path = ExtendNSLogFunctionality.h; sourceTree = "<group>"; };
		C4DB7DBA1C02EE3800DA534E /* ExtendNSLogFunctionality.m */ = {isa = PBXFileReference; fileEncoding = 4; lastKnownFileType = sourcecode.c.objc; path = ExtendNSLogFunctionality.m; sourceTree = "<group>"; };
		C4DB7DBC1C02EE3800DA534E /* FileUtils.h */ = {isa = PBXFileReference; fileEncoding = 4; lastKnownFileType = sourcecode.c.h; path = FileUtils.h; sourceTree = "<group>"; };
		C4DB7DBD1C02EE3800DA534E /* FileUtils.m */ = {isa = PBXFileReference; fileEncoding = 4; lastKnownFileType = sourcecode.c.objc; path = FileUtils.m; sourceTree = "<group>"; };
		C4DB7DBF1C02EE3800DA534E /* HttpUtils.h */ = {isa = PBXFileReference; fileEncoding = 4; lastKnownFileType = sourcecode.c.h; path = HttpUtils.h; sourceTree = "<group>"; };
		C4DB7DC61C02EE6000DA534E /* constant.h */ = {isa = PBXFileReference; fileEncoding = 4; lastKnownFileType = sourcecode.c.h; path = constant.h; sourceTree = "<group>"; };
		C4DB7DC91C02EE8E00DA534E /* BaseModel.h */ = {isa = PBXFileReference; fileEncoding = 4; lastKnownFileType = sourcecode.c.h; path = BaseModel.h; sourceTree = "<group>"; };
		C4DB7DCA1C02EE8E00DA534E /* BaseModel.m */ = {isa = PBXFileReference; fileEncoding = 4; lastKnownFileType = sourcecode.c.objc; path = BaseModel.m; sourceTree = "<group>"; };
		C4DB7DCC1C02EE8E00DA534E /* HttpResponse.h */ = {isa = PBXFileReference; fileEncoding = 4; lastKnownFileType = sourcecode.c.h; path = HttpResponse.h; sourceTree = "<group>"; };
		C4DB7DCD1C02EE8E00DA534E /* HttpResponse.m */ = {isa = PBXFileReference; fileEncoding = 4; lastKnownFileType = sourcecode.c.objc; path = HttpResponse.m; sourceTree = "<group>"; };
		C4ECB27E1C3119E900F7947B /* NSString+MD5.h */ = {isa = PBXFileReference; fileEncoding = 4; lastKnownFileType = sourcecode.c.h; path = "NSString+MD5.h"; sourceTree = "<group>"; };
		C4ECB27F1C3119E900F7947B /* NSString+MD5.m */ = {isa = PBXFileReference; fileEncoding = 4; lastKnownFileType = sourcecode.c.objc; path = "NSString+MD5.m"; sourceTree = "<group>"; };
		C4EFE4AA1C98F60A0009411A /* fonts.zip */ = {isa = PBXFileReference; lastKnownFileType = archive.zip; path = fonts.zip; sourceTree = "<group>"; };
		C4EFE4AB1C98F60A0009411A /* stylesheets.zip */ = {isa = PBXFileReference; lastKnownFileType = archive.zip; path = stylesheets.zip; sourceTree = "<group>"; };
		C4EFE4AC1C98F60A0009411A /* javascripts.zip */ = {isa = PBXFileReference; lastKnownFileType = archive.zip; path = javascripts.zip; sourceTree = "<group>"; };
		C4EFE4AD1C98F60A0009411A /* images.zip */ = {isa = PBXFileReference; lastKnownFileType = archive.zip; path = images.zip; sourceTree = "<group>"; };
		C4EFE4AE1C98F60A0009411A /* assets.zip */ = {isa = PBXFileReference; lastKnownFileType = archive.zip; path = assets.zip; sourceTree = "<group>"; };
		C4EFE4B51C99812B0009411A /* WebViewJavascriptBridge.h */ = {isa = PBXFileReference; fileEncoding = 4; lastKnownFileType = sourcecode.c.h; path = WebViewJavascriptBridge.h; sourceTree = "<group>"; };
		C4EFE4B61C99812B0009411A /* WebViewJavascriptBridge.js.txt */ = {isa = PBXFileReference; fileEncoding = 4; lastKnownFileType = text; path = WebViewJavascriptBridge.js.txt; sourceTree = "<group>"; };
		C4EFE4B71C99812B0009411A /* WebViewJavascriptBridge.m */ = {isa = PBXFileReference; fileEncoding = 4; lastKnownFileType = sourcecode.c.objc; path = WebViewJavascriptBridge.m; sourceTree = "<group>"; };
		C4EFE4B81C99812B0009411A /* WebViewJavascriptBridgeBase.h */ = {isa = PBXFileReference; fileEncoding = 4; lastKnownFileType = sourcecode.c.h; path = WebViewJavascriptBridgeBase.h; sourceTree = "<group>"; };
		C4EFE4B91C99812B0009411A /* WebViewJavascriptBridgeBase.m */ = {isa = PBXFileReference; fileEncoding = 4; lastKnownFileType = sourcecode.c.objc; path = WebViewJavascriptBridgeBase.m; sourceTree = "<group>"; };
		C4EFE4BA1C99812B0009411A /* WKWebViewJavascriptBridge.h */ = {isa = PBXFileReference; fileEncoding = 4; lastKnownFileType = sourcecode.c.h; path = WKWebViewJavascriptBridge.h; sourceTree = "<group>"; };
		C4EFE4BB1C99812B0009411A /* WKWebViewJavascriptBridge.m */ = {isa = PBXFileReference; fileEncoding = 4; lastKnownFileType = sourcecode.c.objc; path = WKWebViewJavascriptBridge.m; sourceTree = "<group>"; };
/* End PBXFileReference section */

/* Begin PBXFrameworksBuildPhase section */
		C4DB7D701C02EC0500DA534E /* Frameworks */ = {
			isa = PBXFrameworksBuildPhase;
			buildActionMask = 2147483647;
			files = (
				C4771BB61C058C9000AAF44F /* CoreTelephony.framework in Frameworks */,
				C41E4FA61C0FE00A00E1B514 /* PgySDK.framework in Frameworks */,
				C48C03CA1CABB27B000D9D22 /* libUMessage_Sdk_1.2.6.a in Frameworks */,
				C4771BB41C058C8400AAF44F /* OpenGLES.framework in Frameworks */,
				C4771BB21C058C7C00AAF44F /* CoreMotion.framework in Frameworks */,
				C4771BB01C058C6F00AAF44F /* AudioToolbox.framework in Frameworks */,
				C4771BAE1C058C6600AAF44F /* AVFoundation.framework in Frameworks */,
				C41E4FA71C0FE00A00E1B514 /* PgyUpdate.framework in Frameworks */,
				C4771BAC1C058C4400AAF44F /* SystemConfiguration.framework in Frameworks */,
				C4771BA61C058A1800AAF44F /* libxml2.tbd in Frameworks */,
				C4771BA91C058A7B00AAF44F /* PgySDK.framework in Frameworks */,
				C4771BAA1C058A7B00AAF44F /* PgyUpdate.framework in Frameworks */,
				9E9EEC1875A034202F52C155 /* libPods-YH-IOS.a in Frameworks */,
			);
			runOnlyForDeploymentPostprocessing = 0;
		};
		C4DB7D891C02EC0600DA534E /* Frameworks */ = {
			isa = PBXFrameworksBuildPhase;
			buildActionMask = 2147483647;
			files = (
			);
			runOnlyForDeploymentPostprocessing = 0;
		};
		C4DB7D941C02EC0600DA534E /* Frameworks */ = {
			isa = PBXFrameworksBuildPhase;
			buildActionMask = 2147483647;
			files = (
			);
			runOnlyForDeploymentPostprocessing = 0;
		};
/* End PBXFrameworksBuildPhase section */

/* Begin PBXGroup section */
		6B174869F4F001C543623475 /* Pods */ = {
			isa = PBXGroup;
			children = (
				766890D48B9541057B438511 /* Pods-YH-IOS.debug.xcconfig */,
				12271BD9C7ACC15E638BF692 /* Pods-YH-IOS.release.xcconfig */,
			);
			name = Pods;
			sourceTree = "<group>";
		};
		C40D06AB1C917BF80029D142 /* hpple */ = {
			isa = PBXGroup;
			children = (
				C40D06AC1C917BF80029D142 /* TFHpple.h */,
				C40D06AD1C917BF80029D142 /* TFHpple.m */,
				C40D06AE1C917BF80029D142 /* TFHppleElement.h */,
				C40D06AF1C917BF80029D142 /* TFHppleElement.m */,
				C40D06B01C917BF80029D142 /* XPathQuery.h */,
				C40D06B11C917BF80029D142 /* XPathQuery.m */,
			);
			path = hpple;
			sourceTree = "<group>";
		};
		C4379B541C1823110058257A /* User */ = {
			isa = PBXGroup;
			children = (
				C4379B551C18232D0058257A /* User.h */,
				C4379B561C18232D0058257A /* User.m */,
			);
			path = User;
			sourceTree = "<group>";
		};
		C45D270D1C23FC490087C6F2 /* OpenUUID */ = {
			isa = PBXGroup;
			children = (
				C45D270E1C23FC490087C6F2 /* OpenUDID.h */,
				C45D270F1C23FC490087C6F2 /* OpenUDID.m */,
				C45D27101C23FC490087C6F2 /* README.md */,
			);
			path = OpenUUID;
			sourceTree = "<group>";
		};
		C4771B881C05871300AAF44F /* Vendor */ = {
			isa = PBXGroup;
			children = (
				C4EFE4B41C99812B0009411A /* WebViewJavascriptBridge */,
				C40D06AB1C917BF80029D142 /* hpple */,
				C45D270D1C23FC490087C6F2 /* OpenUUID */,
			);
			path = Vendor;
			sourceTree = "<group>";
		};
		C488E69E1C0ED9D500EB946D /* APIUtils */ = {
			isa = PBXGroup;
			children = (
				C488E69F1C0ED9F600EB946D /* APIHelper.h */,
				C488E6A01C0ED9F600EB946D /* APIHelper.m */,
			);
			path = APIUtils;
			sourceTree = "<group>";
		};
		C48C03C71CABB27B000D9D22 /* UMessage_Sdk_1.2.6 */ = {
			isa = PBXGroup;
			children = (
				C48C03C81CABB27B000D9D22 /* libUMessage_Sdk_1.2.6.a */,
				C48C03C91CABB27B000D9D22 /* UMessage.h */,
			);
			name = UMessage_Sdk_1.2.6;
			path = Frameworks/UMessage_Sdk_1.2.6;
			sourceTree = "<group>";
		};
		C48DC6F61C1E8FDD00CECB95 /* Version */ = {
			isa = PBXGroup;
			children = (
				C48DC6FB1C1E8FDD00CECB95 /* Version.h */,
				C48DC6FC1C1E8FDD00CECB95 /* Version.m */,
			);
			path = Version;
			sourceTree = "<group>";
		};
		C499E8A01C3262010033BF6C /* ResetPassword */ = {
			isa = PBXGroup;
			children = (
				C499E8A11C3262240033BF6C /* ResetPasswordViewController.h */,
				C499E8A21C3262240033BF6C /* ResetPasswordViewController.m */,
			);
			path = ResetPassword;
			sourceTree = "<group>";
		};
		C49E1AB01C1962F200CFFE3C /* Setting */ = {
			isa = PBXGroup;
			children = (
				C499E8A01C3262010033BF6C /* ResetPassword */,
				C49E1AB11C19632000CFFE3C /* SettingViewController.h */,
				C49E1AB21C19632000CFFE3C /* SettingViewController.m */,
			);
			path = Setting;
			sourceTree = "<group>";
		};
		C49E1AB41C196B5400CFFE3C /* ViewUtils */ = {
			isa = PBXGroup;
			children = (
				C49E1AB51C196B5400CFFE3C /* ViewUtils.h */,
				C49E1AB61C196B5400CFFE3C /* ViewUtils.m */,
			);
			path = ViewUtils;
			sourceTree = "<group>";
		};
		C4A564DA1C2CECC10067516F /* NSData+MD5 */ = {
			isa = PBXGroup;
			children = (
				C4A564DB1C2CECC10067516F /* NSData+MD5.h */,
				C4A564DC1C2CECC10067516F /* NSData+MD5.m */,
			);
			path = "NSData+MD5";
			sourceTree = "<group>";
		};
		C4A564DD1C2CECC10067516F /* UIColor+Hex */ = {
			isa = PBXGroup;
			children = (
				C4A564DE1C2CECC10067516F /* UIColor+Hex.h */,
				C4A564DF1C2CECC10067516F /* UIColor+Hex.m */,
			);
			path = "UIColor+Hex";
			sourceTree = "<group>";
		};
		C4A564E01C2CECC10067516F /* UIWebView+Clean */ = {
			isa = PBXGroup;
			children = (
				C4A564E11C2CECC10067516F /* UIWebView+Clean.h */,
				C4A564E21C2CECC10067516F /* UIWebView+Clean.m */,
			);
			path = "UIWebView+Clean";
			sourceTree = "<group>";
		};
		C4C628381C0C1ED6000AD5D8 /* Components */ = {
			isa = PBXGroup;
			children = (
				C4C628391C0C1ED6000AD5D8 /* BaseView */,
				C4CF3B551C1AC73C00F58E1E /* Comment */,
				C4C6283A1C0C1ED6000AD5D8 /* Subject */,
				C4C6283D1C0C1ED6000AD5D8 /* Dashboard */,
				C4C628401C0C1ED6000AD5D8 /* Login */,
				C49E1AB01C1962F200CFFE3C /* Setting */,
			);
			path = Components;
			sourceTree = "<group>";
		};
		C4C628391C0C1ED6000AD5D8 /* BaseView */ = {
			isa = PBXGroup;
			children = (
				C488E6A41C0F03C800EB946D /* BaseViewController.h */,
				C488E6A51C0F03C800EB946D /* BaseViewController.m */,
			);
			path = BaseView;
			sourceTree = "<group>";
		};
		C4C6283A1C0C1ED6000AD5D8 /* Subject */ = {
			isa = PBXGroup;
			children = (
				C4C6283B1C0C1ED6000AD5D8 /* SubjectViewController.h */,
				C4C6283C1C0C1ED6000AD5D8 /* SubjectViewController.m */,
			);
			name = Subject;
			path = Chart;
			sourceTree = "<group>";
		};
		C4C6283D1C0C1ED6000AD5D8 /* Dashboard */ = {
			isa = PBXGroup;
			children = (
				C4C6283E1C0C1ED6000AD5D8 /* DashboardViewController.h */,
				C4C6283F1C0C1ED6000AD5D8 /* DashboardViewController.m */,
			);
			path = Dashboard;
			sourceTree = "<group>";
		};
		C4C628401C0C1ED6000AD5D8 /* Login */ = {
			isa = PBXGroup;
			children = (
				C4C628411C0C1ED6000AD5D8 /* LoginViewController.h */,
				C4C628421C0C1ED6000AD5D8 /* LoginViewController.m */,
			);
			path = Login;
			sourceTree = "<group>";
		};
		C4CF3B551C1AC73C00F58E1E /* Comment */ = {
			isa = PBXGroup;
			children = (
				C4CF3B561C1AC75C00F58E1E /* CommentViewController.h */,
				C4CF3B571C1AC75C00F58E1E /* CommentViewController.m */,
			);
			path = Comment;
			sourceTree = "<group>";
		};
		C4DB7D6A1C02EC0500DA534E = {
			isa = PBXGroup;
			children = (
				C4DB7D751C02EC0500DA534E /* YH-IOS */,
				C4DB7D8F1C02EC0600DA534E /* YH-IOSTests */,
				C4DB7D9A1C02EC0600DA534E /* YH-IOSUITests */,
				C4DB7D741C02EC0500DA534E /* Products */,
				E7359AA6518F9148E9F7A313 /* Frameworks */,
				C4272CC71C5C752A00E6971B /* README.md */,
				6B174869F4F001C543623475 /* Pods */,
			);
			sourceTree = "<group>";
		};
		C4DB7D741C02EC0500DA534E /* Products */ = {
			isa = PBXGroup;
			children = (
				C4DB7D731C02EC0500DA534E /* YH-IOS.app */,
				C4DB7D8C1C02EC0600DA534E /* YH-IOSTests.xctest */,
				C4DB7D971C02EC0600DA534E /* YH-IOSUITests.xctest */,
			);
			name = Products;
			sourceTree = "<group>";
		};
		C4DB7D751C02EC0500DA534E /* YH-IOS */ = {
			isa = PBXGroup;
			children = (
				C4C628381C0C1ED6000AD5D8 /* Components */,
				C4771B881C05871300AAF44F /* Vendor */,
				C4DB7DC71C02EE8E00DA534E /* Models */,
				C4DB7DC51C02EE6000DA534E /* Shared */,
				C4DB7DB51C02EE3800DA534E /* Utils */,
				C4DB7DAC1C02EC3D00DA534E /* AppDelegate */,
				C4DB7D7F1C02EC0500DA534E /* Main.storyboard */,
				C4DB7D821C02EC0500DA534E /* Assets.xcassets */,
				C4DB7D841C02EC0500DA534E /* LaunchScreen.storyboard */,
				C4DB7D761C02EC0500DA534E /* Supporting Files */,
			);
			path = "YH-IOS";
			sourceTree = "<group>";
		};
		C4DB7D761C02EC0500DA534E /* Supporting Files */ = {
			isa = PBXGroup;
			children = (
				C4DB7D871C02EC0500DA534E /* Info.plist */,
				C4DB7D771C02EC0500DA534E /* main.m */,
			);
			name = "Supporting Files";
			sourceTree = "<group>";
		};
		C4DB7D8F1C02EC0600DA534E /* YH-IOSTests */ = {
			isa = PBXGroup;
			children = (
				C4DB7D901C02EC0600DA534E /* YH_IOSTests.m */,
				C4DB7D921C02EC0600DA534E /* Info.plist */,
			);
			path = "YH-IOSTests";
			sourceTree = "<group>";
		};
		C4DB7D9A1C02EC0600DA534E /* YH-IOSUITests */ = {
			isa = PBXGroup;
			children = (
				C4DB7D9B1C02EC0600DA534E /* YH_IOSUITests.m */,
				C4DB7D9D1C02EC0600DA534E /* Info.plist */,
			);
			path = "YH-IOSUITests";
			sourceTree = "<group>";
		};
		C4DB7DAC1C02EC3D00DA534E /* AppDelegate */ = {
			isa = PBXGroup;
			children = (
				C4DB7DAD1C02EC3D00DA534E /* AppDelegate.h */,
				C4DB7DAE1C02EC3D00DA534E /* AppDelegate.m */,
			);
			path = AppDelegate;
			sourceTree = "<group>";
		};
		C4DB7DB51C02EE3800DA534E /* Utils */ = {
			isa = PBXGroup;
			children = (
				C4ECB27D1C3119B200F7947B /* NSString+MD5 */,
				C4A564DA1C2CECC10067516F /* NSData+MD5 */,
				C4A564DD1C2CECC10067516F /* UIColor+Hex */,
				C4A564E01C2CECC10067516F /* UIWebView+Clean */,
				C49E1AB41C196B5400CFFE3C /* ViewUtils */,
				C488E69E1C0ED9D500EB946D /* APIUtils */,
				C4DB7DB61C02EE3800DA534E /* DateUtils */,
				C4DB7DB91C02EE3800DA534E /* ExtendNSLogFunctionality.h */,
				C4DB7DBA1C02EE3800DA534E /* ExtendNSLogFunctionality.m */,
				C4DB7DBB1C02EE3800DA534E /* FileUtils */,
				C4DB7DBE1C02EE3800DA534E /* HttpUtils */,
			);
			path = Utils;
			sourceTree = "<group>";
		};
		C4DB7DB61C02EE3800DA534E /* DateUtils */ = {
			isa = PBXGroup;
			children = (
				C4DB7DB71C02EE3800DA534E /* DateUtils.h */,
				C4DB7DB81C02EE3800DA534E /* DateUtils.m */,
			);
			path = DateUtils;
			sourceTree = "<group>";
		};
		C4DB7DBB1C02EE3800DA534E /* FileUtils */ = {
			isa = PBXGroup;
			children = (
				C4DB7DBC1C02EE3800DA534E /* FileUtils.h */,
				C4DB7DBD1C02EE3800DA534E /* FileUtils.m */,
				C4BA6EA21C7DB24A0059F101 /* FileUtils+Assets.h */,
				C4BA6EA31C7DB24A0059F101 /* FileUtils+Assets.m */,
			);
			path = FileUtils;
			sourceTree = "<group>";
		};
		C4DB7DBE1C02EE3800DA534E /* HttpUtils */ = {
			isa = PBXGroup;
			children = (
				C4DB7DBF1C02EE3800DA534E /* HttpUtils.h */,
				C4448C6B1C0AE3030053B431 /* HttpUtils.m */,
			);
			path = HttpUtils;
			sourceTree = "<group>";
		};
		C4DB7DC51C02EE6000DA534E /* Shared */ = {
			isa = PBXGroup;
			children = (
				C4A57AA61CB7859E004F9C3D /* constant_private.h */,
				C4EFE4AA1C98F60A0009411A /* fonts.zip */,
				C4EFE4AB1C98F60A0009411A /* stylesheets.zip */,
				C4EFE4AC1C98F60A0009411A /* javascripts.zip */,
				C4EFE4AD1C98F60A0009411A /* images.zip */,
				C4EFE4AE1C98F60A0009411A /* assets.zip */,
				C4272CC91C5CBA4700E6971B /* loading.zip */,
				C4DB7DC61C02EE6000DA534E /* constant.h */,
			);
			path = Shared;
			sourceTree = "<group>";
		};
		C4DB7DC71C02EE8E00DA534E /* Models */ = {
			isa = PBXGroup;
			children = (
				C48DC6F61C1E8FDD00CECB95 /* Version */,
				C4DB7DC81C02EE8E00DA534E /* BaseModel */,
				C4379B541C1823110058257A /* User */,
				C4DB7DCB1C02EE8E00DA534E /* HttpResponse */,
			);
			path = Models;
			sourceTree = "<group>";
		};
		C4DB7DC81C02EE8E00DA534E /* BaseModel */ = {
			isa = PBXGroup;
			children = (
				C4DB7DC91C02EE8E00DA534E /* BaseModel.h */,
				C4DB7DCA1C02EE8E00DA534E /* BaseModel.m */,
			);
			path = BaseModel;
			sourceTree = "<group>";
		};
		C4DB7DCB1C02EE8E00DA534E /* HttpResponse */ = {
			isa = PBXGroup;
			children = (
				C4DB7DCC1C02EE8E00DA534E /* HttpResponse.h */,
				C4DB7DCD1C02EE8E00DA534E /* HttpResponse.m */,
			);
			path = HttpResponse;
			sourceTree = "<group>";
		};
		C4ECB27D1C3119B200F7947B /* NSString+MD5 */ = {
			isa = PBXGroup;
			children = (
				C4ECB27E1C3119E900F7947B /* NSString+MD5.h */,
				C4ECB27F1C3119E900F7947B /* NSString+MD5.m */,
			);
			path = "NSString+MD5";
			sourceTree = "<group>";
		};
		C4EFE4B41C99812B0009411A /* WebViewJavascriptBridge */ = {
			isa = PBXGroup;
			children = (
				C4EFE4B51C99812B0009411A /* WebViewJavascriptBridge.h */,
				C4EFE4B61C99812B0009411A /* WebViewJavascriptBridge.js.txt */,
				C4EFE4B71C99812B0009411A /* WebViewJavascriptBridge.m */,
				C4EFE4B81C99812B0009411A /* WebViewJavascriptBridgeBase.h */,
				C4EFE4B91C99812B0009411A /* WebViewJavascriptBridgeBase.m */,
				C4EFE4BA1C99812B0009411A /* WKWebViewJavascriptBridge.h */,
				C4EFE4BB1C99812B0009411A /* WKWebViewJavascriptBridge.m */,
			);
			path = WebViewJavascriptBridge;
			sourceTree = "<group>";
		};
		E7359AA6518F9148E9F7A313 /* Frameworks */ = {
			isa = PBXGroup;
			children = (
				C48C03C71CABB27B000D9D22 /* UMessage_Sdk_1.2.6 */,
				C41E4FA41C0FE00A00E1B514 /* PgySDK.framework */,
				C41E4FA51C0FE00A00E1B514 /* PgyUpdate.framework */,
				C4771BB71C058D1700AAF44F /* libxml2.2.tbd */,
				C4771BB51C058C9000AAF44F /* CoreTelephony.framework */,
				C4771BB31C058C8400AAF44F /* OpenGLES.framework */,
				C4771BB11C058C7C00AAF44F /* CoreMotion.framework */,
				C4771BAF1C058C6F00AAF44F /* AudioToolbox.framework */,
				C4771BAD1C058C6600AAF44F /* AVFoundation.framework */,
				C4771BAB1C058C4400AAF44F /* SystemConfiguration.framework */,
				C4771BA71C058A7B00AAF44F /* PgySDK.framework */,
				C4771BA81C058A7B00AAF44F /* PgyUpdate.framework */,
				C4771BA51C058A1800AAF44F /* libxml2.tbd */,
				6A867606F7216FABE6624278 /* libPods-YH-IOS.a */,
			);
			name = Frameworks;
			sourceTree = "<group>";
		};
/* End PBXGroup section */

/* Begin PBXNativeTarget section */
		C4DB7D721C02EC0500DA534E /* YH-IOS */ = {
			isa = PBXNativeTarget;
			buildConfigurationList = C4DB7DA01C02EC0600DA534E /* Build configuration list for PBXNativeTarget "YH-IOS" */;
			buildPhases = (
				6458DD0A1FE328C89B4914BC /* [CP] Check Pods Manifest.lock */,
				C4DB7D6F1C02EC0500DA534E /* Sources */,
				C4DB7D701C02EC0500DA534E /* Frameworks */,
				C4DB7D711C02EC0500DA534E /* Resources */,
				E32AEDE46CFB22176110AA88 /* [CP] Embed Pods Frameworks */,
				6C1B698DDFC5C340B1595665 /* [CP] Copy Pods Resources */,
			);
			buildRules = (
			);
			dependencies = (
			);
			name = "YH-IOS";
			productName = "YH-IOS";
			productReference = C4DB7D731C02EC0500DA534E /* YH-IOS.app */;
			productType = "com.apple.product-type.application";
		};
		C4DB7D8B1C02EC0600DA534E /* YH-IOSTests */ = {
			isa = PBXNativeTarget;
			buildConfigurationList = C4DB7DA31C02EC0600DA534E /* Build configuration list for PBXNativeTarget "YH-IOSTests" */;
			buildPhases = (
				C4DB7D881C02EC0600DA534E /* Sources */,
				C4DB7D891C02EC0600DA534E /* Frameworks */,
				C4DB7D8A1C02EC0600DA534E /* Resources */,
			);
			buildRules = (
			);
			dependencies = (
				C4DB7D8E1C02EC0600DA534E /* PBXTargetDependency */,
			);
			name = "YH-IOSTests";
			productName = "YH-IOSTests";
			productReference = C4DB7D8C1C02EC0600DA534E /* YH-IOSTests.xctest */;
			productType = "com.apple.product-type.bundle.unit-test";
		};
		C4DB7D961C02EC0600DA534E /* YH-IOSUITests */ = {
			isa = PBXNativeTarget;
			buildConfigurationList = C4DB7DA61C02EC0600DA534E /* Build configuration list for PBXNativeTarget "YH-IOSUITests" */;
			buildPhases = (
				C4DB7D931C02EC0600DA534E /* Sources */,
				C4DB7D941C02EC0600DA534E /* Frameworks */,
				C4DB7D951C02EC0600DA534E /* Resources */,
			);
			buildRules = (
			);
			dependencies = (
				C4DB7D991C02EC0600DA534E /* PBXTargetDependency */,
			);
			name = "YH-IOSUITests";
			productName = "YH-IOSUITests";
			productReference = C4DB7D971C02EC0600DA534E /* YH-IOSUITests.xctest */;
			productType = "com.apple.product-type.bundle.ui-testing";
		};
/* End PBXNativeTarget section */

/* Begin PBXProject section */
		C4DB7D6B1C02EC0500DA534E /* Project object */ = {
			isa = PBXProject;
			attributes = {
				LastUpgradeCheck = 0700;
				ORGANIZATIONNAME = com.intfocus;
				TargetAttributes = {
					C4DB7D721C02EC0500DA534E = {
						CreatedOnToolsVersion = 7.0;
						DevelopmentTeam = WV94P663S4;
					};
					C4DB7D8B1C02EC0600DA534E = {
						CreatedOnToolsVersion = 7.0;
						TestTargetID = C4DB7D721C02EC0500DA534E;
					};
					C4DB7D961C02EC0600DA534E = {
						CreatedOnToolsVersion = 7.0;
						TestTargetID = C4DB7D721C02EC0500DA534E;
					};
				};
			};
			buildConfigurationList = C4DB7D6E1C02EC0500DA534E /* Build configuration list for PBXProject "YH-IOS" */;
			compatibilityVersion = "Xcode 3.2";
			developmentRegion = English;
			hasScannedForEncodings = 0;
			knownRegions = (
				en,
				Base,
			);
			mainGroup = C4DB7D6A1C02EC0500DA534E;
			productRefGroup = C4DB7D741C02EC0500DA534E /* Products */;
			projectDirPath = "";
			projectRoot = "";
			targets = (
				C4DB7D721C02EC0500DA534E /* YH-IOS */,
				C4DB7D8B1C02EC0600DA534E /* YH-IOSTests */,
				C4DB7D961C02EC0600DA534E /* YH-IOSUITests */,
			);
		};
/* End PBXProject section */

/* Begin PBXResourcesBuildPhase section */
		C4DB7D711C02EC0500DA534E /* Resources */ = {
			isa = PBXResourcesBuildPhase;
			buildActionMask = 2147483647;
			files = (
				C4EFE4BC1C99812B0009411A /* WebViewJavascriptBridge.js.txt in Resources */,
				C4EFE4B21C98F60A0009411A /* images.zip in Resources */,
				C4EFE4B01C98F60A0009411A /* stylesheets.zip in Resources */,
				C4EFE4AF1C98F60A0009411A /* fonts.zip in Resources */,
				C4EFE4B11C98F60A0009411A /* javascripts.zip in Resources */,
				C4EFE4B31C98F60A0009411A /* assets.zip in Resources */,
				C4272CCA1C5CBA4700E6971B /* loading.zip in Resources */,
				C4DB7D861C02EC0500DA534E /* LaunchScreen.storyboard in Resources */,
				C4DB7D831C02EC0500DA534E /* Assets.xcassets in Resources */,
				C4DB7D811C02EC0500DA534E /* Main.storyboard in Resources */,
			);
			runOnlyForDeploymentPostprocessing = 0;
		};
		C4DB7D8A1C02EC0600DA534E /* Resources */ = {
			isa = PBXResourcesBuildPhase;
			buildActionMask = 2147483647;
			files = (
			);
			runOnlyForDeploymentPostprocessing = 0;
		};
		C4DB7D951C02EC0600DA534E /* Resources */ = {
			isa = PBXResourcesBuildPhase;
			buildActionMask = 2147483647;
			files = (
			);
			runOnlyForDeploymentPostprocessing = 0;
		};
/* End PBXResourcesBuildPhase section */

/* Begin PBXShellScriptBuildPhase section */
		6458DD0A1FE328C89B4914BC /* [CP] Check Pods Manifest.lock */ = {
			isa = PBXShellScriptBuildPhase;
			buildActionMask = 2147483647;
			files = (
			);
			inputPaths = (
			);
			name = "[CP] Check Pods Manifest.lock";
			outputPaths = (
			);
			runOnlyForDeploymentPostprocessing = 0;
			shellPath = /bin/sh;
			shellScript = "diff \"${PODS_ROOT}/../Podfile.lock\" \"${PODS_ROOT}/Manifest.lock\" > /dev/null\nif [[ $? != 0 ]] ; then\n    cat << EOM\nerror: The sandbox is not in sync with the Podfile.lock. Run 'pod install' or update your CocoaPods installation.\nEOM\n    exit 1\nfi\n";
			showEnvVarsInLog = 0;
		};
		6C1B698DDFC5C340B1595665 /* [CP] Copy Pods Resources */ = {
			isa = PBXShellScriptBuildPhase;
			buildActionMask = 2147483647;
			files = (
			);
			inputPaths = (
			);
			name = "[CP] Copy Pods Resources";
			outputPaths = (
			);
			runOnlyForDeploymentPostprocessing = 0;
			shellPath = /bin/sh;
			shellScript = "\"${SRCROOT}/Pods/Target Support Files/Pods-YH-IOS/Pods-YH-IOS-resources.sh\"\n";
			showEnvVarsInLog = 0;
		};
		E32AEDE46CFB22176110AA88 /* [CP] Embed Pods Frameworks */ = {
			isa = PBXShellScriptBuildPhase;
			buildActionMask = 2147483647;
			files = (
			);
			inputPaths = (
			);
			name = "[CP] Embed Pods Frameworks";
			outputPaths = (
			);
			runOnlyForDeploymentPostprocessing = 0;
			shellPath = /bin/sh;
			shellScript = "\"${SRCROOT}/Pods/Target Support Files/Pods-YH-IOS/Pods-YH-IOS-frameworks.sh\"\n";
			showEnvVarsInLog = 0;
		};
/* End PBXShellScriptBuildPhase section */

/* Begin PBXSourcesBuildPhase section */
		C4DB7D6F1C02EC0500DA534E /* Sources */ = {
			isa = PBXSourcesBuildPhase;
			buildActionMask = 2147483647;
			files = (
				C4DB7DC21C02EE3800DA534E /* ExtendNSLogFunctionality.m in Sources */,
				C4A564E41C2CECC10067516F /* UIColor+Hex.m in Sources */,
				C4DB7DCE1C02EE8E00DA534E /* BaseModel.m in Sources */,
				C4DB7DC11C02EE3800DA534E /* DateUtils.m in Sources */,
				C40D06B41C917BF80029D142 /* XPathQuery.m in Sources */,
				C4DB7DC31C02EE3800DA534E /* FileUtils.m in Sources */,
				C49E1AB71C196B5400CFFE3C /* ViewUtils.m in Sources */,
				C4DB7D781C02EC0500DA534E /* main.m in Sources */,
				C4EFE4BD1C99812B0009411A /* WebViewJavascriptBridge.m in Sources */,
				C40D06B31C917BF80029D142 /* TFHppleElement.m in Sources */,
				C4379B571C18232D0058257A /* User.m in Sources */,
				C4A564E51C2CECC10067516F /* UIWebView+Clean.m in Sources */,
				C4C628451C0C1ED6000AD5D8 /* LoginViewController.m in Sources */,
				C4ECB2801C3119E900F7947B /* NSString+MD5.m in Sources */,
				C40D06B21C917BF80029D142 /* TFHpple.m in Sources */,
				C4448C6C1C0AE3030053B431 /* HttpUtils.m in Sources */,
				C4EFE4BE1C99812B0009411A /* WebViewJavascriptBridgeBase.m in Sources */,
				C4DB7DB01C02EC3D00DA534E /* AppDelegate.m in Sources */,
				C4CF3B581C1AC75C00F58E1E /* CommentViewController.m in Sources */,
				C45D27121C23FC490087C6F2 /* README.md in Sources */,
				C49E1AB31C19632000CFFE3C /* SettingViewController.m in Sources */,
				C48DC6FF1C1E8FDD00CECB95 /* Version.m in Sources */,
				C4BA6EA41C7DB24A0059F101 /* FileUtils+Assets.m in Sources */,
				C4C628431C0C1ED6000AD5D8 /* SubjectViewController.m in Sources */,
				C4C628441C0C1ED6000AD5D8 /* DashboardViewController.m in Sources */,
				C4272CC81C5C752B00E6971B /* README.md in Sources */,
				C4EFE4BF1C99812B0009411A /* WKWebViewJavascriptBridge.m in Sources */,
				C45D27111C23FC490087C6F2 /* OpenUDID.m in Sources */,
				C488E6A11C0ED9F600EB946D /* APIHelper.m in Sources */,
				C499E8A31C3262240033BF6C /* ResetPasswordViewController.m in Sources */,
				C4DB7DCF1C02EE8E00DA534E /* HttpResponse.m in Sources */,
				C488E6A61C0F03C800EB946D /* BaseViewController.m in Sources */,
				C4A564E31C2CECC10067516F /* NSData+MD5.m in Sources */,
			);
			runOnlyForDeploymentPostprocessing = 0;
		};
		C4DB7D881C02EC0600DA534E /* Sources */ = {
			isa = PBXSourcesBuildPhase;
			buildActionMask = 2147483647;
			files = (
				C4DB7D911C02EC0600DA534E /* YH_IOSTests.m in Sources */,
			);
			runOnlyForDeploymentPostprocessing = 0;
		};
		C4DB7D931C02EC0600DA534E /* Sources */ = {
			isa = PBXSourcesBuildPhase;
			buildActionMask = 2147483647;
			files = (
				C4DB7D9C1C02EC0600DA534E /* YH_IOSUITests.m in Sources */,
			);
			runOnlyForDeploymentPostprocessing = 0;
		};
/* End PBXSourcesBuildPhase section */

/* Begin PBXTargetDependency section */
		C4DB7D8E1C02EC0600DA534E /* PBXTargetDependency */ = {
			isa = PBXTargetDependency;
			target = C4DB7D721C02EC0500DA534E /* YH-IOS */;
			targetProxy = C4DB7D8D1C02EC0600DA534E /* PBXContainerItemProxy */;
		};
		C4DB7D991C02EC0600DA534E /* PBXTargetDependency */ = {
			isa = PBXTargetDependency;
			target = C4DB7D721C02EC0500DA534E /* YH-IOS */;
			targetProxy = C4DB7D981C02EC0600DA534E /* PBXContainerItemProxy */;
		};
/* End PBXTargetDependency section */

/* Begin PBXVariantGroup section */
		C4DB7D7F1C02EC0500DA534E /* Main.storyboard */ = {
			isa = PBXVariantGroup;
			children = (
				C4DB7D801C02EC0500DA534E /* Base */,
			);
			name = Main.storyboard;
			sourceTree = "<group>";
		};
		C4DB7D841C02EC0500DA534E /* LaunchScreen.storyboard */ = {
			isa = PBXVariantGroup;
			children = (
				C4DB7D851C02EC0500DA534E /* Base */,
			);
			name = LaunchScreen.storyboard;
			sourceTree = "<group>";
		};
/* End PBXVariantGroup section */

/* Begin XCBuildConfiguration section */
		C4DB7D9E1C02EC0600DA534E /* Debug */ = {
			isa = XCBuildConfiguration;
			buildSettings = {
				ALWAYS_SEARCH_USER_PATHS = NO;
				CLANG_CXX_LANGUAGE_STANDARD = "gnu++0x";
				CLANG_CXX_LIBRARY = "libc++";
				CLANG_ENABLE_MODULES = YES;
				CLANG_ENABLE_OBJC_ARC = YES;
				CLANG_WARN_BOOL_CONVERSION = YES;
				CLANG_WARN_CONSTANT_CONVERSION = YES;
				CLANG_WARN_DIRECT_OBJC_ISA_USAGE = YES_ERROR;
				CLANG_WARN_EMPTY_BODY = YES;
				CLANG_WARN_ENUM_CONVERSION = YES;
				CLANG_WARN_INT_CONVERSION = YES;
				CLANG_WARN_OBJC_ROOT_CLASS = YES_ERROR;
				CLANG_WARN_UNREACHABLE_CODE = YES;
				CLANG_WARN__DUPLICATE_METHOD_MATCH = YES;
				"CODE_SIGN_IDENTITY[sdk=iphoneos*]" = "iPhone Developer";
				COPY_PHASE_STRIP = NO;
				DEBUG_INFORMATION_FORMAT = dwarf;
				ENABLE_STRICT_OBJC_MSGSEND = YES;
				ENABLE_TESTABILITY = YES;
				GCC_C_LANGUAGE_STANDARD = gnu99;
				GCC_DYNAMIC_NO_PIC = NO;
				GCC_NO_COMMON_BLOCKS = YES;
				GCC_OPTIMIZATION_LEVEL = 0;
				GCC_PREPROCESSOR_DEFINITIONS = (
					"DEBUG=1",
					"$(inherited)",
				);
				GCC_WARN_64_TO_32_BIT_CONVERSION = YES;
				GCC_WARN_ABOUT_RETURN_TYPE = YES_ERROR;
				GCC_WARN_UNDECLARED_SELECTOR = YES;
				GCC_WARN_UNINITIALIZED_AUTOS = YES_AGGRESSIVE;
				GCC_WARN_UNUSED_FUNCTION = YES;
				GCC_WARN_UNUSED_VARIABLE = YES;
				IPHONEOS_DEPLOYMENT_TARGET = 9.0;
				MTL_ENABLE_DEBUG_INFO = YES;
				ONLY_ACTIVE_ARCH = YES;
				SDKROOT = iphoneos;
				TARGETED_DEVICE_FAMILY = "1,2";
			};
			name = Debug;
		};
		C4DB7D9F1C02EC0600DA534E /* Release */ = {
			isa = XCBuildConfiguration;
			buildSettings = {
				ALWAYS_SEARCH_USER_PATHS = NO;
				CLANG_CXX_LANGUAGE_STANDARD = "gnu++0x";
				CLANG_CXX_LIBRARY = "libc++";
				CLANG_ENABLE_MODULES = YES;
				CLANG_ENABLE_OBJC_ARC = YES;
				CLANG_WARN_BOOL_CONVERSION = YES;
				CLANG_WARN_CONSTANT_CONVERSION = YES;
				CLANG_WARN_DIRECT_OBJC_ISA_USAGE = YES_ERROR;
				CLANG_WARN_EMPTY_BODY = YES;
				CLANG_WARN_ENUM_CONVERSION = YES;
				CLANG_WARN_INT_CONVERSION = YES;
				CLANG_WARN_OBJC_ROOT_CLASS = YES_ERROR;
				CLANG_WARN_UNREACHABLE_CODE = YES;
				CLANG_WARN__DUPLICATE_METHOD_MATCH = YES;
				"CODE_SIGN_IDENTITY[sdk=iphoneos*]" = "iPhone Developer";
				COPY_PHASE_STRIP = NO;
				DEBUG_INFORMATION_FORMAT = "dwarf-with-dsym";
				ENABLE_NS_ASSERTIONS = NO;
				ENABLE_STRICT_OBJC_MSGSEND = YES;
				GCC_C_LANGUAGE_STANDARD = gnu99;
				GCC_NO_COMMON_BLOCKS = YES;
				GCC_WARN_64_TO_32_BIT_CONVERSION = YES;
				GCC_WARN_ABOUT_RETURN_TYPE = YES_ERROR;
				GCC_WARN_UNDECLARED_SELECTOR = YES;
				GCC_WARN_UNINITIALIZED_AUTOS = YES_AGGRESSIVE;
				GCC_WARN_UNUSED_FUNCTION = YES;
				GCC_WARN_UNUSED_VARIABLE = YES;
				IPHONEOS_DEPLOYMENT_TARGET = 9.0;
				MTL_ENABLE_DEBUG_INFO = NO;
				SDKROOT = iphoneos;
				TARGETED_DEVICE_FAMILY = "1,2";
				VALIDATE_PRODUCT = YES;
			};
			name = Release;
		};
		C4DB7DA11C02EC0600DA534E /* Debug */ = {
			isa = XCBuildConfiguration;
			baseConfigurationReference = 766890D48B9541057B438511 /* Pods-YH-IOS.debug.xcconfig */;
			buildSettings = {
				ASSETCATALOG_COMPILER_APPICON_NAME = AppIcon;
				CODE_SIGN_IDENTITY = "iPhone Developer";
				"CODE_SIGN_IDENTITY[sdk=iphoneos*]" = "iPhone Developer";
				ENABLE_BITCODE = NO;
				FRAMEWORK_SEARCH_PATHS = (
					"$(inherited)",
					"$(PROJECT_DIR)",
					"$(PROJECT_DIR)/Frameworks",
				);
				HEADER_SEARCH_PATHS = (
					"$(inherited)",
					/usr/include/libxml2,
				);
				INFOPLIST_FILE = "YH-IOS/Info.plist";
				IPHONEOS_DEPLOYMENT_TARGET = 8.0;
				LD_RUNPATH_SEARCH_PATHS = "$(inherited) @executable_path/Frameworks";
				LIBRARY_SEARCH_PATHS = (
					"$(inherited)",
					"$(PROJECT_DIR)/UMessage_Sdk_1.2.6",
					"$(PROJECT_DIR)/Frameworks/UMessage_Sdk_1.2.6",
				);
				PRODUCT_BUNDLE_IDENTIFIER = com.intfocus.YongHuiChart;
				PRODUCT_NAME = "$(TARGET_NAME)";
				PROVISIONING_PROFILE = "";
			};
			name = Debug;
		};
		C4DB7DA21C02EC0600DA534E /* Release */ = {
			isa = XCBuildConfiguration;
			baseConfigurationReference = 12271BD9C7ACC15E638BF692 /* Pods-YH-IOS.release.xcconfig */;
			buildSettings = {
				ASSETCATALOG_COMPILER_APPICON_NAME = AppIcon;
				CODE_SIGN_IDENTITY = "iPhone Developer";
				"CODE_SIGN_IDENTITY[sdk=iphoneos*]" = "iPhone Developer";
				ENABLE_BITCODE = NO;
				FRAMEWORK_SEARCH_PATHS = (
					"$(inherited)",
					"$(PROJECT_DIR)",
					"$(PROJECT_DIR)/Frameworks",
				);
				HEADER_SEARCH_PATHS = (
					"$(inherited)",
					/usr/include/libxml2,
				);
				INFOPLIST_FILE = "YH-IOS/Info.plist";
				IPHONEOS_DEPLOYMENT_TARGET = 8.0;
				LD_RUNPATH_SEARCH_PATHS = "$(inherited) @executable_path/Frameworks";
				LIBRARY_SEARCH_PATHS = (
					"$(inherited)",
					"$(PROJECT_DIR)/UMessage_Sdk_1.2.6",
					"$(PROJECT_DIR)/Frameworks/UMessage_Sdk_1.2.6",
				);
				PRODUCT_BUNDLE_IDENTIFIER = com.intfocus.YongHuiChart;
				PRODUCT_NAME = "$(TARGET_NAME)";
				PROVISIONING_PROFILE = "";
			};
			name = Release;
		};
		C4DB7DA41C02EC0600DA534E /* Debug */ = {
			isa = XCBuildConfiguration;
			buildSettings = {
				BUNDLE_LOADER = "$(TEST_HOST)";
				INFOPLIST_FILE = "YH-IOSTests/Info.plist";
				LD_RUNPATH_SEARCH_PATHS = "$(inherited) @executable_path/Frameworks @loader_path/Frameworks";
				PRODUCT_BUNDLE_IDENTIFIER = "com.intfocus.YH-IOSTests";
				PRODUCT_NAME = "$(TARGET_NAME)";
				TEST_HOST = "$(BUILT_PRODUCTS_DIR)/YH-IOS.app/YH-IOS";
			};
			name = Debug;
		};
		C4DB7DA51C02EC0600DA534E /* Release */ = {
			isa = XCBuildConfiguration;
			buildSettings = {
				BUNDLE_LOADER = "$(TEST_HOST)";
				INFOPLIST_FILE = "YH-IOSTests/Info.plist";
				LD_RUNPATH_SEARCH_PATHS = "$(inherited) @executable_path/Frameworks @loader_path/Frameworks";
				PRODUCT_BUNDLE_IDENTIFIER = "com.intfocus.YH-IOSTests";
				PRODUCT_NAME = "$(TARGET_NAME)";
				TEST_HOST = "$(BUILT_PRODUCTS_DIR)/YH-IOS.app/YH-IOS";
			};
			name = Release;
		};
		C4DB7DA71C02EC0600DA534E /* Debug */ = {
			isa = XCBuildConfiguration;
			buildSettings = {
				INFOPLIST_FILE = "YH-IOSUITests/Info.plist";
				LD_RUNPATH_SEARCH_PATHS = "$(inherited) @executable_path/Frameworks @loader_path/Frameworks";
				PRODUCT_BUNDLE_IDENTIFIER = "com.intfocus.YH-IOSUITests";
				PRODUCT_NAME = "$(TARGET_NAME)";
				TEST_TARGET_NAME = "YH-IOS";
				USES_XCTRUNNER = YES;
			};
			name = Debug;
		};
		C4DB7DA81C02EC0600DA534E /* Release */ = {
			isa = XCBuildConfiguration;
			buildSettings = {
				INFOPLIST_FILE = "YH-IOSUITests/Info.plist";
				LD_RUNPATH_SEARCH_PATHS = "$(inherited) @executable_path/Frameworks @loader_path/Frameworks";
				PRODUCT_BUNDLE_IDENTIFIER = "com.intfocus.YH-IOSUITests";
				PRODUCT_NAME = "$(TARGET_NAME)";
				TEST_TARGET_NAME = "YH-IOS";
				USES_XCTRUNNER = YES;
			};
			name = Release;
		};
/* End XCBuildConfiguration section */

/* Begin XCConfigurationList section */
		C4DB7D6E1C02EC0500DA534E /* Build configuration list for PBXProject "YH-IOS" */ = {
			isa = XCConfigurationList;
			buildConfigurations = (
				C4DB7D9E1C02EC0600DA534E /* Debug */,
				C4DB7D9F1C02EC0600DA534E /* Release */,
			);
			defaultConfigurationIsVisible = 0;
			defaultConfigurationName = Release;
		};
		C4DB7DA01C02EC0600DA534E /* Build configuration list for PBXNativeTarget "YH-IOS" */ = {
			isa = XCConfigurationList;
			buildConfigurations = (
				C4DB7DA11C02EC0600DA534E /* Debug */,
				C4DB7DA21C02EC0600DA534E /* Release */,
			);
			defaultConfigurationIsVisible = 0;
			defaultConfigurationName = Release;
		};
		C4DB7DA31C02EC0600DA534E /* Build configuration list for PBXNativeTarget "YH-IOSTests" */ = {
			isa = XCConfigurationList;
			buildConfigurations = (
				C4DB7DA41C02EC0600DA534E /* Debug */,
				C4DB7DA51C02EC0600DA534E /* Release */,
			);
			defaultConfigurationIsVisible = 0;
			defaultConfigurationName = Release;
		};
		C4DB7DA61C02EC0600DA534E /* Build configuration list for PBXNativeTarget "YH-IOSUITests" */ = {
			isa = XCConfigurationList;
			buildConfigurations = (
				C4DB7DA71C02EC0600DA534E /* Debug */,
				C4DB7DA81C02EC0600DA534E /* Release */,
			);
			defaultConfigurationIsVisible = 0;
			defaultConfigurationName = Release;
		};
/* End XCConfigurationList section */
	};
	rootObject = C4DB7D6B1C02EC0500DA534E /* Project object */;
}
