// !$*UTF8*$!
{
	archiveVersion = 1;
	classes = {
	};
	objectVersion = 46;
	objects = {

/* Begin PBXBuildFile section */
		9E9EEC1875A034202F52C155 /* libPods-YH-IOS.a in Frameworks */ = {isa = PBXBuildFile; fileRef = 6A867606F7216FABE6624278 /* libPods-YH-IOS.a */; };
		C403433C1D6ADEAB00625D53 /* UIButton+Badge.m in Sources */ = {isa = PBXBuildFile; fileRef = C40343371D6ADEAB00625D53 /* UIButton+Badge.m */; };
		C403433D1D6ADEAB00625D53 /* UILabel+Badge.m in Sources */ = {isa = PBXBuildFile; fileRef = C40343391D6ADEAB00625D53 /* UILabel+Badge.m */; };
		C403433E1D6ADEAB00625D53 /* UITabBar+Badge.m in Sources */ = {isa = PBXBuildFile; fileRef = C403433B1D6ADEAB00625D53 /* UITabBar+Badge.m */; };
		C40D06B21C917BF80029D142 /* TFHpple.m in Sources */ = {isa = PBXBuildFile; fileRef = C40D06AD1C917BF80029D142 /* TFHpple.m */; };
		C40D06B31C917BF80029D142 /* TFHppleElement.m in Sources */ = {isa = PBXBuildFile; fileRef = C40D06AF1C917BF80029D142 /* TFHppleElement.m */; };
		C40D06B41C917BF80029D142 /* XPathQuery.m in Sources */ = {isa = PBXBuildFile; fileRef = C40D06B11C917BF80029D142 /* XPathQuery.m */; };
		C41D78981D2B83E400D0B8F4 /* Security.framework in Frameworks */ = {isa = PBXBuildFile; fileRef = C41D78971D2B83E400D0B8F4 /* Security.framework */; };
		C41D789A1D2B83ED00D0B8F4 /* libiconv.tbd in Frameworks */ = {isa = PBXBuildFile; fileRef = C41D78991D2B83ED00D0B8F4 /* libiconv.tbd */; };
		C41D789C1D2B840000D0B8F4 /* CoreGraphics.framework in Frameworks */ = {isa = PBXBuildFile; fileRef = C41D789B1D2B840000D0B8F4 /* CoreGraphics.framework */; };
		C41D789E1D2B841200D0B8F4 /* libsqlite3.tbd in Frameworks */ = {isa = PBXBuildFile; fileRef = C41D789D1D2B841200D0B8F4 /* libsqlite3.tbd */; };
		C41D78A01D2B842800D0B8F4 /* libstdc++.tbd in Frameworks */ = {isa = PBXBuildFile; fileRef = C41D789F1D2B842800D0B8F4 /* libstdc++.tbd */; };
		C41D78A21D2B843300D0B8F4 /* libz.tbd in Frameworks */ = {isa = PBXBuildFile; fileRef = C41D78A11D2B843300D0B8F4 /* libz.tbd */; };
		C41E4FA61C0FE00A00E1B514 /* PgySDK.framework in Frameworks */ = {isa = PBXBuildFile; fileRef = C41E4FA41C0FE00A00E1B514 /* PgySDK.framework */; };
		C41E4FA71C0FE00A00E1B514 /* PgyUpdate.framework in Frameworks */ = {isa = PBXBuildFile; fileRef = C41E4FA51C0FE00A00E1B514 /* PgyUpdate.framework */; };
		C4272CC81C5C752B00E6971B /* README.md in Sources */ = {isa = PBXBuildFile; fileRef = C4272CC71C5C752A00E6971B /* README.md */; };
		C4272CCA1C5CBA4700E6971B /* loading.zip in Resources */ = {isa = PBXBuildFile; fileRef = C4272CC91C5CBA4700E6971B /* loading.zip */; };
		C42ECED41D66EE8E00C5F762 /* DropTableViewCell.m in Sources */ = {isa = PBXBuildFile; fileRef = C42ECED31D66EE8E00C5F762 /* DropTableViewCell.m */; };
		C4379B571C18232D0058257A /* User.m in Sources */ = {isa = PBXBuildFile; fileRef = C4379B561C18232D0058257A /* User.m */; };
		C4448C6C1C0AE3030053B431 /* HttpUtils.m in Sources */ = {isa = PBXBuildFile; fileRef = C4448C6B1C0AE3030053B431 /* HttpUtils.m */; };
		C45D27111C23FC490087C6F2 /* OpenUDID.m in Sources */ = {isa = PBXBuildFile; fileRef = C45D270F1C23FC490087C6F2 /* OpenUDID.m */; };
		C45D27121C23FC490087C6F2 /* README.md in Sources */ = {isa = PBXBuildFile; fileRef = C45D27101C23FC490087C6F2 /* README.md */; };
		C46903941D5CC75F00233D05 /* BarCodeScan.zip in Resources */ = {isa = PBXBuildFile; fileRef = C46903931D5CC75F00233D05 /* BarCodeScan.zip */; };
		C46903971D5CC81A00233D05 /* SelectStoreViewController.m in Sources */ = {isa = PBXBuildFile; fileRef = C46903961D5CC81A00233D05 /* SelectStoreViewController.m */; };
		C46F6A961D0671C900C561CE /* SubLBXScanViewController.m in Sources */ = {isa = PBXBuildFile; fileRef = C46F6A951D0671C900C561CE /* SubLBXScanViewController.m */; };
		C46F6A981D06720A00C561CE /* CodeScan.bundle in Resources */ = {isa = PBXBuildFile; fileRef = C46F6A971D06720A00C561CE /* CodeScan.bundle */; };
		C46F6A9B1D0673AB00C561CE /* MyQRViewController.m in Sources */ = {isa = PBXBuildFile; fileRef = C46F6A9A1D0673AB00C561CE /* MyQRViewController.m */; };
		C4771BA61C058A1800AAF44F /* libxml2.tbd in Frameworks */ = {isa = PBXBuildFile; fileRef = C4771BA51C058A1800AAF44F /* libxml2.tbd */; };
		C4771BA91C058A7B00AAF44F /* PgySDK.framework in Frameworks */ = {isa = PBXBuildFile; fileRef = C4771BA71C058A7B00AAF44F /* PgySDK.framework */; };
		C4771BAA1C058A7B00AAF44F /* PgyUpdate.framework in Frameworks */ = {isa = PBXBuildFile; fileRef = C4771BA81C058A7B00AAF44F /* PgyUpdate.framework */; };
		C4771BAC1C058C4400AAF44F /* SystemConfiguration.framework in Frameworks */ = {isa = PBXBuildFile; fileRef = C4771BAB1C058C4400AAF44F /* SystemConfiguration.framework */; };
		C4771BAE1C058C6600AAF44F /* AVFoundation.framework in Frameworks */ = {isa = PBXBuildFile; fileRef = C4771BAD1C058C6600AAF44F /* AVFoundation.framework */; };
		C4771BB01C058C6F00AAF44F /* AudioToolbox.framework in Frameworks */ = {isa = PBXBuildFile; fileRef = C4771BAF1C058C6F00AAF44F /* AudioToolbox.framework */; };
		C4771BB21C058C7C00AAF44F /* CoreMotion.framework in Frameworks */ = {isa = PBXBuildFile; fileRef = C4771BB11C058C7C00AAF44F /* CoreMotion.framework */; };
		C4771BB41C058C8400AAF44F /* OpenGLES.framework in Frameworks */ = {isa = PBXBuildFile; fileRef = C4771BB31C058C8400AAF44F /* OpenGLES.framework */; };
		C4771BB61C058C9000AAF44F /* CoreTelephony.framework in Frameworks */ = {isa = PBXBuildFile; fileRef = C4771BB51C058C9000AAF44F /* CoreTelephony.framework */; };
		C488E6A11C0ED9F600EB946D /* APIHelper.m in Sources */ = {isa = PBXBuildFile; fileRef = C488E6A01C0ED9F600EB946D /* APIHelper.m */; };
		C488E6A61C0F03C800EB946D /* BaseViewController.m in Sources */ = {isa = PBXBuildFile; fileRef = C488E6A51C0F03C800EB946D /* BaseViewController.m */; };
		C48924E51D858F0A00859411 /* ResetPasswordViewController.m in Sources */ = {isa = PBXBuildFile; fileRef = C48924D21D858F0A00859411 /* ResetPasswordViewController.m */; };
		C48924E61D858F0A00859411 /* GestureTableViewCell.m in Sources */ = {isa = PBXBuildFile; fileRef = C48924D51D858F0A00859411 /* GestureTableViewCell.m */; };
		C48924E71D858F0A00859411 /* OneButtonTableViewCell.m in Sources */ = {isa = PBXBuildFile; fileRef = C48924D71D858F0A00859411 /* OneButtonTableViewCell.m */; };
		C48924E81D858F0A00859411 /* PgyUpdateTableViewCell.m in Sources */ = {isa = PBXBuildFile; fileRef = C48924D91D858F0A00859411 /* PgyUpdateTableViewCell.m */; };
		C48924E91D858F0A00859411 /* SettingDefaultTableViewCell.m in Sources */ = {isa = PBXBuildFile; fileRef = C48924DB1D858F0A00859411 /* SettingDefaultTableViewCell.m */; };
		C48924EA1D858F0A00859411 /* SwitchTableViewCell.m in Sources */ = {isa = PBXBuildFile; fileRef = C48924DD1D858F0A00859411 /* SwitchTableViewCell.m */; };
		C48924EB1D858F0A00859411 /* ThurSayTableViewCell.m in Sources */ = {isa = PBXBuildFile; fileRef = C48924DF1D858F0A00859411 /* ThurSayTableViewCell.m */; };
		C48924EC1D858F0A00859411 /* UserHeadView.m in Sources */ = {isa = PBXBuildFile; fileRef = C48924E11D858F0A00859411 /* UserHeadView.m */; };
		C48924ED1D858F0A00859411 /* ThurSayViewController.m in Sources */ = {isa = PBXBuildFile; fileRef = C48924E41D858F0A00859411 /* ThurSayViewController.m */; };
		C48C03CA1CABB27B000D9D22 /* libUMessage_Sdk_1.2.6.a in Frameworks */ = {isa = PBXBuildFile; fileRef = C48C03C81CABB27B000D9D22 /* libUMessage_Sdk_1.2.6.a */; };
		C48DC6FF1C1E8FDD00CECB95 /* Version.m in Sources */ = {isa = PBXBuildFile; fileRef = C48DC6FC1C1E8FDD00CECB95 /* Version.m */; };
		C49BB9AA1D8C2538004C9F70 /* Constant.m in Sources */ = {isa = PBXBuildFile; fileRef = C49BB9A91D8C2538004C9F70 /* Constant.m */; };
		C49E1AB31C19632000CFFE3C /* SettingViewController.m in Sources */ = {isa = PBXBuildFile; fileRef = C49E1AB21C19632000CFFE3C /* SettingViewController.m */; };
		C49E1AB71C196B5400CFFE3C /* ViewUtils.m in Sources */ = {isa = PBXBuildFile; fileRef = C49E1AB61C196B5400CFFE3C /* ViewUtils.m */; };
		C4A564E31C2CECC10067516F /* NSData+MD5.m in Sources */ = {isa = PBXBuildFile; fileRef = C4A564DC1C2CECC10067516F /* NSData+MD5.m */; };
		C4A564E41C2CECC10067516F /* UIColor+Hex.m in Sources */ = {isa = PBXBuildFile; fileRef = C4A564DF1C2CECC10067516F /* UIColor+Hex.m */; };
		C4A564E51C2CECC10067516F /* UIWebView+Clean.m in Sources */ = {isa = PBXBuildFile; fileRef = C4A564E21C2CECC10067516F /* UIWebView+Clean.m */; };
		C4BA6EA41C7DB24A0059F101 /* FileUtils+Assets.m in Sources */ = {isa = PBXBuildFile; fileRef = C4BA6EA31C7DB24A0059F101 /* FileUtils+Assets.m */; };
		C4C284E61D06BB1A009458E6 /* ScanResultViewController.m in Sources */ = {isa = PBXBuildFile; fileRef = C4C284E41D06BB1A009458E6 /* ScanResultViewController.m */; };
		C4C628431C0C1ED6000AD5D8 /* SubjectViewController.m in Sources */ = {isa = PBXBuildFile; fileRef = C4C6283C1C0C1ED6000AD5D8 /* SubjectViewController.m */; };
		C4C628441C0C1ED6000AD5D8 /* DashboardViewController.m in Sources */ = {isa = PBXBuildFile; fileRef = C4C6283F1C0C1ED6000AD5D8 /* DashboardViewController.m */; };
		C4C628451C0C1ED6000AD5D8 /* LoginViewController.m in Sources */ = {isa = PBXBuildFile; fileRef = C4C628421C0C1ED6000AD5D8 /* LoginViewController.m */; };
		C4CF3B581C1AC75C00F58E1E /* CommentViewController.m in Sources */ = {isa = PBXBuildFile; fileRef = C4CF3B571C1AC75C00F58E1E /* CommentViewController.m */; };
		C4DB7D781C02EC0500DA534E /* main.m in Sources */ = {isa = PBXBuildFile; fileRef = C4DB7D771C02EC0500DA534E /* main.m */; };
		C4DB7D811C02EC0500DA534E /* Main.storyboard in Resources */ = {isa = PBXBuildFile; fileRef = C4DB7D7F1C02EC0500DA534E /* Main.storyboard */; };
		C4DB7D831C02EC0500DA534E /* Assets.xcassets in Resources */ = {isa = PBXBuildFile; fileRef = C4DB7D821C02EC0500DA534E /* Assets.xcassets */; };
		C4DB7D861C02EC0500DA534E /* LaunchScreen.storyboard in Resources */ = {isa = PBXBuildFile; fileRef = C4DB7D841C02EC0500DA534E /* LaunchScreen.storyboard */; };
		C4DB7D911C02EC0600DA534E /* YH_IOSTests.m in Sources */ = {isa = PBXBuildFile; fileRef = C4DB7D901C02EC0600DA534E /* YH_IOSTests.m */; };
		C4DB7D9C1C02EC0600DA534E /* YH_IOSUITests.m in Sources */ = {isa = PBXBuildFile; fileRef = C4DB7D9B1C02EC0600DA534E /* YH_IOSUITests.m */; };
		C4DB7DB01C02EC3D00DA534E /* AppDelegate.m in Sources */ = {isa = PBXBuildFile; fileRef = C4DB7DAE1C02EC3D00DA534E /* AppDelegate.m */; };
		C4DB7DC11C02EE3800DA534E /* DateUtils.m in Sources */ = {isa = PBXBuildFile; fileRef = C4DB7DB81C02EE3800DA534E /* DateUtils.m */; };
		C4DB7DC21C02EE3800DA534E /* ExtendNSLogFunctionality.m in Sources */ = {isa = PBXBuildFile; fileRef = C4DB7DBA1C02EE3800DA534E /* ExtendNSLogFunctionality.m */; };
		C4DB7DC31C02EE3800DA534E /* FileUtils.m in Sources */ = {isa = PBXBuildFile; fileRef = C4DB7DBD1C02EE3800DA534E /* FileUtils.m */; };
		C4DB7DCE1C02EE8E00DA534E /* BaseModel.m in Sources */ = {isa = PBXBuildFile; fileRef = C4DB7DCA1C02EE8E00DA534E /* BaseModel.m */; };
		C4DB7DCF1C02EE8E00DA534E /* HttpResponse.m in Sources */ = {isa = PBXBuildFile; fileRef = C4DB7DCD1C02EE8E00DA534E /* HttpResponse.m */; };
		C4DEBB5A1D3CD22D00EEBC29 /* FileUtils+Report.m in Sources */ = {isa = PBXBuildFile; fileRef = C4DEBB591D3CD22D00EEBC29 /* FileUtils+Report.m */; };
		C4E93F0F1D38C01D00DBEC90 /* ReportSelectorViewController.m in Sources */ = {isa = PBXBuildFile; fileRef = C4E93F0E1D38C01D00DBEC90 /* ReportSelectorViewController.m */; };
		C4ECB2801C3119E900F7947B /* NSString+MD5.m in Sources */ = {isa = PBXBuildFile; fileRef = C4ECB27F1C3119E900F7947B /* NSString+MD5.m */; };
		C4EFE4AF1C98F60A0009411A /* fonts.zip in Resources */ = {isa = PBXBuildFile; fileRef = C4EFE4AA1C98F60A0009411A /* fonts.zip */; };
		C4EFE4B01C98F60A0009411A /* stylesheets.zip in Resources */ = {isa = PBXBuildFile; fileRef = C4EFE4AB1C98F60A0009411A /* stylesheets.zip */; };
		C4EFE4B11C98F60A0009411A /* javascripts.zip in Resources */ = {isa = PBXBuildFile; fileRef = C4EFE4AC1C98F60A0009411A /* javascripts.zip */; };
		C4EFE4B21C98F60A0009411A /* images.zip in Resources */ = {isa = PBXBuildFile; fileRef = C4EFE4AD1C98F60A0009411A /* images.zip */; };
		C4EFE4B31C98F60A0009411A /* assets.zip in Resources */ = {isa = PBXBuildFile; fileRef = C4EFE4AE1C98F60A0009411A /* assets.zip */; };
		C4EFE4BC1C99812B0009411A /* WebViewJavascriptBridge.js.txt in Resources */ = {isa = PBXBuildFile; fileRef = C4EFE4B61C99812B0009411A /* WebViewJavascriptBridge.js.txt */; };
		C4EFE4BD1C99812B0009411A /* WebViewJavascriptBridge.m in Sources */ = {isa = PBXBuildFile; fileRef = C4EFE4B71C99812B0009411A /* WebViewJavascriptBridge.m */; };
		C4EFE4BE1C99812B0009411A /* WebViewJavascriptBridgeBase.m in Sources */ = {isa = PBXBuildFile; fileRef = C4EFE4B91C99812B0009411A /* WebViewJavascriptBridgeBase.m */; };
		C4EFE4BF1C99812B0009411A /* WKWebViewJavascriptBridge.m in Sources */ = {isa = PBXBuildFile; fileRef = C4EFE4BB1C99812B0009411A /* WKWebViewJavascriptBridge.m */; };
		F630B2E61D98FAB600CAA6A0 /* SearchTableViewCell.m in Sources */ = {isa = PBXBuildFile; fileRef = F630B2E51D98FAB600CAA6A0 /* SearchTableViewCell.m */; };
		F63A5BBF1DCAE2CB0092FC24 /* libz.1.1.3.tbd in Frameworks */ = {isa = PBXBuildFile; fileRef = F63A5BBE1DCAE2CB0092FC24 /* libz.1.1.3.tbd */; };
		F63A5BC11DCAE3520092FC24 /* AddressBook.framework in Frameworks */ = {isa = PBXBuildFile; fileRef = F63A5BC01DCAE3520092FC24 /* AddressBook.framework */; };
		F63A5BC31DCAE6BF0092FC24 /* iflyMSC.framework in Frameworks */ = {isa = PBXBuildFile; fileRef = F63A5BC21DCAE6BF0092FC24 /* iflyMSC.framework */; };
		F63A5BC71DCB17980092FC24 /* VoiceSpeechView.m in Sources */ = {isa = PBXBuildFile; fileRef = F63A5BC61DCB17980092FC24 /* VoiceSpeechView.m */; };
		F64903BC1DB5CD9B0001DD2B /* UserInfoViewController.m in Sources */ = {isa = PBXBuildFile; fileRef = F64903BB1DB5CD9B0001DD2B /* UserInfoViewController.m */; };
		F68089541D8930C400CDBAF8 /* DropViewController.m in Sources */ = {isa = PBXBuildFile; fileRef = F68089531D8930C400CDBAF8 /* DropViewController.m */; };
		F68EB9E91DB74CB40020DD17 /* LoadingView.m in Sources */ = {isa = PBXBuildFile; fileRef = F68EB9E81DB74CB40020DD17 /* LoadingView.m */; };
		F6D749EA1DCC767300921C76 /* PcmPlayer.m in Sources */ = {isa = PBXBuildFile; fileRef = F6D749E81DCC767300921C76 /* PcmPlayer.m */; };
		F6F5CBC51D7C157100A1E779 /* UIButton+SettingBadge.m in Sources */ = {isa = PBXBuildFile; fileRef = F6F5CBC41D7C157100A1E779 /* UIButton+SettingBadge.m */; };
/* End PBXBuildFile section */

/* Begin PBXContainerItemProxy section */
		C4DB7D8D1C02EC0600DA534E /* PBXContainerItemProxy */ = {
			isa = PBXContainerItemProxy;
			containerPortal = C4DB7D6B1C02EC0500DA534E /* Project object */;
			proxyType = 1;
			remoteGlobalIDString = C4DB7D721C02EC0500DA534E;
			remoteInfo = "YH-IOS";
		};
		C4DB7D981C02EC0600DA534E /* PBXContainerItemProxy */ = {
			isa = PBXContainerItemProxy;
			containerPortal = C4DB7D6B1C02EC0500DA534E /* Project object */;
			proxyType = 1;
			remoteGlobalIDString = C4DB7D721C02EC0500DA534E;
			remoteInfo = "YH-IOS";
		};
/* End PBXContainerItemProxy section */

/* Begin PBXFileReference section */
		12271BD9C7ACC15E638BF692 /* Pods-YH-IOS.release.xcconfig */ = {isa = PBXFileReference; includeInIndex = 1; lastKnownFileType = text.xcconfig; name = "Pods-YH-IOS.release.xcconfig"; path = "Pods/Target Support Files/Pods-YH-IOS/Pods-YH-IOS.release.xcconfig"; sourceTree = "<group>"; };
		185BA5271DB2573500EE9ADD /* PrivateConstants.h */ = {isa = PBXFileReference; fileEncoding = 4; lastKnownFileType = sourcecode.c.h; path = PrivateConstants.h; sourceTree = "<group>"; };
		6A867606F7216FABE6624278 /* libPods-YH-IOS.a */ = {isa = PBXFileReference; explicitFileType = archive.ar; includeInIndex = 0; path = "libPods-YH-IOS.a"; sourceTree = BUILT_PRODUCTS_DIR; };
		766890D48B9541057B438511 /* Pods-YH-IOS.debug.xcconfig */ = {isa = PBXFileReference; includeInIndex = 1; lastKnownFileType = text.xcconfig; name = "Pods-YH-IOS.debug.xcconfig"; path = "Pods/Target Support Files/Pods-YH-IOS/Pods-YH-IOS.debug.xcconfig"; sourceTree = "<group>"; };
		C40343361D6ADEAB00625D53 /* UIButton+Badge.h */ = {isa = PBXFileReference; fileEncoding = 4; lastKnownFileType = sourcecode.c.h; path = "UIButton+Badge.h"; sourceTree = "<group>"; };
		C40343371D6ADEAB00625D53 /* UIButton+Badge.m */ = {isa = PBXFileReference; fileEncoding = 4; lastKnownFileType = sourcecode.c.objc; path = "UIButton+Badge.m"; sourceTree = "<group>"; };
		C40343381D6ADEAB00625D53 /* UILabel+Badge.h */ = {isa = PBXFileReference; fileEncoding = 4; lastKnownFileType = sourcecode.c.h; path = "UILabel+Badge.h"; sourceTree = "<group>"; };
		C40343391D6ADEAB00625D53 /* UILabel+Badge.m */ = {isa = PBXFileReference; fileEncoding = 4; lastKnownFileType = sourcecode.c.objc; path = "UILabel+Badge.m"; sourceTree = "<group>"; };
		C403433A1D6ADEAB00625D53 /* UITabBar+Badge.h */ = {isa = PBXFileReference; fileEncoding = 4; lastKnownFileType = sourcecode.c.h; path = "UITabBar+Badge.h"; sourceTree = "<group>"; };
		C403433B1D6ADEAB00625D53 /* UITabBar+Badge.m */ = {isa = PBXFileReference; fileEncoding = 4; lastKnownFileType = sourcecode.c.objc; path = "UITabBar+Badge.m"; sourceTree = "<group>"; };
		C40D06AC1C917BF80029D142 /* TFHpple.h */ = {isa = PBXFileReference; fileEncoding = 4; lastKnownFileType = sourcecode.c.h; path = TFHpple.h; sourceTree = "<group>"; };
		C40D06AD1C917BF80029D142 /* TFHpple.m */ = {isa = PBXFileReference; fileEncoding = 4; lastKnownFileType = sourcecode.c.objc; path = TFHpple.m; sourceTree = "<group>"; };
		C40D06AE1C917BF80029D142 /* TFHppleElement.h */ = {isa = PBXFileReference; fileEncoding = 4; lastKnownFileType = sourcecode.c.h; path = TFHppleElement.h; sourceTree = "<group>"; };
		C40D06AF1C917BF80029D142 /* TFHppleElement.m */ = {isa = PBXFileReference; fileEncoding = 4; lastKnownFileType = sourcecode.c.objc; path = TFHppleElement.m; sourceTree = "<group>"; };
		C40D06B01C917BF80029D142 /* XPathQuery.h */ = {isa = PBXFileReference; fileEncoding = 4; lastKnownFileType = sourcecode.c.h; path = XPathQuery.h; sourceTree = "<group>"; };
		C40D06B11C917BF80029D142 /* XPathQuery.m */ = {isa = PBXFileReference; fileEncoding = 4; lastKnownFileType = sourcecode.c.objc; path = XPathQuery.m; sourceTree = "<group>"; };
		C41D78971D2B83E400D0B8F4 /* Security.framework */ = {isa = PBXFileReference; lastKnownFileType = wrapper.framework; name = Security.framework; path = System/Library/Frameworks/Security.framework; sourceTree = SDKROOT; };
		C41D78991D2B83ED00D0B8F4 /* libiconv.tbd */ = {isa = PBXFileReference; lastKnownFileType = "sourcecode.text-based-dylib-definition"; name = libiconv.tbd; path = usr/lib/libiconv.tbd; sourceTree = SDKROOT; };
		C41D789B1D2B840000D0B8F4 /* CoreGraphics.framework */ = {isa = PBXFileReference; lastKnownFileType = wrapper.framework; name = CoreGraphics.framework; path = System/Library/Frameworks/CoreGraphics.framework; sourceTree = SDKROOT; };
		C41D789D1D2B841200D0B8F4 /* libsqlite3.tbd */ = {isa = PBXFileReference; lastKnownFileType = "sourcecode.text-based-dylib-definition"; name = libsqlite3.tbd; path = usr/lib/libsqlite3.tbd; sourceTree = SDKROOT; };
		C41D789F1D2B842800D0B8F4 /* libstdc++.tbd */ = {isa = PBXFileReference; lastKnownFileType = "sourcecode.text-based-dylib-definition"; name = "libstdc++.tbd"; path = "usr/lib/libstdc++.tbd"; sourceTree = SDKROOT; };
		C41D78A11D2B843300D0B8F4 /* libz.tbd */ = {isa = PBXFileReference; lastKnownFileType = "sourcecode.text-based-dylib-definition"; name = libz.tbd; path = usr/lib/libz.tbd; sourceTree = SDKROOT; };
		C41E4FA41C0FE00A00E1B514 /* PgySDK.framework */ = {isa = PBXFileReference; lastKnownFileType = wrapper.framework; name = PgySDK.framework; path = Frameworks/PgySDK.framework; sourceTree = "<group>"; };
		C41E4FA51C0FE00A00E1B514 /* PgyUpdate.framework */ = {isa = PBXFileReference; lastKnownFileType = wrapper.framework; name = PgyUpdate.framework; path = Frameworks/PgyUpdate.framework; sourceTree = "<group>"; };
		C4272CC71C5C752A00E6971B /* README.md */ = {isa = PBXFileReference; fileEncoding = 4; lastKnownFileType = net.daringfireball.markdown; path = README.md; sourceTree = "<group>"; };
		C4272CC91C5CBA4700E6971B /* loading.zip */ = {isa = PBXFileReference; lastKnownFileType = archive.zip; path = loading.zip; sourceTree = "<group>"; };
		C42ECED21D66EE8E00C5F762 /* DropTableViewCell.h */ = {isa = PBXFileReference; fileEncoding = 4; lastKnownFileType = sourcecode.c.h; name = DropTableViewCell.h; path = ../Dashboard/DropMenu/DropTableViewCell.h; sourceTree = "<group>"; };
		C42ECED31D66EE8E00C5F762 /* DropTableViewCell.m */ = {isa = PBXFileReference; fileEncoding = 4; lastKnownFileType = sourcecode.c.objc; name = DropTableViewCell.m; path = ../Dashboard/DropMenu/DropTableViewCell.m; sourceTree = "<group>"; };
		C4379B551C18232D0058257A /* User.h */ = {isa = PBXFileReference; fileEncoding = 4; lastKnownFileType = sourcecode.c.h; path = User.h; sourceTree = "<group>"; };
		C4379B561C18232D0058257A /* User.m */ = {isa = PBXFileReference; fileEncoding = 4; lastKnownFileType = sourcecode.c.objc; path = User.m; sourceTree = "<group>"; };
		C4448C6B1C0AE3030053B431 /* HttpUtils.m */ = {isa = PBXFileReference; fileEncoding = 4; lastKnownFileType = sourcecode.c.objc; path = HttpUtils.m; sourceTree = "<group>"; };
		C45D270E1C23FC490087C6F2 /* OpenUDID.h */ = {isa = PBXFileReference; fileEncoding = 4; lastKnownFileType = sourcecode.c.h; path = OpenUDID.h; sourceTree = "<group>"; };
		C45D270F1C23FC490087C6F2 /* OpenUDID.m */ = {isa = PBXFileReference; fileEncoding = 4; lastKnownFileType = sourcecode.c.objc; path = OpenUDID.m; sourceTree = "<group>"; };
		C45D27101C23FC490087C6F2 /* README.md */ = {isa = PBXFileReference; fileEncoding = 4; lastKnownFileType = net.daringfireball.markdown; path = README.md; sourceTree = "<group>"; };
		C46903931D5CC75F00233D05 /* BarCodeScan.zip */ = {isa = PBXFileReference; lastKnownFileType = archive.zip; path = BarCodeScan.zip; sourceTree = "<group>"; };
		C46903951D5CC81A00233D05 /* SelectStoreViewController.h */ = {isa = PBXFileReference; fileEncoding = 4; lastKnownFileType = sourcecode.c.h; path = SelectStoreViewController.h; sourceTree = "<group>"; };
		C46903961D5CC81A00233D05 /* SelectStoreViewController.m */ = {isa = PBXFileReference; fileEncoding = 4; lastKnownFileType = sourcecode.c.objc; path = SelectStoreViewController.m; sourceTree = "<group>"; };
		C46F6A941D0671C900C561CE /* SubLBXScanViewController.h */ = {isa = PBXFileReference; fileEncoding = 4; lastKnownFileType = sourcecode.c.h; path = SubLBXScanViewController.h; sourceTree = "<group>"; };
		C46F6A951D0671C900C561CE /* SubLBXScanViewController.m */ = {isa = PBXFileReference; fileEncoding = 4; lastKnownFileType = sourcecode.c.objc; path = SubLBXScanViewController.m; sourceTree = "<group>"; };
		C46F6A971D06720A00C561CE /* CodeScan.bundle */ = {isa = PBXFileReference; lastKnownFileType = "wrapper.plug-in"; path = CodeScan.bundle; sourceTree = "<group>"; };
		C46F6A991D0673AB00C561CE /* MyQRViewController.h */ = {isa = PBXFileReference; fileEncoding = 4; lastKnownFileType = sourcecode.c.h; path = MyQRViewController.h; sourceTree = "<group>"; };
		C46F6A9A1D0673AB00C561CE /* MyQRViewController.m */ = {isa = PBXFileReference; fileEncoding = 4; lastKnownFileType = sourcecode.c.objc; path = MyQRViewController.m; sourceTree = "<group>"; };
		C4771BA51C058A1800AAF44F /* libxml2.tbd */ = {isa = PBXFileReference; lastKnownFileType = "sourcecode.text-based-dylib-definition"; name = libxml2.tbd; path = usr/lib/libxml2.tbd; sourceTree = SDKROOT; };
		C4771BA71C058A7B00AAF44F /* PgySDK.framework */ = {isa = PBXFileReference; lastKnownFileType = wrapper.framework; path = PgySDK.framework; sourceTree = "<group>"; };
		C4771BA81C058A7B00AAF44F /* PgyUpdate.framework */ = {isa = PBXFileReference; lastKnownFileType = wrapper.framework; path = PgyUpdate.framework; sourceTree = "<group>"; };
		C4771BAB1C058C4400AAF44F /* SystemConfiguration.framework */ = {isa = PBXFileReference; lastKnownFileType = wrapper.framework; name = SystemConfiguration.framework; path = System/Library/Frameworks/SystemConfiguration.framework; sourceTree = SDKROOT; };
		C4771BAD1C058C6600AAF44F /* AVFoundation.framework */ = {isa = PBXFileReference; lastKnownFileType = wrapper.framework; name = AVFoundation.framework; path = System/Library/Frameworks/AVFoundation.framework; sourceTree = SDKROOT; };
		C4771BAF1C058C6F00AAF44F /* AudioToolbox.framework */ = {isa = PBXFileReference; lastKnownFileType = wrapper.framework; name = AudioToolbox.framework; path = System/Library/Frameworks/AudioToolbox.framework; sourceTree = SDKROOT; };
		C4771BB11C058C7C00AAF44F /* CoreMotion.framework */ = {isa = PBXFileReference; lastKnownFileType = wrapper.framework; name = CoreMotion.framework; path = System/Library/Frameworks/CoreMotion.framework; sourceTree = SDKROOT; };
		C4771BB31C058C8400AAF44F /* OpenGLES.framework */ = {isa = PBXFileReference; lastKnownFileType = wrapper.framework; name = OpenGLES.framework; path = System/Library/Frameworks/OpenGLES.framework; sourceTree = SDKROOT; };
		C4771BB51C058C9000AAF44F /* CoreTelephony.framework */ = {isa = PBXFileReference; lastKnownFileType = wrapper.framework; name = CoreTelephony.framework; path = System/Library/Frameworks/CoreTelephony.framework; sourceTree = SDKROOT; };
		C4771BB71C058D1700AAF44F /* libxml2.2.tbd */ = {isa = PBXFileReference; lastKnownFileType = "sourcecode.text-based-dylib-definition"; name = libxml2.2.tbd; path = usr/lib/libxml2.2.tbd; sourceTree = SDKROOT; };
		C488E69F1C0ED9F600EB946D /* APIHelper.h */ = {isa = PBXFileReference; fileEncoding = 4; lastKnownFileType = sourcecode.c.h; path = APIHelper.h; sourceTree = "<group>"; };
		C488E6A01C0ED9F600EB946D /* APIHelper.m */ = {isa = PBXFileReference; fileEncoding = 4; lastKnownFileType = sourcecode.c.objc; path = APIHelper.m; sourceTree = "<group>"; };
		C488E6A41C0F03C800EB946D /* BaseViewController.h */ = {isa = PBXFileReference; fileEncoding = 4; lastKnownFileType = sourcecode.c.h; path = BaseViewController.h; sourceTree = "<group>"; };
		C488E6A51C0F03C800EB946D /* BaseViewController.m */ = {isa = PBXFileReference; fileEncoding = 4; lastKnownFileType = sourcecode.c.objc; path = BaseViewController.m; sourceTree = "<group>"; };
		C48924D11D858F0A00859411 /* ResetPasswordViewController.h */ = {isa = PBXFileReference; fileEncoding = 4; lastKnownFileType = sourcecode.c.h; path = ResetPasswordViewController.h; sourceTree = "<group>"; };
		C48924D21D858F0A00859411 /* ResetPasswordViewController.m */ = {isa = PBXFileReference; fileEncoding = 4; lastKnownFileType = sourcecode.c.objc; path = ResetPasswordViewController.m; sourceTree = "<group>"; };
		C48924D41D858F0A00859411 /* GestureTableViewCell.h */ = {isa = PBXFileReference; fileEncoding = 4; lastKnownFileType = sourcecode.c.h; path = GestureTableViewCell.h; sourceTree = "<group>"; };
		C48924D51D858F0A00859411 /* GestureTableViewCell.m */ = {isa = PBXFileReference; fileEncoding = 4; lastKnownFileType = sourcecode.c.objc; path = GestureTableViewCell.m; sourceTree = "<group>"; };
		C48924D61D858F0A00859411 /* OneButtonTableViewCell.h */ = {isa = PBXFileReference; fileEncoding = 4; lastKnownFileType = sourcecode.c.h; path = OneButtonTableViewCell.h; sourceTree = "<group>"; };
		C48924D71D858F0A00859411 /* OneButtonTableViewCell.m */ = {isa = PBXFileReference; fileEncoding = 4; lastKnownFileType = sourcecode.c.objc; path = OneButtonTableViewCell.m; sourceTree = "<group>"; };
		C48924D81D858F0A00859411 /* PgyUpdateTableViewCell.h */ = {isa = PBXFileReference; fileEncoding = 4; lastKnownFileType = sourcecode.c.h; path = PgyUpdateTableViewCell.h; sourceTree = "<group>"; };
		C48924D91D858F0A00859411 /* PgyUpdateTableViewCell.m */ = {isa = PBXFileReference; fileEncoding = 4; lastKnownFileType = sourcecode.c.objc; path = PgyUpdateTableViewCell.m; sourceTree = "<group>"; };
		C48924DA1D858F0A00859411 /* SettingDefaultTableViewCell.h */ = {isa = PBXFileReference; fileEncoding = 4; lastKnownFileType = sourcecode.c.h; path = SettingDefaultTableViewCell.h; sourceTree = "<group>"; };
		C48924DB1D858F0A00859411 /* SettingDefaultTableViewCell.m */ = {isa = PBXFileReference; fileEncoding = 4; lastKnownFileType = sourcecode.c.objc; path = SettingDefaultTableViewCell.m; sourceTree = "<group>"; };
		C48924DC1D858F0A00859411 /* SwitchTableViewCell.h */ = {isa = PBXFileReference; fileEncoding = 4; lastKnownFileType = sourcecode.c.h; path = SwitchTableViewCell.h; sourceTree = "<group>"; };
		C48924DD1D858F0A00859411 /* SwitchTableViewCell.m */ = {isa = PBXFileReference; fileEncoding = 4; lastKnownFileType = sourcecode.c.objc; path = SwitchTableViewCell.m; sourceTree = "<group>"; };
		C48924DE1D858F0A00859411 /* ThurSayTableViewCell.h */ = {isa = PBXFileReference; fileEncoding = 4; lastKnownFileType = sourcecode.c.h; path = ThurSayTableViewCell.h; sourceTree = "<group>"; };
		C48924DF1D858F0A00859411 /* ThurSayTableViewCell.m */ = {isa = PBXFileReference; fileEncoding = 4; lastKnownFileType = sourcecode.c.objc; path = ThurSayTableViewCell.m; sourceTree = "<group>"; };
		C48924E01D858F0A00859411 /* UserHeadView.h */ = {isa = PBXFileReference; fileEncoding = 4; lastKnownFileType = sourcecode.c.h; path = UserHeadView.h; sourceTree = "<group>"; };
		C48924E11D858F0A00859411 /* UserHeadView.m */ = {isa = PBXFileReference; fileEncoding = 4; lastKnownFileType = sourcecode.c.objc; path = UserHeadView.m; sourceTree = "<group>"; };
		C48924E31D858F0A00859411 /* ThurSayViewController.h */ = {isa = PBXFileReference; fileEncoding = 4; lastKnownFileType = sourcecode.c.h; path = ThurSayViewController.h; sourceTree = "<group>"; };
		C48924E41D858F0A00859411 /* ThurSayViewController.m */ = {isa = PBXFileReference; fileEncoding = 4; lastKnownFileType = sourcecode.c.objc; path = ThurSayViewController.m; sourceTree = "<group>"; };
		C48C03C81CABB27B000D9D22 /* libUMessage_Sdk_1.2.6.a */ = {isa = PBXFileReference; lastKnownFileType = archive.ar; path = libUMessage_Sdk_1.2.6.a; sourceTree = "<group>"; };
		C48C03C91CABB27B000D9D22 /* UMessage.h */ = {isa = PBXFileReference; fileEncoding = 4; lastKnownFileType = sourcecode.c.h; path = UMessage.h; sourceTree = "<group>"; };
		C48DC6FB1C1E8FDD00CECB95 /* Version.h */ = {isa = PBXFileReference; fileEncoding = 4; lastKnownFileType = sourcecode.c.h; path = Version.h; sourceTree = "<group>"; };
		C48DC6FC1C1E8FDD00CECB95 /* Version.m */ = {isa = PBXFileReference; fileEncoding = 4; lastKnownFileType = sourcecode.c.objc; path = Version.m; sourceTree = "<group>"; };
		C49BB9A91D8C2538004C9F70 /* Constant.m */ = {isa = PBXFileReference; fileEncoding = 4; lastKnownFileType = sourcecode.c.objc; path = Constant.m; sourceTree = "<group>"; };
		C49BB9AB1D8C2548004C9F70 /* Constant.h */ = {isa = PBXFileReference; lastKnownFileType = sourcecode.c.h; path = Constant.h; sourceTree = "<group>"; };
		C49E1AB11C19632000CFFE3C /* SettingViewController.h */ = {isa = PBXFileReference; fileEncoding = 4; lastKnownFileType = sourcecode.c.h; path = SettingViewController.h; sourceTree = "<group>"; };
		C49E1AB21C19632000CFFE3C /* SettingViewController.m */ = {isa = PBXFileReference; fileEncoding = 4; lastKnownFileType = sourcecode.c.objc; path = SettingViewController.m; sourceTree = "<group>"; };
		C49E1AB51C196B5400CFFE3C /* ViewUtils.h */ = {isa = PBXFileReference; fileEncoding = 4; lastKnownFileType = sourcecode.c.h; path = ViewUtils.h; sourceTree = "<group>"; };
		C49E1AB61C196B5400CFFE3C /* ViewUtils.m */ = {isa = PBXFileReference; fileEncoding = 4; lastKnownFileType = sourcecode.c.objc; path = ViewUtils.m; sourceTree = "<group>"; };
		C4A564DB1C2CECC10067516F /* NSData+MD5.h */ = {isa = PBXFileReference; fileEncoding = 4; lastKnownFileType = sourcecode.c.h; path = "NSData+MD5.h"; sourceTree = "<group>"; };
		C4A564DC1C2CECC10067516F /* NSData+MD5.m */ = {isa = PBXFileReference; fileEncoding = 4; lastKnownFileType = sourcecode.c.objc; path = "NSData+MD5.m"; sourceTree = "<group>"; };
		C4A564DE1C2CECC10067516F /* UIColor+Hex.h */ = {isa = PBXFileReference; fileEncoding = 4; lastKnownFileType = sourcecode.c.h; path = "UIColor+Hex.h"; sourceTree = "<group>"; };
		C4A564DF1C2CECC10067516F /* UIColor+Hex.m */ = {isa = PBXFileReference; fileEncoding = 4; lastKnownFileType = sourcecode.c.objc; path = "UIColor+Hex.m"; sourceTree = "<group>"; };
		C4A564E11C2CECC10067516F /* UIWebView+Clean.h */ = {isa = PBXFileReference; fileEncoding = 4; lastKnownFileType = sourcecode.c.h; path = "UIWebView+Clean.h"; sourceTree = "<group>"; };
		C4A564E21C2CECC10067516F /* UIWebView+Clean.m */ = {isa = PBXFileReference; fileEncoding = 4; lastKnownFileType = sourcecode.c.objc; path = "UIWebView+Clean.m"; sourceTree = "<group>"; };
		C4BA6EA21C7DB24A0059F101 /* FileUtils+Assets.h */ = {isa = PBXFileReference; fileEncoding = 4; lastKnownFileType = sourcecode.c.h; path = "FileUtils+Assets.h"; sourceTree = "<group>"; };
		C4BA6EA31C7DB24A0059F101 /* FileUtils+Assets.m */ = {isa = PBXFileReference; fileEncoding = 4; lastKnownFileType = sourcecode.c.objc; path = "FileUtils+Assets.m"; sourceTree = "<group>"; };
		C4C284E41D06BB1A009458E6 /* ScanResultViewController.m */ = {isa = PBXFileReference; fileEncoding = 4; lastKnownFileType = sourcecode.c.objc; path = ScanResultViewController.m; sourceTree = "<group>"; };
		C4C284E51D06BB1A009458E6 /* ScanResultViewController.h */ = {isa = PBXFileReference; fileEncoding = 4; lastKnownFileType = sourcecode.c.h; path = ScanResultViewController.h; sourceTree = "<group>"; };
		C4C6283B1C0C1ED6000AD5D8 /* SubjectViewController.h */ = {isa = PBXFileReference; fileEncoding = 4; lastKnownFileType = sourcecode.c.h; path = SubjectViewController.h; sourceTree = "<group>"; };
		C4C6283C1C0C1ED6000AD5D8 /* SubjectViewController.m */ = {isa = PBXFileReference; fileEncoding = 4; lastKnownFileType = sourcecode.c.objc; path = SubjectViewController.m; sourceTree = "<group>"; };
		C4C6283E1C0C1ED6000AD5D8 /* DashboardViewController.h */ = {isa = PBXFileReference; fileEncoding = 4; lastKnownFileType = sourcecode.c.h; path = DashboardViewController.h; sourceTree = "<group>"; };
		C4C6283F1C0C1ED6000AD5D8 /* DashboardViewController.m */ = {isa = PBXFileReference; fileEncoding = 4; lastKnownFileType = sourcecode.c.objc; path = DashboardViewController.m; sourceTree = "<group>"; };
		C4C628411C0C1ED6000AD5D8 /* LoginViewController.h */ = {isa = PBXFileReference; fileEncoding = 4; lastKnownFileType = sourcecode.c.h; path = LoginViewController.h; sourceTree = "<group>"; };
		C4C628421C0C1ED6000AD5D8 /* LoginViewController.m */ = {isa = PBXFileReference; fileEncoding = 4; lastKnownFileType = sourcecode.c.objc; path = LoginViewController.m; sourceTree = "<group>"; };
		C4CF3B561C1AC75C00F58E1E /* CommentViewController.h */ = {isa = PBXFileReference; fileEncoding = 4; lastKnownFileType = sourcecode.c.h; path = CommentViewController.h; sourceTree = "<group>"; };
		C4CF3B571C1AC75C00F58E1E /* CommentViewController.m */ = {isa = PBXFileReference; fileEncoding = 4; lastKnownFileType = sourcecode.c.objc; path = CommentViewController.m; sourceTree = "<group>"; };
		C4DB7D731C02EC0500DA534E /* YH-IOS.app */ = {isa = PBXFileReference; explicitFileType = wrapper.application; includeInIndex = 0; path = "YH-IOS.app"; sourceTree = BUILT_PRODUCTS_DIR; };
		C4DB7D771C02EC0500DA534E /* main.m */ = {isa = PBXFileReference; lastKnownFileType = sourcecode.c.objc; path = main.m; sourceTree = "<group>"; };
		C4DB7D801C02EC0500DA534E /* Base */ = {isa = PBXFileReference; lastKnownFileType = file.storyboard; name = Base; path = Base.lproj/Main.storyboard; sourceTree = "<group>"; };
		C4DB7D821C02EC0500DA534E /* Assets.xcassets */ = {isa = PBXFileReference; lastKnownFileType = folder.assetcatalog; path = Assets.xcassets; sourceTree = "<group>"; };
		C4DB7D851C02EC0500DA534E /* Base */ = {isa = PBXFileReference; lastKnownFileType = file.storyboard; name = Base; path = Base.lproj/LaunchScreen.storyboard; sourceTree = "<group>"; };
		C4DB7D871C02EC0500DA534E /* Info.plist */ = {isa = PBXFileReference; lastKnownFileType = text.plist.xml; path = Info.plist; sourceTree = "<group>"; };
		C4DB7D8C1C02EC0600DA534E /* YH-IOSTests.xctest */ = {isa = PBXFileReference; explicitFileType = wrapper.cfbundle; includeInIndex = 0; path = "YH-IOSTests.xctest"; sourceTree = BUILT_PRODUCTS_DIR; };
		C4DB7D901C02EC0600DA534E /* YH_IOSTests.m */ = {isa = PBXFileReference; lastKnownFileType = sourcecode.c.objc; path = YH_IOSTests.m; sourceTree = "<group>"; };
		C4DB7D921C02EC0600DA534E /* Info.plist */ = {isa = PBXFileReference; lastKnownFileType = text.plist.xml; path = Info.plist; sourceTree = "<group>"; };
		C4DB7D971C02EC0600DA534E /* YH-IOSUITests.xctest */ = {isa = PBXFileReference; explicitFileType = wrapper.cfbundle; includeInIndex = 0; path = "YH-IOSUITests.xctest"; sourceTree = BUILT_PRODUCTS_DIR; };
		C4DB7D9B1C02EC0600DA534E /* YH_IOSUITests.m */ = {isa = PBXFileReference; lastKnownFileType = sourcecode.c.objc; path = YH_IOSUITests.m; sourceTree = "<group>"; };
		C4DB7D9D1C02EC0600DA534E /* Info.plist */ = {isa = PBXFileReference; lastKnownFileType = text.plist.xml; path = Info.plist; sourceTree = "<group>"; };
		C4DB7DAD1C02EC3D00DA534E /* AppDelegate.h */ = {isa = PBXFileReference; fileEncoding = 4; lastKnownFileType = sourcecode.c.h; path = AppDelegate.h; sourceTree = "<group>"; };
		C4DB7DAE1C02EC3D00DA534E /* AppDelegate.m */ = {isa = PBXFileReference; fileEncoding = 4; lastKnownFileType = sourcecode.c.objc; path = AppDelegate.m; sourceTree = "<group>"; };
		C4DB7DB71C02EE3800DA534E /* DateUtils.h */ = {isa = PBXFileReference; fileEncoding = 4; lastKnownFileType = sourcecode.c.h; path = DateUtils.h; sourceTree = "<group>"; };
		C4DB7DB81C02EE3800DA534E /* DateUtils.m */ = {isa = PBXFileReference; fileEncoding = 4; lastKnownFileType = sourcecode.c.objc; path = DateUtils.m; sourceTree = "<group>"; };
		C4DB7DB91C02EE3800DA534E /* ExtendNSLogFunctionality.h */ = {isa = PBXFileReference; fileEncoding = 4; lastKnownFileType = sourcecode.c.h; path = ExtendNSLogFunctionality.h; sourceTree = "<group>"; };
		C4DB7DBA1C02EE3800DA534E /* ExtendNSLogFunctionality.m */ = {isa = PBXFileReference; fileEncoding = 4; lastKnownFileType = sourcecode.c.objc; path = ExtendNSLogFunctionality.m; sourceTree = "<group>"; };
		C4DB7DBC1C02EE3800DA534E /* FileUtils.h */ = {isa = PBXFileReference; fileEncoding = 4; lastKnownFileType = sourcecode.c.h; path = FileUtils.h; sourceTree = "<group>"; };
		C4DB7DBD1C02EE3800DA534E /* FileUtils.m */ = {isa = PBXFileReference; fileEncoding = 4; lastKnownFileType = sourcecode.c.objc; path = FileUtils.m; sourceTree = "<group>"; };
		C4DB7DBF1C02EE3800DA534E /* HttpUtils.h */ = {isa = PBXFileReference; fileEncoding = 4; lastKnownFileType = sourcecode.c.h; path = HttpUtils.h; sourceTree = "<group>"; };
		C4DB7DC91C02EE8E00DA534E /* BaseModel.h */ = {isa = PBXFileReference; fileEncoding = 4; lastKnownFileType = sourcecode.c.h; path = BaseModel.h; sourceTree = "<group>"; };
		C4DB7DCA1C02EE8E00DA534E /* BaseModel.m */ = {isa = PBXFileReference; fileEncoding = 4; lastKnownFileType = sourcecode.c.objc; path = BaseModel.m; sourceTree = "<group>"; };
		C4DB7DCC1C02EE8E00DA534E /* HttpResponse.h */ = {isa = PBXFileReference; fileEncoding = 4; lastKnownFileType = sourcecode.c.h; path = HttpResponse.h; sourceTree = "<group>"; };
		C4DB7DCD1C02EE8E00DA534E /* HttpResponse.m */ = {isa = PBXFileReference; fileEncoding = 4; lastKnownFileType = sourcecode.c.objc; path = HttpResponse.m; sourceTree = "<group>"; };
		C4DEBB581D3CD22D00EEBC29 /* FileUtils+Report.h */ = {isa = PBXFileReference; fileEncoding = 4; lastKnownFileType = sourcecode.c.h; path = "FileUtils+Report.h"; sourceTree = "<group>"; };
		C4DEBB591D3CD22D00EEBC29 /* FileUtils+Report.m */ = {isa = PBXFileReference; fileEncoding = 4; lastKnownFileType = sourcecode.c.objc; path = "FileUtils+Report.m"; sourceTree = "<group>"; };
		C4E93F0D1D38C01D00DBEC90 /* ReportSelectorViewController.h */ = {isa = PBXFileReference; fileEncoding = 4; lastKnownFileType = sourcecode.c.h; path = ReportSelectorViewController.h; sourceTree = "<group>"; };
		C4E93F0E1D38C01D00DBEC90 /* ReportSelectorViewController.m */ = {isa = PBXFileReference; fileEncoding = 4; lastKnownFileType = sourcecode.c.objc; path = ReportSelectorViewController.m; sourceTree = "<group>"; };
		C4ECB27E1C3119E900F7947B /* NSString+MD5.h */ = {isa = PBXFileReference; fileEncoding = 4; lastKnownFileType = sourcecode.c.h; path = "NSString+MD5.h"; sourceTree = "<group>"; };
		C4ECB27F1C3119E900F7947B /* NSString+MD5.m */ = {isa = PBXFileReference; fileEncoding = 4; lastKnownFileType = sourcecode.c.objc; path = "NSString+MD5.m"; sourceTree = "<group>"; };
		C4EFE4AA1C98F60A0009411A /* fonts.zip */ = {isa = PBXFileReference; lastKnownFileType = archive.zip; path = fonts.zip; sourceTree = "<group>"; };
		C4EFE4AB1C98F60A0009411A /* stylesheets.zip */ = {isa = PBXFileReference; lastKnownFileType = archive.zip; path = stylesheets.zip; sourceTree = "<group>"; };
		C4EFE4AC1C98F60A0009411A /* javascripts.zip */ = {isa = PBXFileReference; lastKnownFileType = archive.zip; path = javascripts.zip; sourceTree = "<group>"; };
		C4EFE4AD1C98F60A0009411A /* images.zip */ = {isa = PBXFileReference; lastKnownFileType = archive.zip; path = images.zip; sourceTree = "<group>"; };
		C4EFE4AE1C98F60A0009411A /* assets.zip */ = {isa = PBXFileReference; lastKnownFileType = archive.zip; path = assets.zip; sourceTree = "<group>"; };
		C4EFE4B51C99812B0009411A /* WebViewJavascriptBridge.h */ = {isa = PBXFileReference; fileEncoding = 4; lastKnownFileType = sourcecode.c.h; path = WebViewJavascriptBridge.h; sourceTree = "<group>"; };
		C4EFE4B61C99812B0009411A /* WebViewJavascriptBridge.js.txt */ = {isa = PBXFileReference; fileEncoding = 4; lastKnownFileType = text; path = WebViewJavascriptBridge.js.txt; sourceTree = "<group>"; };
		C4EFE4B71C99812B0009411A /* WebViewJavascriptBridge.m */ = {isa = PBXFileReference; fileEncoding = 4; lastKnownFileType = sourcecode.c.objc; path = WebViewJavascriptBridge.m; sourceTree = "<group>"; };
		C4EFE4B81C99812B0009411A /* WebViewJavascriptBridgeBase.h */ = {isa = PBXFileReference; fileEncoding = 4; lastKnownFileType = sourcecode.c.h; path = WebViewJavascriptBridgeBase.h; sourceTree = "<group>"; };
		C4EFE4B91C99812B0009411A /* WebViewJavascriptBridgeBase.m */ = {isa = PBXFileReference; fileEncoding = 4; lastKnownFileType = sourcecode.c.objc; path = WebViewJavascriptBridgeBase.m; sourceTree = "<group>"; };
		C4EFE4BA1C99812B0009411A /* WKWebViewJavascriptBridge.h */ = {isa = PBXFileReference; fileEncoding = 4; lastKnownFileType = sourcecode.c.h; path = WKWebViewJavascriptBridge.h; sourceTree = "<group>"; };
		C4EFE4BB1C99812B0009411A /* WKWebViewJavascriptBridge.m */ = {isa = PBXFileReference; fileEncoding = 4; lastKnownFileType = sourcecode.c.objc; path = WKWebViewJavascriptBridge.m; sourceTree = "<group>"; };
		F630B2E41D98FAB600CAA6A0 /* SearchTableViewCell.h */ = {isa = PBXFileReference; fileEncoding = 4; lastKnownFileType = sourcecode.c.h; path = SearchTableViewCell.h; sourceTree = "<group>"; };
		F630B2E51D98FAB600CAA6A0 /* SearchTableViewCell.m */ = {isa = PBXFileReference; fileEncoding = 4; lastKnownFileType = sourcecode.c.objc; path = SearchTableViewCell.m; sourceTree = "<group>"; };
		F63A5BBC1DCAE0BC0092FC24 /* iflyMSC.framework */ = {isa = PBXFileReference; lastKnownFileType = wrapper.framework; name = iflyMSC.framework; path = ../iOS_voice_1144_54bfa2c0/lib/iflyMSC.framework; sourceTree = "<group>"; };
		F63A5BBE1DCAE2CB0092FC24 /* libz.1.1.3.tbd */ = {isa = PBXFileReference; lastKnownFileType = "sourcecode.text-based-dylib-definition"; name = libz.1.1.3.tbd; path = usr/lib/libz.1.1.3.tbd; sourceTree = SDKROOT; };
		F63A5BC01DCAE3520092FC24 /* AddressBook.framework */ = {isa = PBXFileReference; lastKnownFileType = wrapper.framework; name = AddressBook.framework; path = System/Library/Frameworks/AddressBook.framework; sourceTree = SDKROOT; };
		F63A5BC21DCAE6BF0092FC24 /* iflyMSC.framework */ = {isa = PBXFileReference; lastKnownFileType = wrapper.framework; name = iflyMSC.framework; path = Frameworks/iflyMSC.framework; sourceTree = "<group>"; };
		F63A5BC51DCB17980092FC24 /* VoiceSpeechView.h */ = {isa = PBXFileReference; fileEncoding = 4; lastKnownFileType = sourcecode.c.h; path = VoiceSpeechView.h; sourceTree = "<group>"; };
		F63A5BC61DCB17980092FC24 /* VoiceSpeechView.m */ = {isa = PBXFileReference; fileEncoding = 4; lastKnownFileType = sourcecode.c.objc; path = VoiceSpeechView.m; sourceTree = "<group>"; };
		F64903BA1DB5CD9B0001DD2B /* UserInfoViewController.h */ = {isa = PBXFileReference; fileEncoding = 4; lastKnownFileType = sourcecode.c.h; path = UserInfoViewController.h; sourceTree = "<group>"; };
		F64903BB1DB5CD9B0001DD2B /* UserInfoViewController.m */ = {isa = PBXFileReference; fileEncoding = 4; lastKnownFileType = sourcecode.c.objc; path = UserInfoViewController.m; sourceTree = "<group>"; };
		F68089521D8930C400CDBAF8 /* DropViewController.h */ = {isa = PBXFileReference; fileEncoding = 4; lastKnownFileType = sourcecode.c.h; path = DropViewController.h; sourceTree = "<group>"; };
		F68089531D8930C400CDBAF8 /* DropViewController.m */ = {isa = PBXFileReference; fileEncoding = 4; lastKnownFileType = sourcecode.c.objc; path = DropViewController.m; sourceTree = "<group>"; };
		F68EB9E71DB74CB40020DD17 /* LoadingView.h */ = {isa = PBXFileReference; fileEncoding = 4; lastKnownFileType = sourcecode.c.h; path = LoadingView.h; sourceTree = "<group>"; };
		F68EB9E81DB74CB40020DD17 /* LoadingView.m */ = {isa = PBXFileReference; fileEncoding = 4; lastKnownFileType = sourcecode.c.objc; path = LoadingView.m; sourceTree = "<group>"; };
		F6C5562A1DC19E5C0058F6EC /* YH-IOS.entitlements */ = {isa = PBXFileReference; lastKnownFileType = text.plist.entitlements; path = "YH-IOS.entitlements"; sourceTree = "<group>"; };
		F6D749E71DCC767300921C76 /* PcmPlayer.h */ = {isa = PBXFileReference; fileEncoding = 4; lastKnownFileType = sourcecode.c.h; path = PcmPlayer.h; sourceTree = "<group>"; };
		F6D749E81DCC767300921C76 /* PcmPlayer.m */ = {isa = PBXFileReference; fileEncoding = 4; lastKnownFileType = sourcecode.c.objc; path = PcmPlayer.m; sourceTree = "<group>"; };
		F6D749E91DCC767300921C76 /* PcmPlayerDelegate.h */ = {isa = PBXFileReference; fileEncoding = 4; lastKnownFileType = sourcecode.c.h; path = PcmPlayerDelegate.h; sourceTree = "<group>"; };
		F6F5CBC31D7C157100A1E779 /* UIButton+SettingBadge.h */ = {isa = PBXFileReference; fileEncoding = 4; lastKnownFileType = sourcecode.c.h; path = "UIButton+SettingBadge.h"; sourceTree = "<group>"; };
		F6F5CBC41D7C157100A1E779 /* UIButton+SettingBadge.m */ = {isa = PBXFileReference; fileEncoding = 4; lastKnownFileType = sourcecode.c.objc; path = "UIButton+SettingBadge.m"; sourceTree = "<group>"; };
/* End PBXFileReference section */

/* Begin PBXFrameworksBuildPhase section */
		C4DB7D701C02EC0500DA534E /* Frameworks */ = {
			isa = PBXFrameworksBuildPhase;
			buildActionMask = 2147483647;
			files = (
				F63A5BC31DCAE6BF0092FC24 /* iflyMSC.framework in Frameworks */,
				F63A5BC11DCAE3520092FC24 /* AddressBook.framework in Frameworks */,
				C4771BB61C058C9000AAF44F /* CoreTelephony.framework in Frameworks */,
				F63A5BBF1DCAE2CB0092FC24 /* libz.1.1.3.tbd in Frameworks */,
				C41D78A21D2B843300D0B8F4 /* libz.tbd in Frameworks */,
				C41D78A01D2B842800D0B8F4 /* libstdc++.tbd in Frameworks */,
				C41D789E1D2B841200D0B8F4 /* libsqlite3.tbd in Frameworks */,
				C41D789C1D2B840000D0B8F4 /* CoreGraphics.framework in Frameworks */,
				C41D789A1D2B83ED00D0B8F4 /* libiconv.tbd in Frameworks */,
				C41D78981D2B83E400D0B8F4 /* Security.framework in Frameworks */,
				C41E4FA61C0FE00A00E1B514 /* PgySDK.framework in Frameworks */,
				C48C03CA1CABB27B000D9D22 /* libUMessage_Sdk_1.2.6.a in Frameworks */,
				C4771BB41C058C8400AAF44F /* OpenGLES.framework in Frameworks */,
				C4771BB21C058C7C00AAF44F /* CoreMotion.framework in Frameworks */,
				C4771BB01C058C6F00AAF44F /* AudioToolbox.framework in Frameworks */,
				C4771BAE1C058C6600AAF44F /* AVFoundation.framework in Frameworks */,
				C41E4FA71C0FE00A00E1B514 /* PgyUpdate.framework in Frameworks */,
				C4771BAC1C058C4400AAF44F /* SystemConfiguration.framework in Frameworks */,
				C4771BA61C058A1800AAF44F /* libxml2.tbd in Frameworks */,
				C4771BA91C058A7B00AAF44F /* PgySDK.framework in Frameworks */,
				C4771BAA1C058A7B00AAF44F /* PgyUpdate.framework in Frameworks */,
				9E9EEC1875A034202F52C155 /* libPods-YH-IOS.a in Frameworks */,
			);
			runOnlyForDeploymentPostprocessing = 0;
		};
		C4DB7D891C02EC0600DA534E /* Frameworks */ = {
			isa = PBXFrameworksBuildPhase;
			buildActionMask = 2147483647;
			files = (
			);
			runOnlyForDeploymentPostprocessing = 0;
		};
		C4DB7D941C02EC0600DA534E /* Frameworks */ = {
			isa = PBXFrameworksBuildPhase;
			buildActionMask = 2147483647;
			files = (
			);
			runOnlyForDeploymentPostprocessing = 0;
		};
/* End PBXFrameworksBuildPhase section */

/* Begin PBXGroup section */
		6B174869F4F001C543623475 /* Pods */ = {
			isa = PBXGroup;
			children = (
				766890D48B9541057B438511 /* Pods-YH-IOS.debug.xcconfig */,
				12271BD9C7ACC15E638BF692 /* Pods-YH-IOS.release.xcconfig */,
			);
			name = Pods;
			sourceTree = "<group>";
		};
		C40343351D6ADEAB00625D53 /* ViewBadge */ = {
			isa = PBXGroup;
			children = (
				C40343361D6ADEAB00625D53 /* UIButton+Badge.h */,
				C40343371D6ADEAB00625D53 /* UIButton+Badge.m */,
				C40343381D6ADEAB00625D53 /* UILabel+Badge.h */,
				C40343391D6ADEAB00625D53 /* UILabel+Badge.m */,
				C403433A1D6ADEAB00625D53 /* UITabBar+Badge.h */,
				C403433B1D6ADEAB00625D53 /* UITabBar+Badge.m */,
				F6F5CBC31D7C157100A1E779 /* UIButton+SettingBadge.h */,
				F6F5CBC41D7C157100A1E779 /* UIButton+SettingBadge.m */,
			);
			path = ViewBadge;
			sourceTree = "<group>";
		};
		C40D06AB1C917BF80029D142 /* hpple */ = {
			isa = PBXGroup;
			children = (
				C40D06AC1C917BF80029D142 /* TFHpple.h */,
				C40D06AD1C917BF80029D142 /* TFHpple.m */,
				C40D06AE1C917BF80029D142 /* TFHppleElement.h */,
				C40D06AF1C917BF80029D142 /* TFHppleElement.m */,
				C40D06B01C917BF80029D142 /* XPathQuery.h */,
				C40D06B11C917BF80029D142 /* XPathQuery.m */,
			);
			path = hpple;
			sourceTree = "<group>";
		};
		C4379B541C1823110058257A /* User */ = {
			isa = PBXGroup;
			children = (
				C4379B551C18232D0058257A /* User.h */,
				C4379B561C18232D0058257A /* User.m */,
			);
			path = User;
			sourceTree = "<group>";
		};
		C45D270D1C23FC490087C6F2 /* OpenUUID */ = {
			isa = PBXGroup;
			children = (
				C45D270E1C23FC490087C6F2 /* OpenUDID.h */,
				C45D270F1C23FC490087C6F2 /* OpenUDID.m */,
				C45D27101C23FC490087C6F2 /* README.md */,
			);
			path = OpenUUID;
			sourceTree = "<group>";
		};
		C46F6A931D0671C900C561CE /* BarCodeScan */ = {
			isa = PBXGroup;
			children = (
				C46903951D5CC81A00233D05 /* SelectStoreViewController.h */,
				C46903961D5CC81A00233D05 /* SelectStoreViewController.m */,
				C4C284E51D06BB1A009458E6 /* ScanResultViewController.h */,
				C4C284E41D06BB1A009458E6 /* ScanResultViewController.m */,
				C46F6A991D0673AB00C561CE /* MyQRViewController.h */,
				C46F6A9A1D0673AB00C561CE /* MyQRViewController.m */,
				C46F6A941D0671C900C561CE /* SubLBXScanViewController.h */,
				C46F6A951D0671C900C561CE /* SubLBXScanViewController.m */,
			);
			name = BarCodeScan;
			path = LBXScan;
			sourceTree = "<group>";
		};
		C4771B881C05871300AAF44F /* Vendor */ = {
			isa = PBXGroup;
			children = (
				C46F6A971D06720A00C561CE /* CodeScan.bundle */,
				C4EFE4B41C99812B0009411A /* WebViewJavascriptBridge */,
				C40D06AB1C917BF80029D142 /* hpple */,
				C45D270D1C23FC490087C6F2 /* OpenUUID */,
			);
			path = Vendor;
			sourceTree = "<group>";
		};
		C488E69E1C0ED9D500EB946D /* APIHelper */ = {
			isa = PBXGroup;
			children = (
				C488E69F1C0ED9F600EB946D /* APIHelper.h */,
				C488E6A01C0ED9F600EB946D /* APIHelper.m */,
			);
			name = APIHelper;
			path = APIUtils;
			sourceTree = "<group>";
		};
		C48924D01D858F0A00859411 /* ResetPassword */ = {
			isa = PBXGroup;
			children = (
				C48924D11D858F0A00859411 /* ResetPasswordViewController.h */,
				C48924D21D858F0A00859411 /* ResetPasswordViewController.m */,
			);
			path = ResetPassword;
			sourceTree = "<group>";
		};
		C48924D31D858F0A00859411 /* SettingTableViewCell */ = {
			isa = PBXGroup;
			children = (
				C48924D41D858F0A00859411 /* GestureTableViewCell.h */,
				C48924D51D858F0A00859411 /* GestureTableViewCell.m */,
				C48924D61D858F0A00859411 /* OneButtonTableViewCell.h */,
				C48924D71D858F0A00859411 /* OneButtonTableViewCell.m */,
				C48924D81D858F0A00859411 /* PgyUpdateTableViewCell.h */,
				C48924D91D858F0A00859411 /* PgyUpdateTableViewCell.m */,
				C48924DA1D858F0A00859411 /* SettingDefaultTableViewCell.h */,
				C48924DB1D858F0A00859411 /* SettingDefaultTableViewCell.m */,
				C48924DC1D858F0A00859411 /* SwitchTableViewCell.h */,
				C48924DD1D858F0A00859411 /* SwitchTableViewCell.m */,
				C48924DE1D858F0A00859411 /* ThurSayTableViewCell.h */,
				C48924DF1D858F0A00859411 /* ThurSayTableViewCell.m */,
				C48924E01D858F0A00859411 /* UserHeadView.h */,
				C48924E11D858F0A00859411 /* UserHeadView.m */,
			);
			path = SettingTableViewCell;
			sourceTree = "<group>";
		};
		C48924E21D858F0A00859411 /* ThursdaySay */ = {
			isa = PBXGroup;
			children = (
				C48924E31D858F0A00859411 /* ThurSayViewController.h */,
				C48924E41D858F0A00859411 /* ThurSayViewController.m */,
			);
			path = ThursdaySay;
			sourceTree = "<group>";
		};
		C48C03C71CABB27B000D9D22 /* UMessage_Sdk_1.2.6 */ = {
			isa = PBXGroup;
			children = (
				C48C03C81CABB27B000D9D22 /* libUMessage_Sdk_1.2.6.a */,
				C48C03C91CABB27B000D9D22 /* UMessage.h */,
			);
			name = UMessage_Sdk_1.2.6;
			path = Frameworks/UMessage_Sdk_1.2.6;
			sourceTree = "<group>";
		};
		C48DC6F61C1E8FDD00CECB95 /* Version */ = {
			isa = PBXGroup;
			children = (
				C48DC6FB1C1E8FDD00CECB95 /* Version.h */,
				C48DC6FC1C1E8FDD00CECB95 /* Version.m */,
			);
			path = Version;
			sourceTree = "<group>";
		};
		C49BB9A81D8C24F4004C9F70 /* Macros */ = {
			isa = PBXGroup;
			children = (
				C49BB9AB1D8C2548004C9F70 /* Constant.h */,
				C49BB9A91D8C2538004C9F70 /* Constant.m */,
				185BA5271DB2573500EE9ADD /* PrivateConstants.h */,
			);
			path = Macros;
			sourceTree = "<group>";
		};
		C49E1AB01C1962F200CFFE3C /* Setting */ = {
			isa = PBXGroup;
			children = (
				C48924D01D858F0A00859411 /* ResetPassword */,
				C48924D31D858F0A00859411 /* SettingTableViewCell */,
				C48924E21D858F0A00859411 /* ThursdaySay */,
				C49E1AB11C19632000CFFE3C /* SettingViewController.h */,
				C49E1AB21C19632000CFFE3C /* SettingViewController.m */,
				F64903BA1DB5CD9B0001DD2B /* UserInfoViewController.h */,
				F64903BB1DB5CD9B0001DD2B /* UserInfoViewController.m */,
			);
			path = Setting;
			sourceTree = "<group>";
		};
		C49E1AB41C196B5400CFFE3C /* ViewUtils */ = {
			isa = PBXGroup;
			children = (
				C49E1AB51C196B5400CFFE3C /* ViewUtils.h */,
				C49E1AB61C196B5400CFFE3C /* ViewUtils.m */,
			);
			path = ViewUtils;
			sourceTree = "<group>";
		};
		C4A564DA1C2CECC10067516F /* NSData+MD5 */ = {
			isa = PBXGroup;
			children = (
				C4A564DB1C2CECC10067516F /* NSData+MD5.h */,
				C4A564DC1C2CECC10067516F /* NSData+MD5.m */,
			);
			path = "NSData+MD5";
			sourceTree = "<group>";
		};
		C4A564DD1C2CECC10067516F /* UIColor+Hex */ = {
			isa = PBXGroup;
			children = (
				C4A564DE1C2CECC10067516F /* UIColor+Hex.h */,
				C4A564DF1C2CECC10067516F /* UIColor+Hex.m */,
			);
			path = "UIColor+Hex";
			sourceTree = "<group>";
		};
		C4A564E01C2CECC10067516F /* UIWebView+Clean */ = {
			isa = PBXGroup;
			children = (
				C4A564E11C2CECC10067516F /* UIWebView+Clean.h */,
				C4A564E21C2CECC10067516F /* UIWebView+Clean.m */,
			);
			path = "UIWebView+Clean";
			sourceTree = "<group>";
		};
		C4C628381C0C1ED6000AD5D8 /* Components */ = {
			isa = PBXGroup;
			children = (
				C4C628391C0C1ED6000AD5D8 /* BaseView */,
				C4CF3B551C1AC73C00F58E1E /* Comment */,
				C4C6283A1C0C1ED6000AD5D8 /* Subject */,
				C4C6283D1C0C1ED6000AD5D8 /* Dashboard */,
				C4C628401C0C1ED6000AD5D8 /* Login */,
				C49E1AB01C1962F200CFFE3C /* Setting */,
			);
			path = Components;
			sourceTree = "<group>";
		};
		C4C628391C0C1ED6000AD5D8 /* BaseView */ = {
			isa = PBXGroup;
			children = (
				F68EB9E61DB74CA10020DD17 /* LoadingView */,
				C488E6A41C0F03C800EB946D /* BaseViewController.h */,
				C488E6A51C0F03C800EB946D /* BaseViewController.m */,
				F64068B01D8E87FE003396B0 /* DropView */,
			);
			path = BaseView;
			sourceTree = "<group>";
		};
		C4C6283A1C0C1ED6000AD5D8 /* Subject */ = {
			isa = PBXGroup;
			children = (
				C4E93F0C1D38BFC000DBEC90 /* ReportSelector */,
				C4C6283B1C0C1ED6000AD5D8 /* SubjectViewController.h */,
				C4C6283C1C0C1ED6000AD5D8 /* SubjectViewController.m */,
			);
			name = Subject;
			path = Chart;
			sourceTree = "<group>";
		};
		C4C6283D1C0C1ED6000AD5D8 /* Dashboard */ = {
			isa = PBXGroup;
			children = (
				C46F6A931D0671C900C561CE /* BarCodeScan */,
				C4C6283E1C0C1ED6000AD5D8 /* DashboardViewController.h */,
				C4C6283F1C0C1ED6000AD5D8 /* DashboardViewController.m */,
				F6D749E51DCC765200921C76 /* VoiceSpeech */,
			);
			path = Dashboard;
			sourceTree = "<group>";
		};
		C4C628401C0C1ED6000AD5D8 /* Login */ = {
			isa = PBXGroup;
			children = (
				C4C628411C0C1ED6000AD5D8 /* LoginViewController.h */,
				C4C628421C0C1ED6000AD5D8 /* LoginViewController.m */,
			);
			path = Login;
			sourceTree = "<group>";
		};
		C4CF3B551C1AC73C00F58E1E /* Comment */ = {
			isa = PBXGroup;
			children = (
				C4CF3B561C1AC75C00F58E1E /* CommentViewController.h */,
				C4CF3B571C1AC75C00F58E1E /* CommentViewController.m */,
			);
			path = Comment;
			sourceTree = "<group>";
		};
		C4DB7D6A1C02EC0500DA534E = {
			isa = PBXGroup;
			children = (
				C4DB7D751C02EC0500DA534E /* YH-IOS */,
				C4DB7D8F1C02EC0600DA534E /* YH-IOSTests */,
				C4DB7D9A1C02EC0600DA534E /* YH-IOSUITests */,
				C4DB7D741C02EC0500DA534E /* Products */,
				E7359AA6518F9148E9F7A313 /* Frameworks */,
				C4272CC71C5C752A00E6971B /* README.md */,
				6B174869F4F001C543623475 /* Pods */,
			);
			sourceTree = "<group>";
		};
		C4DB7D741C02EC0500DA534E /* Products */ = {
			isa = PBXGroup;
			children = (
				C4DB7D731C02EC0500DA534E /* YH-IOS.app */,
				C4DB7D8C1C02EC0600DA534E /* YH-IOSTests.xctest */,
				C4DB7D971C02EC0600DA534E /* YH-IOSUITests.xctest */,
			);
			name = Products;
			sourceTree = "<group>";
		};
		C4DB7D751C02EC0500DA534E /* YH-IOS */ = {
			isa = PBXGroup;
			children = (
				F6C5562A1DC19E5C0058F6EC /* YH-IOS.entitlements */,
				C49BB9A81D8C24F4004C9F70 /* Macros */,
				C4C628381C0C1ED6000AD5D8 /* Components */,
				C4771B881C05871300AAF44F /* Vendor */,
				C4DB7DC71C02EE8E00DA534E /* Models */,
				C4DB7DC51C02EE6000DA534E /* Shared */,
				C4DB7DB51C02EE3800DA534E /* Utils */,
				C4DB7DAC1C02EC3D00DA534E /* AppDelegate */,
				C4DB7D7F1C02EC0500DA534E /* Main.storyboard */,
				C4DB7D821C02EC0500DA534E /* Assets.xcassets */,
				C4DB7D841C02EC0500DA534E /* LaunchScreen.storyboard */,
				C4DB7D761C02EC0500DA534E /* Supporting Files */,
			);
			path = "YH-IOS";
			sourceTree = "<group>";
		};
		C4DB7D761C02EC0500DA534E /* Supporting Files */ = {
			isa = PBXGroup;
			children = (
				C4DB7D871C02EC0500DA534E /* Info.plist */,
				C4DB7D771C02EC0500DA534E /* main.m */,
			);
			name = "Supporting Files";
			sourceTree = "<group>";
		};
		C4DB7D8F1C02EC0600DA534E /* YH-IOSTests */ = {
			isa = PBXGroup;
			children = (
				C4DB7D901C02EC0600DA534E /* YH_IOSTests.m */,
				C4DB7D921C02EC0600DA534E /* Info.plist */,
			);
			path = "YH-IOSTests";
			sourceTree = "<group>";
		};
		C4DB7D9A1C02EC0600DA534E /* YH-IOSUITests */ = {
			isa = PBXGroup;
			children = (
				C4DB7D9B1C02EC0600DA534E /* YH_IOSUITests.m */,
				C4DB7D9D1C02EC0600DA534E /* Info.plist */,
			);
			path = "YH-IOSUITests";
			sourceTree = "<group>";
		};
		C4DB7DAC1C02EC3D00DA534E /* AppDelegate */ = {
			isa = PBXGroup;
			children = (
				C4DB7DAD1C02EC3D00DA534E /* AppDelegate.h */,
				C4DB7DAE1C02EC3D00DA534E /* AppDelegate.m */,
			);
			path = AppDelegate;
			sourceTree = "<group>";
		};
		C4DB7DB51C02EE3800DA534E /* Utils */ = {
			isa = PBXGroup;
			children = (
				C40343351D6ADEAB00625D53 /* ViewBadge */,
				C4ECB27D1C3119B200F7947B /* NSString+MD5 */,
				C4A564DA1C2CECC10067516F /* NSData+MD5 */,
				C4A564DD1C2CECC10067516F /* UIColor+Hex */,
				C4A564E01C2CECC10067516F /* UIWebView+Clean */,
				C49E1AB41C196B5400CFFE3C /* ViewUtils */,
				C488E69E1C0ED9D500EB946D /* APIHelper */,
				C4DB7DB61C02EE3800DA534E /* DateUtils */,
				C4DB7DB91C02EE3800DA534E /* ExtendNSLogFunctionality.h */,
				C4DB7DBA1C02EE3800DA534E /* ExtendNSLogFunctionality.m */,
				C4DB7DBB1C02EE3800DA534E /* FileUtils */,
				C4DB7DBE1C02EE3800DA534E /* HttpUtils */,
			);
			path = Utils;
			sourceTree = "<group>";
		};
		C4DB7DB61C02EE3800DA534E /* DateUtils */ = {
			isa = PBXGroup;
			children = (
				C4DB7DB71C02EE3800DA534E /* DateUtils.h */,
				C4DB7DB81C02EE3800DA534E /* DateUtils.m */,
			);
			path = DateUtils;
			sourceTree = "<group>";
		};
		C4DB7DBB1C02EE3800DA534E /* FileUtils */ = {
			isa = PBXGroup;
			children = (
				C4DB7DBC1C02EE3800DA534E /* FileUtils.h */,
				C4DB7DBD1C02EE3800DA534E /* FileUtils.m */,
				C4BA6EA21C7DB24A0059F101 /* FileUtils+Assets.h */,
				C4BA6EA31C7DB24A0059F101 /* FileUtils+Assets.m */,
				C4DEBB581D3CD22D00EEBC29 /* FileUtils+Report.h */,
				C4DEBB591D3CD22D00EEBC29 /* FileUtils+Report.m */,
			);
			path = FileUtils;
			sourceTree = "<group>";
		};
		C4DB7DBE1C02EE3800DA534E /* HttpUtils */ = {
			isa = PBXGroup;
			children = (
				C4DB7DBF1C02EE3800DA534E /* HttpUtils.h */,
				C4448C6B1C0AE3030053B431 /* HttpUtils.m */,
			);
			path = HttpUtils;
			sourceTree = "<group>";
		};
		C4DB7DC51C02EE6000DA534E /* Shared */ = {
			isa = PBXGroup;
			children = (
				C46903931D5CC75F00233D05 /* BarCodeScan.zip */,
				C4EFE4AA1C98F60A0009411A /* fonts.zip */,
				C4EFE4AB1C98F60A0009411A /* stylesheets.zip */,
				C4EFE4AC1C98F60A0009411A /* javascripts.zip */,
				C4EFE4AD1C98F60A0009411A /* images.zip */,
				C4EFE4AE1C98F60A0009411A /* assets.zip */,
				C4272CC91C5CBA4700E6971B /* loading.zip */,
			);
			path = Shared;
			sourceTree = "<group>";
		};
		C4DB7DC71C02EE8E00DA534E /* Models */ = {
			isa = PBXGroup;
			children = (
				C48DC6F61C1E8FDD00CECB95 /* Version */,
				C4DB7DC81C02EE8E00DA534E /* BaseModel */,
				C4379B541C1823110058257A /* User */,
				C4DB7DCB1C02EE8E00DA534E /* HttpResponse */,
			);
			path = Models;
			sourceTree = "<group>";
		};
		C4DB7DC81C02EE8E00DA534E /* BaseModel */ = {
			isa = PBXGroup;
			children = (
				C4DB7DC91C02EE8E00DA534E /* BaseModel.h */,
				C4DB7DCA1C02EE8E00DA534E /* BaseModel.m */,
			);
			path = BaseModel;
			sourceTree = "<group>";
		};
		C4DB7DCB1C02EE8E00DA534E /* HttpResponse */ = {
			isa = PBXGroup;
			children = (
				C4DB7DCC1C02EE8E00DA534E /* HttpResponse.h */,
				C4DB7DCD1C02EE8E00DA534E /* HttpResponse.m */,
			);
			path = HttpResponse;
			sourceTree = "<group>";
		};
		C4E93F0C1D38BFC000DBEC90 /* ReportSelector */ = {
			isa = PBXGroup;
			children = (
				C4E93F0D1D38C01D00DBEC90 /* ReportSelectorViewController.h */,
				C4E93F0E1D38C01D00DBEC90 /* ReportSelectorViewController.m */,
				F630B2E41D98FAB600CAA6A0 /* SearchTableViewCell.h */,
				F630B2E51D98FAB600CAA6A0 /* SearchTableViewCell.m */,
			);
			path = ReportSelector;
			sourceTree = "<group>";
		};
		C4ECB27D1C3119B200F7947B /* NSString+MD5 */ = {
			isa = PBXGroup;
			children = (
				C4ECB27E1C3119E900F7947B /* NSString+MD5.h */,
				C4ECB27F1C3119E900F7947B /* NSString+MD5.m */,
			);
			path = "NSString+MD5";
			sourceTree = "<group>";
		};
		C4EFE4B41C99812B0009411A /* WebViewJavascriptBridge */ = {
			isa = PBXGroup;
			children = (
				C4EFE4B51C99812B0009411A /* WebViewJavascriptBridge.h */,
				C4EFE4B61C99812B0009411A /* WebViewJavascriptBridge.js.txt */,
				C4EFE4B71C99812B0009411A /* WebViewJavascriptBridge.m */,
				C4EFE4B81C99812B0009411A /* WebViewJavascriptBridgeBase.h */,
				C4EFE4B91C99812B0009411A /* WebViewJavascriptBridgeBase.m */,
				C4EFE4BA1C99812B0009411A /* WKWebViewJavascriptBridge.h */,
				C4EFE4BB1C99812B0009411A /* WKWebViewJavascriptBridge.m */,
			);
			path = WebViewJavascriptBridge;
			sourceTree = "<group>";
		};
		E7359AA6518F9148E9F7A313 /* Frameworks */ = {
			isa = PBXGroup;
			children = (
				F63A5BC21DCAE6BF0092FC24 /* iflyMSC.framework */,
				F63A5BC01DCAE3520092FC24 /* AddressBook.framework */,
				F63A5BBE1DCAE2CB0092FC24 /* libz.1.1.3.tbd */,
				F63A5BBC1DCAE0BC0092FC24 /* iflyMSC.framework */,
				C41D78A11D2B843300D0B8F4 /* libz.tbd */,
				C41D789F1D2B842800D0B8F4 /* libstdc++.tbd */,
				C41D789D1D2B841200D0B8F4 /* libsqlite3.tbd */,
				C41D789B1D2B840000D0B8F4 /* CoreGraphics.framework */,
				C41D78991D2B83ED00D0B8F4 /* libiconv.tbd */,
				C41D78971D2B83E400D0B8F4 /* Security.framework */,
				C48C03C71CABB27B000D9D22 /* UMessage_Sdk_1.2.6 */,
				C41E4FA41C0FE00A00E1B514 /* PgySDK.framework */,
				C41E4FA51C0FE00A00E1B514 /* PgyUpdate.framework */,
				C4771BB71C058D1700AAF44F /* libxml2.2.tbd */,
				C4771BB51C058C9000AAF44F /* CoreTelephony.framework */,
				C4771BB31C058C8400AAF44F /* OpenGLES.framework */,
				C4771BB11C058C7C00AAF44F /* CoreMotion.framework */,
				C4771BAF1C058C6F00AAF44F /* AudioToolbox.framework */,
				C4771BAD1C058C6600AAF44F /* AVFoundation.framework */,
				C4771BAB1C058C4400AAF44F /* SystemConfiguration.framework */,
				C4771BA71C058A7B00AAF44F /* PgySDK.framework */,
				C4771BA81C058A7B00AAF44F /* PgyUpdate.framework */,
				C4771BA51C058A1800AAF44F /* libxml2.tbd */,
				6A867606F7216FABE6624278 /* libPods-YH-IOS.a */,
			);
			name = Frameworks;
			sourceTree = "<group>";
		};
		F64068B01D8E87FE003396B0 /* DropView */ = {
			isa = PBXGroup;
			children = (
				F68089521D8930C400CDBAF8 /* DropViewController.h */,
				F68089531D8930C400CDBAF8 /* DropViewController.m */,
				C42ECED21D66EE8E00C5F762 /* DropTableViewCell.h */,
				C42ECED31D66EE8E00C5F762 /* DropTableViewCell.m */,
			);
			name = DropView;
			sourceTree = "<group>";
		};
		F68EB9E61DB74CA10020DD17 /* LoadingView */ = {
			isa = PBXGroup;
			children = (
				F68EB9E71DB74CB40020DD17 /* LoadingView.h */,
				F68EB9E81DB74CB40020DD17 /* LoadingView.m */,
			);
			name = LoadingView;
			sourceTree = "<group>";
		};
		F6D749E51DCC765200921C76 /* VoiceSpeech */ = {
			isa = PBXGroup;
			children = (
				F63A5BC51DCB17980092FC24 /* VoiceSpeechView.h */,
				F63A5BC61DCB17980092FC24 /* VoiceSpeechView.m */,
				F6D749E61DCC767300921C76 /* pcmPlayerCode */,
			);
			name = VoiceSpeech;
			sourceTree = "<group>";
		};
		F6D749E61DCC767300921C76 /* pcmPlayerCode */ = {
			isa = PBXGroup;
			children = (
				F6D749E71DCC767300921C76 /* PcmPlayer.h */,
				F6D749E81DCC767300921C76 /* PcmPlayer.m */,
				F6D749E91DCC767300921C76 /* PcmPlayerDelegate.h */,
			);
			path = pcmPlayerCode;
			sourceTree = "<group>";
		};
/* End PBXGroup section */

/* Begin PBXNativeTarget section */
		C4DB7D721C02EC0500DA534E /* YH-IOS */ = {
			isa = PBXNativeTarget;
			buildConfigurationList = C4DB7DA01C02EC0600DA534E /* Build configuration list for PBXNativeTarget "YH-IOS" */;
			buildPhases = (
				6458DD0A1FE328C89B4914BC /* [CP] Check Pods Manifest.lock */,
				C4DB7D6F1C02EC0500DA534E /* Sources */,
				C4DB7D701C02EC0500DA534E /* Frameworks */,
				C4DB7D711C02EC0500DA534E /* Resources */,
				E32AEDE46CFB22176110AA88 /* [CP] Embed Pods Frameworks */,
				6C1B698DDFC5C340B1595665 /* [CP] Copy Pods Resources */,
			);
			buildRules = (
			);
			dependencies = (
			);
			name = "YH-IOS";
			productName = "YH-IOS";
			productReference = C4DB7D731C02EC0500DA534E /* YH-IOS.app */;
			productType = "com.apple.product-type.application";
		};
		C4DB7D8B1C02EC0600DA534E /* YH-IOSTests */ = {
			isa = PBXNativeTarget;
			buildConfigurationList = C4DB7DA31C02EC0600DA534E /* Build configuration list for PBXNativeTarget "YH-IOSTests" */;
			buildPhases = (
				C4DB7D881C02EC0600DA534E /* Sources */,
				C4DB7D891C02EC0600DA534E /* Frameworks */,
				C4DB7D8A1C02EC0600DA534E /* Resources */,
			);
			buildRules = (
			);
			dependencies = (
				C4DB7D8E1C02EC0600DA534E /* PBXTargetDependency */,
			);
			name = "YH-IOSTests";
			productName = "YH-IOSTests";
			productReference = C4DB7D8C1C02EC0600DA534E /* YH-IOSTests.xctest */;
			productType = "com.apple.product-type.bundle.unit-test";
		};
		C4DB7D961C02EC0600DA534E /* YH-IOSUITests */ = {
			isa = PBXNativeTarget;
			buildConfigurationList = C4DB7DA61C02EC0600DA534E /* Build configuration list for PBXNativeTarget "YH-IOSUITests" */;
			buildPhases = (
				C4DB7D931C02EC0600DA534E /* Sources */,
				C4DB7D941C02EC0600DA534E /* Frameworks */,
				C4DB7D951C02EC0600DA534E /* Resources */,
			);
			buildRules = (
			);
			dependencies = (
				C4DB7D991C02EC0600DA534E /* PBXTargetDependency */,
			);
			name = "YH-IOSUITests";
			productName = "YH-IOSUITests";
			productReference = C4DB7D971C02EC0600DA534E /* YH-IOSUITests.xctest */;
			productType = "com.apple.product-type.bundle.ui-testing";
		};
/* End PBXNativeTarget section */

/* Begin PBXProject section */
		C4DB7D6B1C02EC0500DA534E /* Project object */ = {
			isa = PBXProject;
			attributes = {
				LastUpgradeCheck = 0700;
				ORGANIZATIONNAME = com.intfocus;
				TargetAttributes = {
					C4DB7D721C02EC0500DA534E = {
						CreatedOnToolsVersion = 7.0;
						DevelopmentTeam = WV94P663S4;
						ProvisioningStyle = Automatic;
						SystemCapabilities = {
							com.apple.Push = {
								enabled = 1;
							};
						};
					};
					C4DB7D8B1C02EC0600DA534E = {
						CreatedOnToolsVersion = 7.0;
						DevelopmentTeam = WV94P663S4;
						ProvisioningStyle = Manual;
						TestTargetID = C4DB7D721C02EC0500DA534E;
					};
					C4DB7D961C02EC0600DA534E = {
						CreatedOnToolsVersion = 7.0;
						DevelopmentTeam = WV94P663S4;
						ProvisioningStyle = Automatic;
						TestTargetID = C4DB7D721C02EC0500DA534E;
					};
				};
			};
			buildConfigurationList = C4DB7D6E1C02EC0500DA534E /* Build configuration list for PBXProject "YH-IOS" */;
			compatibilityVersion = "Xcode 3.2";
			developmentRegion = English;
			hasScannedForEncodings = 0;
			knownRegions = (
				en,
				Base,
			);
			mainGroup = C4DB7D6A1C02EC0500DA534E;
			productRefGroup = C4DB7D741C02EC0500DA534E /* Products */;
			projectDirPath = "";
			projectRoot = "";
			targets = (
				C4DB7D721C02EC0500DA534E /* YH-IOS */,
				C4DB7D8B1C02EC0600DA534E /* YH-IOSTests */,
				C4DB7D961C02EC0600DA534E /* YH-IOSUITests */,
			);
		};
/* End PBXProject section */

/* Begin PBXResourcesBuildPhase section */
		C4DB7D711C02EC0500DA534E /* Resources */ = {
			isa = PBXResourcesBuildPhase;
			buildActionMask = 2147483647;
			files = (
				C4EFE4BC1C99812B0009411A /* WebViewJavascriptBridge.js.txt in Resources */,
				C4EFE4B21C98F60A0009411A /* images.zip in Resources */,
				C46903941D5CC75F00233D05 /* BarCodeScan.zip in Resources */,
				C4EFE4B01C98F60A0009411A /* stylesheets.zip in Resources */,
				C4EFE4AF1C98F60A0009411A /* fonts.zip in Resources */,
				C46F6A981D06720A00C561CE /* CodeScan.bundle in Resources */,
				C4EFE4B11C98F60A0009411A /* javascripts.zip in Resources */,
				C4EFE4B31C98F60A0009411A /* assets.zip in Resources */,
				C4272CCA1C5CBA4700E6971B /* loading.zip in Resources */,
				C4DB7D861C02EC0500DA534E /* LaunchScreen.storyboard in Resources */,
				C4DB7D831C02EC0500DA534E /* Assets.xcassets in Resources */,
				C4DB7D811C02EC0500DA534E /* Main.storyboard in Resources */,
			);
			runOnlyForDeploymentPostprocessing = 0;
		};
		C4DB7D8A1C02EC0600DA534E /* Resources */ = {
			isa = PBXResourcesBuildPhase;
			buildActionMask = 2147483647;
			files = (
			);
			runOnlyForDeploymentPostprocessing = 0;
		};
		C4DB7D951C02EC0600DA534E /* Resources */ = {
			isa = PBXResourcesBuildPhase;
			buildActionMask = 2147483647;
			files = (
			);
			runOnlyForDeploymentPostprocessing = 0;
		};
/* End PBXResourcesBuildPhase section */

/* Begin PBXShellScriptBuildPhase section */
		6458DD0A1FE328C89B4914BC /* [CP] Check Pods Manifest.lock */ = {
			isa = PBXShellScriptBuildPhase;
			buildActionMask = 2147483647;
			files = (
			);
			inputPaths = (
			);
			name = "[CP] Check Pods Manifest.lock";
			outputPaths = (
			);
			runOnlyForDeploymentPostprocessing = 0;
			shellPath = /bin/sh;
			shellScript = "diff \"${PODS_ROOT}/../Podfile.lock\" \"${PODS_ROOT}/Manifest.lock\" > /dev/null\nif [[ $? != 0 ]] ; then\n    cat << EOM\nerror: The sandbox is not in sync with the Podfile.lock. Run 'pod install' or update your CocoaPods installation.\nEOM\n    exit 1\nfi\n";
			showEnvVarsInLog = 0;
		};
		6C1B698DDFC5C340B1595665 /* [CP] Copy Pods Resources */ = {
			isa = PBXShellScriptBuildPhase;
			buildActionMask = 2147483647;
			files = (
			);
			inputPaths = (
			);
			name = "[CP] Copy Pods Resources";
			outputPaths = (
			);
			runOnlyForDeploymentPostprocessing = 0;
			shellPath = /bin/sh;
			shellScript = "\"${SRCROOT}/Pods/Target Support Files/Pods-YH-IOS/Pods-YH-IOS-resources.sh\"\n";
			showEnvVarsInLog = 0;
		};
		E32AEDE46CFB22176110AA88 /* [CP] Embed Pods Frameworks */ = {
			isa = PBXShellScriptBuildPhase;
			buildActionMask = 2147483647;
			files = (
			);
			inputPaths = (
			);
			name = "[CP] Embed Pods Frameworks";
			outputPaths = (
			);
			runOnlyForDeploymentPostprocessing = 0;
			shellPath = /bin/sh;
			shellScript = "\"${SRCROOT}/Pods/Target Support Files/Pods-YH-IOS/Pods-YH-IOS-frameworks.sh\"\n";
			showEnvVarsInLog = 0;
		};
/* End PBXShellScriptBuildPhase section */

/* Begin PBXSourcesBuildPhase section */
		C4DB7D6F1C02EC0500DA534E /* Sources */ = {
			isa = PBXSourcesBuildPhase;
			buildActionMask = 2147483647;
			files = (
				C4DB7DC21C02EE3800DA534E /* ExtendNSLogFunctionality.m in Sources */,
				C4A564E41C2CECC10067516F /* UIColor+Hex.m in Sources */,
				C4DB7DCE1C02EE8E00DA534E /* BaseModel.m in Sources */,
				C46F6A961D0671C900C561CE /* SubLBXScanViewController.m in Sources */,
				C48924ED1D858F0A00859411 /* ThurSayViewController.m in Sources */,
				F64903BC1DB5CD9B0001DD2B /* UserInfoViewController.m in Sources */,
				C403433D1D6ADEAB00625D53 /* UILabel+Badge.m in Sources */,
				F68EB9E91DB74CB40020DD17 /* LoadingView.m in Sources */,
				C48924EA1D858F0A00859411 /* SwitchTableViewCell.m in Sources */,
				F63A5BC71DCB17980092FC24 /* VoiceSpeechView.m in Sources */,
				C4DB7DC11C02EE3800DA534E /* DateUtils.m in Sources */,
				C40D06B41C917BF80029D142 /* XPathQuery.m in Sources */,
				C4DB7DC31C02EE3800DA534E /* FileUtils.m in Sources */,
				C49E1AB71C196B5400CFFE3C /* ViewUtils.m in Sources */,
				C48924E91D858F0A00859411 /* SettingDefaultTableViewCell.m in Sources */,
				C4DB7D781C02EC0500DA534E /* main.m in Sources */,
				C48924EB1D858F0A00859411 /* ThurSayTableViewCell.m in Sources */,
				C4EFE4BD1C99812B0009411A /* WebViewJavascriptBridge.m in Sources */,
				C40D06B31C917BF80029D142 /* TFHppleElement.m in Sources */,
				C48924E71D858F0A00859411 /* OneButtonTableViewCell.m in Sources */,
				C4379B571C18232D0058257A /* User.m in Sources */,
				C4A564E51C2CECC10067516F /* UIWebView+Clean.m in Sources */,
				F68089541D8930C400CDBAF8 /* DropViewController.m in Sources */,
				C403433E1D6ADEAB00625D53 /* UITabBar+Badge.m in Sources */,
				C403433C1D6ADEAB00625D53 /* UIButton+Badge.m in Sources */,
				C48924E51D858F0A00859411 /* ResetPasswordViewController.m in Sources */,
				C4C628451C0C1ED6000AD5D8 /* LoginViewController.m in Sources */,
				C4E93F0F1D38C01D00DBEC90 /* ReportSelectorViewController.m in Sources */,
				C4ECB2801C3119E900F7947B /* NSString+MD5.m in Sources */,
				C40D06B21C917BF80029D142 /* TFHpple.m in Sources */,
				C4448C6C1C0AE3030053B431 /* HttpUtils.m in Sources */,
				F6D749EA1DCC767300921C76 /* PcmPlayer.m in Sources */,
				F6F5CBC51D7C157100A1E779 /* UIButton+SettingBadge.m in Sources */,
				C4EFE4BE1C99812B0009411A /* WebViewJavascriptBridgeBase.m in Sources */,
				C48924E81D858F0A00859411 /* PgyUpdateTableViewCell.m in Sources */,
				C4DB7DB01C02EC3D00DA534E /* AppDelegate.m in Sources */,
				C4CF3B581C1AC75C00F58E1E /* CommentViewController.m in Sources */,
				C45D27121C23FC490087C6F2 /* README.md in Sources */,
				C49E1AB31C19632000CFFE3C /* SettingViewController.m in Sources */,
				C48DC6FF1C1E8FDD00CECB95 /* Version.m in Sources */,
				C4BA6EA41C7DB24A0059F101 /* FileUtils+Assets.m in Sources */,
				C4C628431C0C1ED6000AD5D8 /* SubjectViewController.m in Sources */,
				C4C628441C0C1ED6000AD5D8 /* DashboardViewController.m in Sources */,
				C4DEBB5A1D3CD22D00EEBC29 /* FileUtils+Report.m in Sources */,
				C4272CC81C5C752B00E6971B /* README.md in Sources */,
				C46903971D5CC81A00233D05 /* SelectStoreViewController.m in Sources */,
				C46F6A9B1D0673AB00C561CE /* MyQRViewController.m in Sources */,
				C4C284E61D06BB1A009458E6 /* ScanResultViewController.m in Sources */,
				C4EFE4BF1C99812B0009411A /* WKWebViewJavascriptBridge.m in Sources */,
				C45D27111C23FC490087C6F2 /* OpenUDID.m in Sources */,
				C488E6A11C0ED9F600EB946D /* APIHelper.m in Sources */,
				C49BB9AA1D8C2538004C9F70 /* Constant.m in Sources */,
				C4DB7DCF1C02EE8E00DA534E /* HttpResponse.m in Sources */,
				F630B2E61D98FAB600CAA6A0 /* SearchTableViewCell.m in Sources */,
				C488E6A61C0F03C800EB946D /* BaseViewController.m in Sources */,
				C48924E61D858F0A00859411 /* GestureTableViewCell.m in Sources */,
				C48924EC1D858F0A00859411 /* UserHeadView.m in Sources */,
				C42ECED41D66EE8E00C5F762 /* DropTableViewCell.m in Sources */,
				C4A564E31C2CECC10067516F /* NSData+MD5.m in Sources */,
			);
			runOnlyForDeploymentPostprocessing = 0;
		};
		C4DB7D881C02EC0600DA534E /* Sources */ = {
			isa = PBXSourcesBuildPhase;
			buildActionMask = 2147483647;
			files = (
				C4DB7D911C02EC0600DA534E /* YH_IOSTests.m in Sources */,
			);
			runOnlyForDeploymentPostprocessing = 0;
		};
		C4DB7D931C02EC0600DA534E /* Sources */ = {
			isa = PBXSourcesBuildPhase;
			buildActionMask = 2147483647;
			files = (
				C4DB7D9C1C02EC0600DA534E /* YH_IOSUITests.m in Sources */,
			);
			runOnlyForDeploymentPostprocessing = 0;
		};
/* End PBXSourcesBuildPhase section */

/* Begin PBXTargetDependency section */
		C4DB7D8E1C02EC0600DA534E /* PBXTargetDependency */ = {
			isa = PBXTargetDependency;
			target = C4DB7D721C02EC0500DA534E /* YH-IOS */;
			targetProxy = C4DB7D8D1C02EC0600DA534E /* PBXContainerItemProxy */;
		};
		C4DB7D991C02EC0600DA534E /* PBXTargetDependency */ = {
			isa = PBXTargetDependency;
			target = C4DB7D721C02EC0500DA534E /* YH-IOS */;
			targetProxy = C4DB7D981C02EC0600DA534E /* PBXContainerItemProxy */;
		};
/* End PBXTargetDependency section */

/* Begin PBXVariantGroup section */
		C4DB7D7F1C02EC0500DA534E /* Main.storyboard */ = {
			isa = PBXVariantGroup;
			children = (
				C4DB7D801C02EC0500DA534E /* Base */,
			);
			name = Main.storyboard;
			sourceTree = "<group>";
		};
		C4DB7D841C02EC0500DA534E /* LaunchScreen.storyboard */ = {
			isa = PBXVariantGroup;
			children = (
				C4DB7D851C02EC0500DA534E /* Base */,
			);
			name = LaunchScreen.storyboard;
			sourceTree = "<group>";
		};
/* End PBXVariantGroup section */

/* Begin XCBuildConfiguration section */
		C4DB7D9E1C02EC0600DA534E /* Debug */ = {
			isa = XCBuildConfiguration;
			buildSettings = {
				ALWAYS_SEARCH_USER_PATHS = NO;
				CLANG_CXX_LANGUAGE_STANDARD = "gnu++0x";
				CLANG_CXX_LIBRARY = "libc++";
				CLANG_ENABLE_MODULES = YES;
				CLANG_ENABLE_OBJC_ARC = YES;
				CLANG_WARN_BOOL_CONVERSION = YES;
				CLANG_WARN_CONSTANT_CONVERSION = YES;
				CLANG_WARN_DIRECT_OBJC_ISA_USAGE = YES_ERROR;
				CLANG_WARN_EMPTY_BODY = YES;
				CLANG_WARN_ENUM_CONVERSION = YES;
				CLANG_WARN_INT_CONVERSION = YES;
				CLANG_WARN_OBJC_ROOT_CLASS = YES_ERROR;
				CLANG_WARN_UNREACHABLE_CODE = YES;
				CLANG_WARN__DUPLICATE_METHOD_MATCH = YES;
				CODE_SIGN_IDENTITY = "iPhone Distribution: Shanghai Shengyin Software Technology Co., Ltd.";
				"CODE_SIGN_IDENTITY[sdk=iphoneos*]" = "iPhone Developer";
				COPY_PHASE_STRIP = NO;
				DEBUG_INFORMATION_FORMAT = dwarf;
				DEVELOPMENT_TEAM = WV94P663S4;
				ENABLE_STRICT_OBJC_MSGSEND = YES;
				ENABLE_TESTABILITY = YES;
				GCC_C_LANGUAGE_STANDARD = gnu99;
				GCC_DYNAMIC_NO_PIC = NO;
				GCC_NO_COMMON_BLOCKS = YES;
				GCC_OPTIMIZATION_LEVEL = 0;
				GCC_PREPROCESSOR_DEFINITIONS = (
					"DEBUG=1",
					"$(inherited)",
				);
				GCC_WARN_64_TO_32_BIT_CONVERSION = YES;
				GCC_WARN_ABOUT_RETURN_TYPE = YES_ERROR;
				GCC_WARN_UNDECLARED_SELECTOR = YES;
				GCC_WARN_UNINITIALIZED_AUTOS = YES_AGGRESSIVE;
				GCC_WARN_UNUSED_FUNCTION = YES;
				GCC_WARN_UNUSED_VARIABLE = YES;
				IPHONEOS_DEPLOYMENT_TARGET = 8.0;
				MTL_ENABLE_DEBUG_INFO = YES;
				ONLY_ACTIVE_ARCH = YES;
				PROVISIONING_PROFILE = "902c543b-8b76-42a8-b172-e4a981192439";
				SDKROOT = iphoneos;
				TARGETED_DEVICE_FAMILY = "1,2";
			};
			name = Debug;
		};
		C4DB7D9F1C02EC0600DA534E /* Release */ = {
			isa = XCBuildConfiguration;
			buildSettings = {
				ALWAYS_SEARCH_USER_PATHS = NO;
				CLANG_CXX_LANGUAGE_STANDARD = "gnu++0x";
				CLANG_CXX_LIBRARY = "libc++";
				CLANG_ENABLE_MODULES = YES;
				CLANG_ENABLE_OBJC_ARC = YES;
				CLANG_WARN_BOOL_CONVERSION = YES;
				CLANG_WARN_CONSTANT_CONVERSION = YES;
				CLANG_WARN_DIRECT_OBJC_ISA_USAGE = YES_ERROR;
				CLANG_WARN_EMPTY_BODY = YES;
				CLANG_WARN_ENUM_CONVERSION = YES;
				CLANG_WARN_INT_CONVERSION = YES;
				CLANG_WARN_OBJC_ROOT_CLASS = YES_ERROR;
				CLANG_WARN_UNREACHABLE_CODE = YES;
				CLANG_WARN__DUPLICATE_METHOD_MATCH = YES;
				CODE_SIGN_IDENTITY = "iPhone Distribution: Shanghai Shengyin Software Technology Co., Ltd.";
				"CODE_SIGN_IDENTITY[sdk=iphoneos*]" = "iPhone Distribution: Shanghai Shengyin Software Technology Co., Ltd.";
				COPY_PHASE_STRIP = NO;
				DEBUG_INFORMATION_FORMAT = "dwarf-with-dsym";
				DEVELOPMENT_TEAM = WV94P663S4;
				ENABLE_NS_ASSERTIONS = NO;
				ENABLE_STRICT_OBJC_MSGSEND = YES;
				GCC_C_LANGUAGE_STANDARD = gnu99;
				GCC_NO_COMMON_BLOCKS = YES;
				GCC_WARN_64_TO_32_BIT_CONVERSION = YES;
				GCC_WARN_ABOUT_RETURN_TYPE = YES_ERROR;
				GCC_WARN_UNDECLARED_SELECTOR = YES;
				GCC_WARN_UNINITIALIZED_AUTOS = YES_AGGRESSIVE;
				GCC_WARN_UNUSED_FUNCTION = YES;
				GCC_WARN_UNUSED_VARIABLE = YES;
				IPHONEOS_DEPLOYMENT_TARGET = 8.0;
				MTL_ENABLE_DEBUG_INFO = NO;
				PROVISIONING_PROFILE = "902c543b-8b76-42a8-b172-e4a981192439";
				PROVISIONING_PROFILE_SPECIFIER = "";
				SDKROOT = iphoneos;
				TARGETED_DEVICE_FAMILY = "1,2";
				VALIDATE_PRODUCT = YES;
			};
			name = Release;
		};
		C4DB7DA11C02EC0600DA534E /* Debug */ = {
			isa = XCBuildConfiguration;
			baseConfigurationReference = 766890D48B9541057B438511 /* Pods-YH-IOS.debug.xcconfig */;
			buildSettings = {
				ASSETCATALOG_COMPILER_APPICON_NAME = AppIcon;
				CODE_SIGN_IDENTITY = "iPhone Distribution";
				"CODE_SIGN_IDENTITY[sdk=iphoneos*]" = "iPhone Developer";
				DEVELOPMENT_TEAM = WV94P663S4;
				ENABLE_BITCODE = NO;
				FRAMEWORK_SEARCH_PATHS = (
					"$(inherited)",
					"$(PROJECT_DIR)",
					"$(PROJECT_DIR)/Frameworks",
				);
				HEADER_SEARCH_PATHS = (
					"$(inherited)",
					/usr/include/libxml2,
				);
				INFOPLIST_FILE = "YH-IOS/Info.plist";
				IPHONEOS_DEPLOYMENT_TARGET = 8.0;
				LD_RUNPATH_SEARCH_PATHS = "$(inherited) @executable_path/Frameworks";
				LIBRARY_SEARCH_PATHS = (
					"$(inherited)",
					"$(PROJECT_DIR)/Frameworks/UMessage_Sdk_1.2.6",
				);
				PRODUCT_BUNDLE_IDENTIFIER = com.intfocus.yonghuitest;
				PRODUCT_NAME = "$(TARGET_NAME)";
				PROVISIONING_PROFILE = "";
				PROVISIONING_PROFILE_SPECIFIER = "";
				TARGETED_DEVICE_FAMILY = "1,2";
			};
			name = Debug;
		};
		C4DB7DA21C02EC0600DA534E /* Release */ = {
			isa = XCBuildConfiguration;
			baseConfigurationReference = 12271BD9C7ACC15E638BF692 /* Pods-YH-IOS.release.xcconfig */;
			buildSettings = {
				ASSETCATALOG_COMPILER_APPICON_NAME = AppIcon;
				CODE_SIGN_IDENTITY = "iPhone Developer";
				"CODE_SIGN_IDENTITY[sdk=iphoneos*]" = "iPhone Developer";
				DEVELOPMENT_TEAM = WV94P663S4;
				ENABLE_BITCODE = NO;
				FRAMEWORK_SEARCH_PATHS = (
					"$(inherited)",
					"$(PROJECT_DIR)",
					"$(PROJECT_DIR)/Frameworks",
				);
				HEADER_SEARCH_PATHS = (
					"$(inherited)",
					/usr/include/libxml2,
				);
				INFOPLIST_FILE = "YH-IOS/Info.plist";
				IPHONEOS_DEPLOYMENT_TARGET = 8.0;
				LD_RUNPATH_SEARCH_PATHS = "$(inherited) @executable_path/Frameworks";
				LIBRARY_SEARCH_PATHS = (
					"$(inherited)",
					"$(PROJECT_DIR)/Frameworks/UMessage_Sdk_1.2.6",
				);
				PRODUCT_BUNDLE_IDENTIFIER = com.intfocus.yonghuitest;
				PRODUCT_NAME = "$(TARGET_NAME)";
				PROVISIONING_PROFILE = "";
				PROVISIONING_PROFILE_SPECIFIER = "";
				TARGETED_DEVICE_FAMILY = "1,2";
			};
			name = Release;
		};
		C4DB7DA41C02EC0600DA534E /* Debug */ = {
			isa = XCBuildConfiguration;
			buildSettings = {
				BUNDLE_LOADER = "$(TEST_HOST)";
				"CODE_SIGN_IDENTITY[sdk=iphoneos*]" = "iPhone Developer";
				DEVELOPMENT_TEAM = WV94P663S4;
				INFOPLIST_FILE = "YH-IOSTests/Info.plist";
				LD_RUNPATH_SEARCH_PATHS = "$(inherited) @executable_path/Frameworks @loader_path/Frameworks";
				PRODUCT_BUNDLE_IDENTIFIER = "com.intfocus.YH-IOSTests";
				PRODUCT_NAME = "$(TARGET_NAME)";
				TEST_HOST = "$(BUILT_PRODUCTS_DIR)/YH-IOS.app/YH-IOS";
			};
			name = Debug;
		};
		C4DB7DA51C02EC0600DA534E /* Release */ = {
			isa = XCBuildConfiguration;
			buildSettings = {
				BUNDLE_LOADER = "$(TEST_HOST)";
				"CODE_SIGN_IDENTITY[sdk=iphoneos*]" = "iPhone Developer";
				DEVELOPMENT_TEAM = WV94P663S4;
				INFOPLIST_FILE = "YH-IOSTests/Info.plist";
				LD_RUNPATH_SEARCH_PATHS = "$(inherited) @executable_path/Frameworks @loader_path/Frameworks";
				PRODUCT_BUNDLE_IDENTIFIER = "com.intfocus.YH-IOSTests";
				PRODUCT_NAME = "$(TARGET_NAME)";
				TEST_HOST = "$(BUILT_PRODUCTS_DIR)/YH-IOS.app/YH-IOS";
			};
			name = Release;
		};
		C4DB7DA71C02EC0600DA534E /* Debug */ = {
			isa = XCBuildConfiguration;
			buildSettings = {
				"CODE_SIGN_IDENTITY[sdk=iphoneos*]" = "iPhone Developer";
				DEVELOPMENT_TEAM = WV94P663S4;
				INFOPLIST_FILE = "YH-IOSUITests/Info.plist";
				LD_RUNPATH_SEARCH_PATHS = "$(inherited) @executable_path/Frameworks @loader_path/Frameworks";
				PRODUCT_BUNDLE_IDENTIFIER = "com.intfocus.YH-IOSUITests";
				PRODUCT_NAME = "$(TARGET_NAME)";
				TEST_TARGET_NAME = "YH-IOS";
				USES_XCTRUNNER = YES;
			};
			name = Debug;
		};
		C4DB7DA81C02EC0600DA534E /* Release */ = {
			isa = XCBuildConfiguration;
			buildSettings = {
				"CODE_SIGN_IDENTITY[sdk=iphoneos*]" = "iPhone Developer";
				DEVELOPMENT_TEAM = WV94P663S4;
				INFOPLIST_FILE = "YH-IOSUITests/Info.plist";
				LD_RUNPATH_SEARCH_PATHS = "$(inherited) @executable_path/Frameworks @loader_path/Frameworks";
				PRODUCT_BUNDLE_IDENTIFIER = "com.intfocus.YH-IOSUITests";
				PRODUCT_NAME = "$(TARGET_NAME)";
				TEST_TARGET_NAME = "YH-IOS";
				USES_XCTRUNNER = YES;
			};
			name = Release;
		};
/* End XCBuildConfiguration section */

/* Begin XCConfigurationList section */
		C4DB7D6E1C02EC0500DA534E /* Build configuration list for PBXProject "YH-IOS" */ = {
			isa = XCConfigurationList;
			buildConfigurations = (
				C4DB7D9E1C02EC0600DA534E /* Debug */,
				C4DB7D9F1C02EC0600DA534E /* Release */,
			);
			defaultConfigurationIsVisible = 0;
			defaultConfigurationName = Release;
		};
		C4DB7DA01C02EC0600DA534E /* Build configuration list for PBXNativeTarget "YH-IOS" */ = {
			isa = XCConfigurationList;
			buildConfigurations = (
				C4DB7DA11C02EC0600DA534E /* Debug */,
				C4DB7DA21C02EC0600DA534E /* Release */,
			);
			defaultConfigurationIsVisible = 0;
			defaultConfigurationName = Release;
		};
		C4DB7DA31C02EC0600DA534E /* Build configuration list for PBXNativeTarget "YH-IOSTests" */ = {
			isa = XCConfigurationList;
			buildConfigurations = (
				C4DB7DA41C02EC0600DA534E /* Debug */,
				C4DB7DA51C02EC0600DA534E /* Release */,
			);
			defaultConfigurationIsVisible = 0;
			defaultConfigurationName = Release;
		};
		C4DB7DA61C02EC0600DA534E /* Build configuration list for PBXNativeTarget "YH-IOSUITests" */ = {
			isa = XCConfigurationList;
			buildConfigurations = (
				C4DB7DA71C02EC0600DA534E /* Debug */,
				C4DB7DA81C02EC0600DA534E /* Release */,
			);
			defaultConfigurationIsVisible = 0;
			defaultConfigurationName = Release;
		};
/* End XCConfigurationList section */
	};
	rootObject = C4DB7D6B1C02EC0500DA534E /* Project object */;
}
