PODS:
  - AFNetworking (2.5.4):
    - AFNetworking/NSURLConnection (= 2.5.4)
    - AFNetworking/NSURLSession (= 2.5.4)
    - AFNetworking/Reachability (= 2.5.4)
    - AFNetworking/Security (= 2.5.4)
    - AFNetworking/Serialization (= 2.5.4)
    - AFNetworking/UIKit (= 2.5.4)
  - AFNetworking/NSURLConnection (2.5.4):
    - AFNetworking/Reachability
    - AFNetworking/Security
    - AFNetworking/Serialization
  - AFNetworking/NSURLSession (2.5.4):
    - AFNetworking/Reachability
    - AFNetworking/Security
    - AFNetworking/Serialization
  - AFNetworking/Reachability (2.5.4)
  - AFNetworking/Security (2.5.4)
  - AFNetworking/Serialization (2.5.4)
  - AFNetworking/UIKit (2.5.4):
    - AFNetworking/NSURLConnection
    - AFNetworking/NSURLSession
  - FMDB (2.6.2):
    - FMDB/standard (= 2.6.2)
  - FMDB/standard (2.6.2)
  - LBXScan (1.1.2):
    - ZXingObjC (~> 3.0)
  - LTHPasscodeViewController (3.7.1)
  - Mantle (2.1.0):
    - Mantle/extobjc (= 2.1.0)
  - Mantle/extobjc (2.1.0)
  - Masonry (1.0.2)
  - MBProgressHUD (0.9.1)
  - MJExtension (3.0.13)
  - MJRefresh (3.1.12)
  - MRProgress (0.8.3):
    - MRProgress/ActivityIndicator (= 0.8.3)
    - MRProgress/Blur (= 0.8.3)
    - MRProgress/Circular (= 0.8.3)
    - MRProgress/Icons (= 0.8.3)
    - MRProgress/NavigationBarProgress (= 0.8.3)
    - MRProgress/Overlay (= 0.8.3)
  - MRProgress/ActivityIndicator (0.8.3):
    - MRProgress/Stopable
  - MRProgress/Blur (0.8.3):
    - MRProgress/Helper
  - MRProgress/Circular (0.8.3):
    - MRProgress/Helper
    - MRProgress/ProgressBaseClass
    - MRProgress/Stopable
  - MRProgress/Helper (0.8.3)
  - MRProgress/Icons (0.8.3)
  - MRProgress/NavigationBarProgress (0.8.3):
    - MRProgress/ProgressBaseClass
  - MRProgress/Overlay (0.8.3):
    - MRProgress/ActivityIndicator
    - MRProgress/Blur
    - MRProgress/Circular
    - MRProgress/Helper
    - MRProgress/Icons
  - MRProgress/ProgressBaseClass (0.8.3)
  - MRProgress/Stopable (0.8.3):
    - MRProgress/Helper
  - Reachability (3.2)
  - ReactiveObjC (3.0.0)
  - SCLAlertView-Objective-C (0.7.9)
  - SDWebImage (4.0.0):
    - SDWebImage/Core (= 4.0.0)
  - SDWebImage/Core (4.0.0)
  - SSZipArchive (0.3.3)
  - UMengSocialCOM (5.2.1)
  - YYKit (1.0.9):
    - YYKit/no-arc (= 1.0.9)
  - YYKit/no-arc (1.0.9)
  - ZXingObjC (3.1.0):
    - ZXingObjC/All (= 3.1.0)
  - ZXingObjC/All (3.1.0)
  - ZYCornerRadius (0.8.1)

DEPENDENCIES:
  - AFNetworking (~> 2.5.4)
  - FMDB
  - LBXScan (from `https://github.com/MxABC/LBXScan.git`)
  - LTHPasscodeViewController (~> 3.7.1)
  - Mantle (~> 2.1.0)
  - Masonry (~> 1.0.1)
  - MBProgressHUD
  - MJExtension
  - MJRefresh
  - MRProgress
  - Reachability (~> 3.2)
  - ReactiveObjC
  - SCLAlertView-Objective-C (~> 0.7.9)
  - SDWebImage
  - SSZipArchive (~> 0.3.2)
  - UMengSocialCOM (~> 5.2.1)
  - YYKit
  - ZYCornerRadius (from `https://github.com/liuzhiyi1992/ZYCornerRadius.git`, tag `0.9.1`)

EXTERNAL SOURCES:
  LBXScan:
    :git: https://github.com/MxABC/LBXScan.git
  ZYCornerRadius:
    :git: https://github.com/liuzhiyi1992/ZYCornerRadius.git
    :tag: 0.9.1

CHECKOUT OPTIONS:
  LBXScan:
    :commit: 32efa3cf0c7dc061d7830d5e1b31a6f58e0dc554
    :git: https://github.com/MxABC/LBXScan.git
  ZYCornerRadius:
    :git: https://github.com/liuzhiyi1992/ZYCornerRadius.git
    :tag: 0.9.1

SPEC CHECKSUMS:
  AFNetworking: 05edc0ac4c4c8cf57bcf4b84be5b0744b6d8e71e
  FMDB: 854a0341b4726e53276f2a8996f06f1b80f9259a
  LBXScan: 30153fa9c57bbe63d93cc6bf35c047ec1b63260c
  LTHPasscodeViewController: 93a2438709e2affda710ad53081810d12d3081ff
  Mantle: 2fa750afa478cd625a94230fbf1c13462f29395b
  Masonry: 7c429b56da9d4ee0bbb3ed77a5ea710d6a5df39e
  MBProgressHUD: c47f2c166c126cf2ce36498d80f33e754d4e93ad
  MJExtension: 5932755f451458eefa24239358817f8d291240c7
  MJRefresh: b96cdb21c4aa75a7b07654311ab2f315c497e806
  MRProgress: 16de7cc9f347e8846797a770db102a323fe7ef09
  Reachability: 33e18b67625424e47b6cde6d202dce689ad7af96
  ReactiveObjC: ce79989e8684b9086b5f8d0c74bc7b81a8729c9e
  SCLAlertView-Objective-C: e36ab12dc1ec4ff6f932888083b21d71a3a1ad23
  SDWebImage: 76a6348bdc74eb5a55dd08a091ef298e56b55e41
  SSZipArchive: 2cf2a6d3ac9f03252b7d96f93728b9b983be9afb
  UMengSocialCOM: 074c135ce349aa4c8848d3fb8458757bcb6ffb67
  YYKit: 7cda43304a8dc3696c449041e2cb3107b4e236e7
  ZXingObjC: bf15b3814f7a105b6d99f47da2333c93a063650a
  ZYCornerRadius: 485a8e9304d16d1620641054a08b9c0f55dd512c

PODFILE CHECKSUM: 3cec58c8f0a0e1238ca88f9409e4ed1da41e34b3

COCOAPODS: 1.2.1
